// !$*UTF8*$!
{
	archiveVersion = 1;
	classes = {
	};
	objectVersion = 56;
	objects = {

/* Begin PBXBuildFile section */
		2E63538B295D900F00B23A14 /* RxMoya in Frameworks */ = {isa = PBXBuildFile; productRef = 2E63538A295D900F00B23A14 /* RxMoya */; };
		2E63538E295D904000B23A14 /* Kingfisher in Frameworks */ = {isa = PBXBuildFile; productRef = 2E63538D295D904000B23A14 /* Kingfisher */; };
		2E635391295D906A00B23A14 /* Differentiator in Frameworks */ = {isa = PBXBuildFile; productRef = 2E635390295D906A00B23A14 /* Differentiator */; };
		2E635393295D906A00B23A14 /* RxDataSources in Frameworks */ = {isa = PBXBuildFile; productRef = 2E635392295D906A00B23A14 /* RxDataSources */; };
		2E7C309C295D7C4300BAC43D /* AppDelegate.swift in Sources */ = {isa = PBXBuildFile; fileRef = 2E7C309B295D7C4300BAC43D /* AppDelegate.swift */; };
		2E7C309E295D7C4300BAC43D /* SceneDelegate.swift in Sources */ = {isa = PBXBuildFile; fileRef = 2E7C309D295D7C4300BAC43D /* SceneDelegate.swift */; };
		2E7C30A0295D7C4300BAC43D /* ViewController.swift in Sources */ = {isa = PBXBuildFile; fileRef = 2E7C309F295D7C4300BAC43D /* ViewController.swift */; };
		2E7C30A5295D7C4500BAC43D /* Assets.xcassets in Resources */ = {isa = PBXBuildFile; fileRef = 2E7C30A4295D7C4500BAC43D /* Assets.xcassets */; };
		2E7C30A8295D7C4500BAC43D /* LaunchScreen.storyboard in Resources */ = {isa = PBXBuildFile; fileRef = 2E7C30A6295D7C4500BAC43D /* LaunchScreen.storyboard */; };
		2E7C30B1295D8DA400BAC43D /* ReactorKit in Frameworks */ = {isa = PBXBuildFile; productRef = 2E7C30B0295D8DA400BAC43D /* ReactorKit */; };
		2E7C30B4295D8DC200BAC43D /* Then in Frameworks */ = {isa = PBXBuildFile; productRef = 2E7C30B3295D8DC200BAC43D /* Then */; };
		2E7C30B7295D8E1000BAC43D /* SnapKit in Frameworks */ = {isa = PBXBuildFile; productRef = 2E7C30B6295D8E1000BAC43D /* SnapKit */; };
/* End PBXBuildFile section */

/* Begin PBXFileReference section */
		2E7C3098295D7C4300BAC43D /* Favor.app */ = {isa = PBXFileReference; explicitFileType = wrapper.application; includeInIndex = 0; path = Favor.app; sourceTree = BUILT_PRODUCTS_DIR; };
		2E7C309B295D7C4300BAC43D /* AppDelegate.swift */ = {isa = PBXFileReference; lastKnownFileType = sourcecode.swift; path = AppDelegate.swift; sourceTree = "<group>"; };
		2E7C309D295D7C4300BAC43D /* SceneDelegate.swift */ = {isa = PBXFileReference; lastKnownFileType = sourcecode.swift; path = SceneDelegate.swift; sourceTree = "<group>"; };
		2E7C309F295D7C4300BAC43D /* ViewController.swift */ = {isa = PBXFileReference; lastKnownFileType = sourcecode.swift; path = ViewController.swift; sourceTree = "<group>"; };
		2E7C30A4295D7C4500BAC43D /* Assets.xcassets */ = {isa = PBXFileReference; lastKnownFileType = folder.assetcatalog; path = Assets.xcassets; sourceTree = "<group>"; };
		2E7C30A7295D7C4500BAC43D /* Base */ = {isa = PBXFileReference; lastKnownFileType = file.storyboard; name = Base; path = Base.lproj/LaunchScreen.storyboard; sourceTree = "<group>"; };
		2E7C30A9295D7C4500BAC43D /* Info.plist */ = {isa = PBXFileReference; lastKnownFileType = text.plist.xml; path = Info.plist; sourceTree = "<group>"; };
/* End PBXFileReference section */

/* Begin PBXFrameworksBuildPhase section */
		2E7C3095295D7C4300BAC43D /* Frameworks */ = {
			isa = PBXFrameworksBuildPhase;
			buildActionMask = 2147483647;
			files = (
				2E7C30B7295D8E1000BAC43D /* SnapKit in Frameworks */,
				2E7C30B1295D8DA400BAC43D /* ReactorKit in Frameworks */,
				2E63538B295D900F00B23A14 /* RxMoya in Frameworks */,
				2E7C30B4295D8DC200BAC43D /* Then in Frameworks */,
				2E635393295D906A00B23A14 /* RxDataSources in Frameworks */,
				2E635391295D906A00B23A14 /* Differentiator in Frameworks */,
				2E63538E295D904000B23A14 /* Kingfisher in Frameworks */,
			);
			runOnlyForDeploymentPostprocessing = 0;
		};
/* End PBXFrameworksBuildPhase section */

/* Begin PBXGroup section */
		2E7C308F295D7C4300BAC43D = {
			isa = PBXGroup;
			children = (
				2E7C309A295D7C4300BAC43D /* Favor */,
				2E7C3099295D7C4300BAC43D /* Products */,
			);
			sourceTree = "<group>";
		};
		2E7C3099295D7C4300BAC43D /* Products */ = {
			isa = PBXGroup;
			children = (
				2E7C3098295D7C4300BAC43D /* Favor.app */,
			);
			name = Products;
			sourceTree = "<group>";
		};
		2E7C309A295D7C4300BAC43D /* Favor */ = {
			isa = PBXGroup;
			children = (
				2E7C309B295D7C4300BAC43D /* AppDelegate.swift */,
				2E7C309D295D7C4300BAC43D /* SceneDelegate.swift */,
				2E7C309F295D7C4300BAC43D /* ViewController.swift */,
				2E7C30A4295D7C4500BAC43D /* Assets.xcassets */,
				2E7C30A6295D7C4500BAC43D /* LaunchScreen.storyboard */,
				2E7C30A9295D7C4500BAC43D /* Info.plist */,
			);
			path = Favor;
			sourceTree = "<group>";
		};
/* End PBXGroup section */

/* Begin PBXNativeTarget section */
		2E7C3097295D7C4300BAC43D /* Favor */ = {
			isa = PBXNativeTarget;
			buildConfigurationList = 2E7C30AC295D7C4500BAC43D /* Build configuration list for PBXNativeTarget "Favor" */;
			buildPhases = (
				2E7C3094295D7C4300BAC43D /* Sources */,
				2E7C3095295D7C4300BAC43D /* Frameworks */,
				2E7C3096295D7C4300BAC43D /* Resources */,
			);
			buildRules = (
			);
			dependencies = (
			);
			name = Favor;
			packageProductDependencies = (
				2E7C30B0295D8DA400BAC43D /* ReactorKit */,
				2E7C30B3295D8DC200BAC43D /* Then */,
				2E7C30B6295D8E1000BAC43D /* SnapKit */,
				2E63538A295D900F00B23A14 /* RxMoya */,
				2E63538D295D904000B23A14 /* Kingfisher */,
				2E635390295D906A00B23A14 /* Differentiator */,
				2E635392295D906A00B23A14 /* RxDataSources */,
			);
			productName = Favor;
			productReference = 2E7C3098295D7C4300BAC43D /* Favor.app */;
			productType = "com.apple.product-type.application";
		};
/* End PBXNativeTarget section */

/* Begin PBXProject section */
		2E7C3090295D7C4300BAC43D /* Project object */ = {
			isa = PBXProject;
			attributes = {
				BuildIndependentTargetsInParallel = 1;
				LastSwiftUpdateCheck = 1410;
				LastUpgradeCheck = 1410;
				TargetAttributes = {
					2E7C3097295D7C4300BAC43D = {
						CreatedOnToolsVersion = 14.1;
					};
				};
			};
			buildConfigurationList = 2E7C3093295D7C4300BAC43D /* Build configuration list for PBXProject "Favor" */;
			compatibilityVersion = "Xcode 14.0";
			developmentRegion = en;
			hasScannedForEncodings = 0;
			knownRegions = (
				en,
				Base,
			);
			mainGroup = 2E7C308F295D7C4300BAC43D;
			packageReferences = (
				2E7C30AF295D8DA400BAC43D /* XCRemoteSwiftPackageReference "ReactorKit" */,
				2E7C30B2295D8DC200BAC43D /* XCRemoteSwiftPackageReference "Then" */,
				2E7C30B5295D8E1000BAC43D /* XCRemoteSwiftPackageReference "SnapKit" */,
				2E635389295D900F00B23A14 /* XCRemoteSwiftPackageReference "Moya" */,
				2E63538C295D904000B23A14 /* XCRemoteSwiftPackageReference "Kingfisher" */,
				2E63538F295D906A00B23A14 /* XCRemoteSwiftPackageReference "RxDataSources" */,
			);
			productRefGroup = 2E7C3099295D7C4300BAC43D /* Products */;
			projectDirPath = "";
			projectRoot = "";
			targets = (
				2E7C3097295D7C4300BAC43D /* Favor */,
			);
		};
/* End PBXProject section */

/* Begin PBXResourcesBuildPhase section */
		2E7C3096295D7C4300BAC43D /* Resources */ = {
			isa = PBXResourcesBuildPhase;
			buildActionMask = 2147483647;
			files = (
				2E7C30A8295D7C4500BAC43D /* LaunchScreen.storyboard in Resources */,
				2E7C30A5295D7C4500BAC43D /* Assets.xcassets in Resources */,
			);
			runOnlyForDeploymentPostprocessing = 0;
		};
/* End PBXResourcesBuildPhase section */

/* Begin PBXSourcesBuildPhase section */
		2E7C3094295D7C4300BAC43D /* Sources */ = {
			isa = PBXSourcesBuildPhase;
			buildActionMask = 2147483647;
			files = (
				2E7C30A0295D7C4300BAC43D /* ViewController.swift in Sources */,
				2E7C309C295D7C4300BAC43D /* AppDelegate.swift in Sources */,
				2E7C309E295D7C4300BAC43D /* SceneDelegate.swift in Sources */,
			);
			runOnlyForDeploymentPostprocessing = 0;
		};
/* End PBXSourcesBuildPhase section */

/* Begin PBXVariantGroup section */
		2E7C30A6295D7C4500BAC43D /* LaunchScreen.storyboard */ = {
			isa = PBXVariantGroup;
			children = (
				2E7C30A7295D7C4500BAC43D /* Base */,
			);
			name = LaunchScreen.storyboard;
			sourceTree = "<group>";
		};
/* End PBXVariantGroup section */

/* Begin XCBuildConfiguration section */
		2E7C30AA295D7C4500BAC43D /* Debug */ = {
			isa = XCBuildConfiguration;
			buildSettings = {
				ALWAYS_SEARCH_USER_PATHS = NO;
				CLANG_ANALYZER_NONNULL = YES;
				CLANG_ANALYZER_NUMBER_OBJECT_CONVERSION = YES_AGGRESSIVE;
				CLANG_CXX_LANGUAGE_STANDARD = "gnu++20";
				CLANG_ENABLE_MODULES = YES;
				CLANG_ENABLE_OBJC_ARC = YES;
				CLANG_ENABLE_OBJC_WEAK = YES;
				CLANG_WARN_BLOCK_CAPTURE_AUTORELEASING = YES;
				CLANG_WARN_BOOL_CONVERSION = YES;
				CLANG_WARN_COMMA = YES;
				CLANG_WARN_CONSTANT_CONVERSION = YES;
				CLANG_WARN_DEPRECATED_OBJC_IMPLEMENTATIONS = YES;
				CLANG_WARN_DIRECT_OBJC_ISA_USAGE = YES_ERROR;
				CLANG_WARN_DOCUMENTATION_COMMENTS = YES;
				CLANG_WARN_EMPTY_BODY = YES;
				CLANG_WARN_ENUM_CONVERSION = YES;
				CLANG_WARN_INFINITE_RECURSION = YES;
				CLANG_WARN_INT_CONVERSION = YES;
				CLANG_WARN_NON_LITERAL_NULL_CONVERSION = YES;
				CLANG_WARN_OBJC_IMPLICIT_RETAIN_SELF = YES;
				CLANG_WARN_OBJC_LITERAL_CONVERSION = YES;
				CLANG_WARN_OBJC_ROOT_CLASS = YES_ERROR;
				CLANG_WARN_QUOTED_INCLUDE_IN_FRAMEWORK_HEADER = YES;
				CLANG_WARN_RANGE_LOOP_ANALYSIS = YES;
				CLANG_WARN_STRICT_PROTOTYPES = YES;
				CLANG_WARN_SUSPICIOUS_MOVE = YES;
				CLANG_WARN_UNGUARDED_AVAILABILITY = YES_AGGRESSIVE;
				CLANG_WARN_UNREACHABLE_CODE = YES;
				CLANG_WARN__DUPLICATE_METHOD_MATCH = YES;
				COPY_PHASE_STRIP = NO;
				DEBUG_INFORMATION_FORMAT = dwarf;
				ENABLE_STRICT_OBJC_MSGSEND = YES;
				ENABLE_TESTABILITY = YES;
				GCC_C_LANGUAGE_STANDARD = gnu11;
				GCC_DYNAMIC_NO_PIC = NO;
				GCC_NO_COMMON_BLOCKS = YES;
				GCC_OPTIMIZATION_LEVEL = 0;
				GCC_PREPROCESSOR_DEFINITIONS = (
					"DEBUG=1",
					"$(inherited)",
				);
				GCC_WARN_64_TO_32_BIT_CONVERSION = YES;
				GCC_WARN_ABOUT_RETURN_TYPE = YES_ERROR;
				GCC_WARN_UNDECLARED_SELECTOR = YES;
				GCC_WARN_UNINITIALIZED_AUTOS = YES_AGGRESSIVE;
				GCC_WARN_UNUSED_FUNCTION = YES;
				GCC_WARN_UNUSED_VARIABLE = YES;
				IPHONEOS_DEPLOYMENT_TARGET = 15.0;
				MTL_ENABLE_DEBUG_INFO = INCLUDE_SOURCE;
				MTL_FAST_MATH = YES;
				ONLY_ACTIVE_ARCH = YES;
				SDKROOT = iphoneos;
				SWIFT_ACTIVE_COMPILATION_CONDITIONS = DEBUG;
				SWIFT_OPTIMIZATION_LEVEL = "-Onone";
			};
			name = Debug;
		};
		2E7C30AB295D7C4500BAC43D /* Release */ = {
			isa = XCBuildConfiguration;
			buildSettings = {
				ALWAYS_SEARCH_USER_PATHS = NO;
				CLANG_ANALYZER_NONNULL = YES;
				CLANG_ANALYZER_NUMBER_OBJECT_CONVERSION = YES_AGGRESSIVE;
				CLANG_CXX_LANGUAGE_STANDARD = "gnu++20";
				CLANG_ENABLE_MODULES = YES;
				CLANG_ENABLE_OBJC_ARC = YES;
				CLANG_ENABLE_OBJC_WEAK = YES;
				CLANG_WARN_BLOCK_CAPTURE_AUTORELEASING = YES;
				CLANG_WARN_BOOL_CONVERSION = YES;
				CLANG_WARN_COMMA = YES;
				CLANG_WARN_CONSTANT_CONVERSION = YES;
				CLANG_WARN_DEPRECATED_OBJC_IMPLEMENTATIONS = YES;
				CLANG_WARN_DIRECT_OBJC_ISA_USAGE = YES_ERROR;
				CLANG_WARN_DOCUMENTATION_COMMENTS = YES;
				CLANG_WARN_EMPTY_BODY = YES;
				CLANG_WARN_ENUM_CONVERSION = YES;
				CLANG_WARN_INFINITE_RECURSION = YES;
				CLANG_WARN_INT_CONVERSION = YES;
				CLANG_WARN_NON_LITERAL_NULL_CONVERSION = YES;
				CLANG_WARN_OBJC_IMPLICIT_RETAIN_SELF = YES;
				CLANG_WARN_OBJC_LITERAL_CONVERSION = YES;
				CLANG_WARN_OBJC_ROOT_CLASS = YES_ERROR;
				CLANG_WARN_QUOTED_INCLUDE_IN_FRAMEWORK_HEADER = YES;
				CLANG_WARN_RANGE_LOOP_ANALYSIS = YES;
				CLANG_WARN_STRICT_PROTOTYPES = YES;
				CLANG_WARN_SUSPICIOUS_MOVE = YES;
				CLANG_WARN_UNGUARDED_AVAILABILITY = YES_AGGRESSIVE;
				CLANG_WARN_UNREACHABLE_CODE = YES;
				CLANG_WARN__DUPLICATE_METHOD_MATCH = YES;
				COPY_PHASE_STRIP = NO;
				DEBUG_INFORMATION_FORMAT = "dwarf-with-dsym";
				ENABLE_NS_ASSERTIONS = NO;
				ENABLE_STRICT_OBJC_MSGSEND = YES;
				GCC_C_LANGUAGE_STANDARD = gnu11;
				GCC_NO_COMMON_BLOCKS = YES;
				GCC_WARN_64_TO_32_BIT_CONVERSION = YES;
				GCC_WARN_ABOUT_RETURN_TYPE = YES_ERROR;
				GCC_WARN_UNDECLARED_SELECTOR = YES;
				GCC_WARN_UNINITIALIZED_AUTOS = YES_AGGRESSIVE;
				GCC_WARN_UNUSED_FUNCTION = YES;
				GCC_WARN_UNUSED_VARIABLE = YES;
				IPHONEOS_DEPLOYMENT_TARGET = 15.0;
				MTL_ENABLE_DEBUG_INFO = NO;
				MTL_FAST_MATH = YES;
				SDKROOT = iphoneos;
				SWIFT_COMPILATION_MODE = wholemodule;
				SWIFT_OPTIMIZATION_LEVEL = "-O";
				VALIDATE_PRODUCT = YES;
			};
			name = Release;
		};
		2E7C30AD295D7C4500BAC43D /* Debug */ = {
			isa = XCBuildConfiguration;
			buildSettings = {
				ASSETCATALOG_COMPILER_APPICON_NAME = AppIcon;
				ASSETCATALOG_COMPILER_GLOBAL_ACCENT_COLOR_NAME = AccentColor;
				CODE_SIGN_STYLE = Automatic;
				CURRENT_PROJECT_VERSION = 1;
				DEVELOPMENT_TEAM = XW996HTK32;
				GENERATE_INFOPLIST_FILE = YES;
				INFOPLIST_FILE = Favor/Info.plist;
				INFOPLIST_KEY_LSApplicationCategoryType = "public.app-category.lifestyle";
				INFOPLIST_KEY_UIApplicationSupportsIndirectInputEvents = YES;
				INFOPLIST_KEY_UILaunchStoryboardName = LaunchScreen;
				INFOPLIST_KEY_UISupportedInterfaceOrientations = UIInterfaceOrientationPortrait;
				IPHONEOS_DEPLOYMENT_TARGET = 15.0;
				LD_RUNPATH_SEARCH_PATHS = (
					"$(inherited)",
					"@executable_path/Frameworks",
				);
				MARKETING_VERSION = 1.0;
				PRODUCT_BUNDLE_IDENTIFIER = com.favor.Favor;
				PRODUCT_NAME = "$(TARGET_NAME)";
				SUPPORTED_PLATFORMS = "iphoneos iphonesimulator";
				SUPPORTS_MACCATALYST = NO;
				SUPPORTS_MAC_DESIGNED_FOR_IPHONE_IPAD = NO;
				SWIFT_EMIT_LOC_STRINGS = YES;
				SWIFT_VERSION = 5.0;
				TARGETED_DEVICE_FAMILY = 1;
			};
			name = Debug;
		};
		2E7C30AE295D7C4500BAC43D /* Release */ = {
			isa = XCBuildConfiguration;
			buildSettings = {
				ASSETCATALOG_COMPILER_APPICON_NAME = AppIcon;
				ASSETCATALOG_COMPILER_GLOBAL_ACCENT_COLOR_NAME = AccentColor;
				CODE_SIGN_STYLE = Automatic;
				CURRENT_PROJECT_VERSION = 1;
				DEVELOPMENT_TEAM = XW996HTK32;
				GENERATE_INFOPLIST_FILE = YES;
				INFOPLIST_FILE = Favor/Info.plist;
				INFOPLIST_KEY_LSApplicationCategoryType = "public.app-category.lifestyle";
				INFOPLIST_KEY_UIApplicationSupportsIndirectInputEvents = YES;
				INFOPLIST_KEY_UILaunchStoryboardName = LaunchScreen;
				INFOPLIST_KEY_UISupportedInterfaceOrientations = UIInterfaceOrientationPortrait;
				IPHONEOS_DEPLOYMENT_TARGET = 15.0;
				LD_RUNPATH_SEARCH_PATHS = (
					"$(inherited)",
					"@executable_path/Frameworks",
				);
				MARKETING_VERSION = 1.0;
				PRODUCT_BUNDLE_IDENTIFIER = com.favor.Favor;
				PRODUCT_NAME = "$(TARGET_NAME)";
				SUPPORTED_PLATFORMS = "iphoneos iphonesimulator";
				SUPPORTS_MACCATALYST = NO;
				SUPPORTS_MAC_DESIGNED_FOR_IPHONE_IPAD = NO;
				SWIFT_EMIT_LOC_STRINGS = YES;
				SWIFT_VERSION = 5.0;
				TARGETED_DEVICE_FAMILY = 1;
			};
			name = Release;
		};
/* End XCBuildConfiguration section */

/* Begin XCConfigurationList section */
		2E7C3093295D7C4300BAC43D /* Build configuration list for PBXProject "Favor" */ = {
			isa = XCConfigurationList;
			buildConfigurations = (
				2E7C30AA295D7C4500BAC43D /* Debug */,
				2E7C30AB295D7C4500BAC43D /* Release */,
			);
			defaultConfigurationIsVisible = 0;
			defaultConfigurationName = Release;
		};
		2E7C30AC295D7C4500BAC43D /* Build configuration list for PBXNativeTarget "Favor" */ = {
			isa = XCConfigurationList;
			buildConfigurations = (
				2E7C30AD295D7C4500BAC43D /* Debug */,
				2E7C30AE295D7C4500BAC43D /* Release */,
			);
			defaultConfigurationIsVisible = 0;
			defaultConfigurationName = Release;
		};
/* End XCConfigurationList section */

/* Begin XCRemoteSwiftPackageReference section */
		2E635389295D900F00B23A14 /* XCRemoteSwiftPackageReference "Moya" */ = {
			isa = XCRemoteSwiftPackageReference;
			repositoryURL = "https://github.com/Moya/Moya";
			requirement = {
				kind = upToNextMajorVersion;
				minimumVersion = 15.0.0;
			};
		};
		2E63538C295D904000B23A14 /* XCRemoteSwiftPackageReference "Kingfisher" */ = {
			isa = XCRemoteSwiftPackageReference;
			repositoryURL = "https://github.com/onevcat/Kingfisher";
			requirement = {
				kind = upToNextMajorVersion;
				minimumVersion = 7.0.0;
			};
		};
		2E63538F295D906A00B23A14 /* XCRemoteSwiftPackageReference "RxDataSources" */ = {
			isa = XCRemoteSwiftPackageReference;
			repositoryURL = "https://github.com/RxSwiftCommunity/RxDataSources";
			requirement = {
				kind = upToNextMajorVersion;
				minimumVersion = 5.0.0;
			};
		};
		2E7C30AF295D8DA400BAC43D /* XCRemoteSwiftPackageReference "ReactorKit" */ = {
			isa = XCRemoteSwiftPackageReference;
			repositoryURL = "https://github.com/ReactorKit/ReactorKit";
			requirement = {
				kind = upToNextMajorVersion;
				minimumVersion = 3.0.0;
			};
		};
		2E7C30B2295D8DC200BAC43D /* XCRemoteSwiftPackageReference "Then" */ = {
			isa = XCRemoteSwiftPackageReference;
			repositoryURL = "https://github.com/devxoul/Then";
			requirement = {
				kind = upToNextMajorVersion;
				minimumVersion = 3.0.0;
			};
		};
		2E7C30B5295D8E1000BAC43D /* XCRemoteSwiftPackageReference "SnapKit" */ = {
			isa = XCRemoteSwiftPackageReference;
			repositoryURL = "https://github.com/SnapKit/SnapKit";
			requirement = {
				kind = upToNextMajorVersion;
				minimumVersion = 5.0.0;
			};
		};
/* End XCRemoteSwiftPackageReference section */

/* Begin XCSwiftPackageProductDependency section */
		2E63538A295D900F00B23A14 /* RxMoya */ = {
			isa = XCSwiftPackageProductDependency;
			package = 2E635389295D900F00B23A14 /* XCRemoteSwiftPackageReference "Moya" */;
			productName = RxMoya;
		};
		2E63538D295D904000B23A14 /* Kingfisher */ = {
			isa = XCSwiftPackageProductDependency;
			package = 2E63538C295D904000B23A14 /* XCRemoteSwiftPackageReference "Kingfisher" */;
			productName = Kingfisher;
		};
		2E635390295D906A00B23A14 /* Differentiator */ = {
			isa = XCSwiftPackageProductDependency;
			package = 2E63538F295D906A00B23A14 /* XCRemoteSwiftPackageReference "RxDataSources" */;
			productName = Differentiator;
		};
		2E635392295D906A00B23A14 /* RxDataSources */ = {
			isa = XCSwiftPackageProductDependency;
			package = 2E63538F295D906A00B23A14 /* XCRemoteSwiftPackageReference "RxDataSources" */;
			productName = RxDataSources;
		};
		2E7C30B0295D8DA400BAC43D /* ReactorKit */ = {
			isa = XCSwiftPackageProductDependency;
			package = 2E7C30AF295D8DA400BAC43D /* XCRemoteSwiftPackageReference "ReactorKit" */;
			productName = ReactorKit;
		};
		2E7C30B3295D8DC200BAC43D /* Then */ = {
			isa = XCSwiftPackageProductDependency;
			package = 2E7C30B2295D8DC200BAC43D /* XCRemoteSwiftPackageReference "Then" */;
			productName = Then;
		};
		2E7C30B6295D8E1000BAC43D /* SnapKit */ = {
			isa = XCSwiftPackageProductDependency;
			package = 2E7C30B5295D8E1000BAC43D /* XCRemoteSwiftPackageReference "SnapKit" */;
			productName = SnapKit;
		};
/* End XCSwiftPackageProductDependency section */
	};
	rootObject = 2E7C3090295D7C4300BAC43D /* Project object */;
}
