// !$*UTF8*$!
{
	archiveVersion = 1;
	classes = {
	};
	objectVersion = 56;
	objects = {

/* Begin PBXBuildFile section */
		2E00561E29A8B131006CF302 /* ProfileSectionFooter.swift in Sources */ = {isa = PBXBuildFile; fileRef = 2E00561D29A8B131006CF302 /* ProfileSectionFooter.swift */; };
		2E00562329A91EEE006CF302 /* NewAnniversaryHeaderView.swift in Sources */ = {isa = PBXBuildFile; fileRef = 2E00562229A91EEE006CF302 /* NewAnniversaryHeaderView.swift */; };
		2E00562529A91F2A006CF302 /* NewAnniversaryHeaderViewReactor.swift in Sources */ = {isa = PBXBuildFile; fileRef = 2E00562429A91F2A006CF302 /* NewAnniversaryHeaderViewReactor.swift */; };
		2E1C5661296C29210067FC78 /* OnboardingVC.swift in Sources */ = {isa = PBXBuildFile; fileRef = 2E1C5660296C29210067FC78 /* OnboardingVC.swift */; };
		2E3FA74329F37D8F003342CA /* OrderedCollections in Frameworks */ = {isa = PBXBuildFile; productRef = 2E3FA74229F37D8F003342CA /* OrderedCollections */; };
		2E3FA74929F706FA003342CA /* EditMyPagePreferenceSection.swift in Sources */ = {isa = PBXBuildFile; fileRef = 2E3FA74829F706FA003342CA /* EditMyPagePreferenceSection.swift */; };
		2E3FA74C29F7087D003342CA /* EditMyPagePreferenceCellReactor.swift in Sources */ = {isa = PBXBuildFile; fileRef = 2E3FA74B29F7087D003342CA /* EditMyPagePreferenceCellReactor.swift */; };
		2E3FA74F29F709D1003342CA /* EditMyPagePreferenceCell.swift in Sources */ = {isa = PBXBuildFile; fileRef = 2E3FA74E29F709D1003342CA /* EditMyPagePreferenceCell.swift */; };
		2E3FA75129F713A7003342CA /* EditMyPageSectionHeader.swift in Sources */ = {isa = PBXBuildFile; fileRef = 2E3FA75029F713A7003342CA /* EditMyPageSectionHeader.swift */; };
		2E3FA75729F7C52D003342CA /* FriendVC.swift in Sources */ = {isa = PBXBuildFile; fileRef = 2E3FA75629F7C52D003342CA /* FriendVC.swift */; };
		2E3FA75929F7C561003342CA /* FriendViewReactor.swift in Sources */ = {isa = PBXBuildFile; fileRef = 2E3FA75829F7C561003342CA /* FriendViewReactor.swift */; };
		2E5D8A8229EECD4F00AD49D1 /* ProfileSectionBackgroundView.swift in Sources */ = {isa = PBXBuildFile; fileRef = 2E5D8A8129EECD4F00AD49D1 /* ProfileSectionBackgroundView.swift */; };
		2E63538B295D900F00B23A14 /* RxMoya in Frameworks */ = {isa = PBXBuildFile; productRef = 2E63538A295D900F00B23A14 /* RxMoya */; };
		2E63538E295D904000B23A14 /* Kingfisher in Frameworks */ = {isa = PBXBuildFile; productRef = 2E63538D295D904000B23A14 /* Kingfisher */; };
		2E635391295D906A00B23A14 /* Differentiator in Frameworks */ = {isa = PBXBuildFile; productRef = 2E635390295D906A00B23A14 /* Differentiator */; };
		2E635393295D906A00B23A14 /* RxDataSources in Frameworks */ = {isa = PBXBuildFile; productRef = 2E635392295D906A00B23A14 /* RxDataSources */; };
		2E6C90B129A607BD00AF963A /* ProfileFriendCell.swift in Sources */ = {isa = PBXBuildFile; fileRef = 2E6C90B029A607BD00AF963A /* ProfileFriendCell.swift */; };
		2E6C90B529A607FA00AF963A /* ProfileFriendCellReactor.swift in Sources */ = {isa = PBXBuildFile; fileRef = 2E6C90B429A607FA00AF963A /* ProfileFriendCellReactor.swift */; };
		2E6C90BC29A6239600AF963A /* EditMyPageVC.swift in Sources */ = {isa = PBXBuildFile; fileRef = 2E6C90BB29A6239600AF963A /* EditMyPageVC.swift */; };
		2E6C90BE29A623E000AF963A /* EditMyPageViewReactor.swift in Sources */ = {isa = PBXBuildFile; fileRef = 2E6C90BD29A623E000AF963A /* EditMyPageViewReactor.swift */; };
		2E730C6A29BA31F4003668D9 /* FavorNetworkKit in Frameworks */ = {isa = PBXBuildFile; productRef = 2E730C6929BA31F4003668D9 /* FavorNetworkKit */; };
		2E76F58529601CD6002FF001 /* SplashVC.swift in Sources */ = {isa = PBXBuildFile; fileRef = 2E76F58429601CD6002FF001 /* SplashVC.swift */; };
		2E7C309C295D7C4300BAC43D /* AppDelegate.swift in Sources */ = {isa = PBXBuildFile; fileRef = 2E7C309B295D7C4300BAC43D /* AppDelegate.swift */; };
		2E7C309E295D7C4300BAC43D /* SceneDelegate.swift in Sources */ = {isa = PBXBuildFile; fileRef = 2E7C309D295D7C4300BAC43D /* SceneDelegate.swift */; };
		2E7C30A5295D7C4500BAC43D /* Assets.xcassets in Resources */ = {isa = PBXBuildFile; fileRef = 2E7C30A4295D7C4500BAC43D /* Assets.xcassets */; };
		2E7C30A8295D7C4500BAC43D /* LaunchScreen.storyboard in Resources */ = {isa = PBXBuildFile; fileRef = 2E7C30A6295D7C4500BAC43D /* LaunchScreen.storyboard */; };
		2E7C30B1295D8DA400BAC43D /* ReactorKit in Frameworks */ = {isa = PBXBuildFile; productRef = 2E7C30B0295D8DA400BAC43D /* ReactorKit */; };
		2E7C30B7295D8E1000BAC43D /* SnapKit in Frameworks */ = {isa = PBXBuildFile; productRef = 2E7C30B6295D8E1000BAC43D /* SnapKit */; };
		2E8C663F29BB95C400006CBF /* SignUpVC.swift in Sources */ = {isa = PBXBuildFile; fileRef = 2EE0D58029751EBD0064E932 /* SignUpVC.swift */; };
		2E8C664029BB95DB00006CBF /* FindPasswordViewReactor.swift in Sources */ = {isa = PBXBuildFile; fileRef = 2ED326BC29B2F78B001963D0 /* FindPasswordViewReactor.swift */; };
		2E95E4B129E8EFB400A46C38 /* SearchResultSection.swift in Sources */ = {isa = PBXBuildFile; fileRef = 2E95E4B029E8EFB400A46C38 /* SearchResultSection.swift */; };
		2E95E4B329E8F01C00A46C38 /* SearchGiftResultCellReactor.swift in Sources */ = {isa = PBXBuildFile; fileRef = 2E95E4B229E8F01C00A46C38 /* SearchGiftResultCellReactor.swift */; };
		2E95E4B729E8FB8000A46C38 /* SearchUserResultCell.swift in Sources */ = {isa = PBXBuildFile; fileRef = 2E95E4B629E8FB8000A46C38 /* SearchUserResultCell.swift */; };
		2E95E4B929E8FBF700A46C38 /* SearchUserResultCellReactor.swift in Sources */ = {isa = PBXBuildFile; fileRef = 2E95E4B829E8FBF700A46C38 /* SearchUserResultCellReactor.swift */; };
		2E9C1B7029E9B6AF008122D7 /* BaseSearchVC.swift in Sources */ = {isa = PBXBuildFile; fileRef = 2E9C1B6F29E9B6AF008122D7 /* BaseSearchVC.swift */; };
		2EA38492298D7C5F0081499C /* UpcomingCellReactor.swift in Sources */ = {isa = PBXBuildFile; fileRef = 2EA3848F298D7C5F0081499C /* UpcomingCellReactor.swift */; };
		2EA38493298D7C5F0081499C /* TimelineCellReactor.swift in Sources */ = {isa = PBXBuildFile; fileRef = 2EA38490298D7C5F0081499C /* TimelineCellReactor.swift */; };
		2EA38494298D7C5F0081499C /* HeaderViewReactor.swift in Sources */ = {isa = PBXBuildFile; fileRef = 2EA38491298D7C5F0081499C /* HeaderViewReactor.swift */; };
		2EA3849A298D7C680081499C /* HomeSection.swift in Sources */ = {isa = PBXBuildFile; fileRef = 2EA38495298D7C680081499C /* HomeSection.swift */; };
		2EA3849C298D7C680081499C /* UpcomingCell.swift in Sources */ = {isa = PBXBuildFile; fileRef = 2EA38497298D7C680081499C /* UpcomingCell.swift */; };
		2EA3849D298D7C680081499C /* TimelineCell.swift in Sources */ = {isa = PBXBuildFile; fileRef = 2EA38498298D7C680081499C /* TimelineCell.swift */; };
		2EA3849E298D7C680081499C /* HeaderView.swift in Sources */ = {isa = PBXBuildFile; fileRef = 2EA38499298D7C680081499C /* HeaderView.swift */; };
		2EA384A0298D7C960081499C /* HomeVC.swift in Sources */ = {isa = PBXBuildFile; fileRef = 2EA3849F298D7C960081499C /* HomeVC.swift */; };
		2EA384A2298D7CC10081499C /* HomeViewReactor.swift in Sources */ = {isa = PBXBuildFile; fileRef = 2EA384A1298D7CC10081499C /* HomeViewReactor.swift */; };
		2EA384B6299234770081499C /* SearchVC.swift in Sources */ = {isa = PBXBuildFile; fileRef = 2EA384B5299234770081499C /* SearchVC.swift */; };
		2EA384B8299235990081499C /* SearchViewReactor.swift in Sources */ = {isa = PBXBuildFile; fileRef = 2EA384B7299235990081499C /* SearchViewReactor.swift */; };
		2EA384BA2992371C0081499C /* SearchFlow.swift in Sources */ = {isa = PBXBuildFile; fileRef = 2EA384B92992371C0081499C /* SearchFlow.swift */; };
		2EA46B2A29BA35570030904E /* Term-Info.plist in Resources */ = {isa = PBXBuildFile; fileRef = 2EA46B2929BA35570030904E /* Term-Info.plist */; };
		2EA73C4529DCA249005097C0 /* ReminderEditor.swift in Sources */ = {isa = PBXBuildFile; fileRef = 2EA73C4429DCA249005097C0 /* ReminderEditor.swift */; };
		2EA73C4729DE6FA0005097C0 /* ReminderDetailVC.swift in Sources */ = {isa = PBXBuildFile; fileRef = 2EA73C4629DE6FA0005097C0 /* ReminderDetailVC.swift */; };
		2EA73C4929DE703F005097C0 /* ReminderDetailViewReactor.swift in Sources */ = {isa = PBXBuildFile; fileRef = 2EA73C4829DE703F005097C0 /* ReminderDetailViewReactor.swift */; };
		2EB3E71129D4356A008D10A0 /* ReminderViewReactor.swift in Sources */ = {isa = PBXBuildFile; fileRef = 2EB3E71029D4356A008D10A0 /* ReminderViewReactor.swift */; };
		2EB3E71329D4500D008D10A0 /* ReminderSection.swift in Sources */ = {isa = PBXBuildFile; fileRef = 2EB3E71229D4500D008D10A0 /* ReminderSection.swift */; };
		2EB3E71529D48B97008D10A0 /* ReminderCell.swift in Sources */ = {isa = PBXBuildFile; fileRef = 2EB3E71429D48B97008D10A0 /* ReminderCell.swift */; };
		2EB3E71729D48BFE008D10A0 /* ReminderCellReactor.swift in Sources */ = {isa = PBXBuildFile; fileRef = 2EB3E71629D48BFE008D10A0 /* ReminderCellReactor.swift */; };
		2EB3E71929D49008008D10A0 /* ReminderHeaderView.swift in Sources */ = {isa = PBXBuildFile; fileRef = 2EB3E71829D49008008D10A0 /* ReminderHeaderView.swift */; };
		2EB3E71B29D5EB77008D10A0 /* PastSectionBackgroundView.swift in Sources */ = {isa = PBXBuildFile; fileRef = 2EB3E71A29D5EB77008D10A0 /* PastSectionBackgroundView.swift */; };
		2EBCC8FF29EDBFDB008044DC /* UICollectionViewCompositionalLayout+.swift in Sources */ = {isa = PBXBuildFile; fileRef = 2EBCC8FE29EDBFDB008044DC /* UICollectionViewCompositionalLayout+.swift */; };
		2EBCC90229EE85F6008044DC /* BaseProfileVC.swift in Sources */ = {isa = PBXBuildFile; fileRef = 2EBCC90129EE85F6008044DC /* BaseProfileVC.swift */; };
		2EC371F8299521AD00D1007B /* RxGesture in Frameworks */ = {isa = PBXBuildFile; productRef = 2EC371F7299521AD00D1007B /* RxGesture */; };
		2EC371FA2995262D00D1007B /* SearchResultVC.swift in Sources */ = {isa = PBXBuildFile; fileRef = 2EC371F92995262D00D1007B /* SearchResultVC.swift */; };
		2EC6E11D29BC65BF006FBC11 /* HomeFlow.swift in Sources */ = {isa = PBXBuildFile; fileRef = 2EC6E11C29BC65BF006FBC11 /* HomeFlow.swift */; };
		2EC6E11F29BC6656006FBC11 /* ReminderFlow.swift in Sources */ = {isa = PBXBuildFile; fileRef = 2EC6E11E29BC6656006FBC11 /* ReminderFlow.swift */; };
		2EC939DB29967F1900C8C47F /* MyPageViewReactor.swift in Sources */ = {isa = PBXBuildFile; fileRef = 2EC939DA29967F1900C8C47F /* MyPageViewReactor.swift */; };
		2EC939DD299684C000C8C47F /* MyPageFlow.swift in Sources */ = {isa = PBXBuildFile; fileRef = 2EC939DC299684C000C8C47F /* MyPageFlow.swift */; };
		2EC939DF2998B80200C8C47F /* ProfileSection.swift in Sources */ = {isa = PBXBuildFile; fileRef = 2EC939DE2998B80200C8C47F /* ProfileSection.swift */; };
		2EC939E12998BEAD00C8C47F /* ProfileGiftStatsCollectionHeader.swift in Sources */ = {isa = PBXBuildFile; fileRef = 2EC939E02998BEAD00C8C47F /* ProfileGiftStatsCollectionHeader.swift */; };
		2EC939E32998C63200C8C47F /* ProfileSetupHelperCell.swift in Sources */ = {isa = PBXBuildFile; fileRef = 2EC939E22998C63200C8C47F /* ProfileSetupHelperCell.swift */; };
		2EC939E52998C68900C8C47F /* ProfilePreferenceCell.swift in Sources */ = {isa = PBXBuildFile; fileRef = 2EC939E42998C68900C8C47F /* ProfilePreferenceCell.swift */; };
		2EC939E72998C6D100C8C47F /* ProfileAnniversaryCell.swift in Sources */ = {isa = PBXBuildFile; fileRef = 2EC939E62998C6D100C8C47F /* ProfileAnniversaryCell.swift */; };
		2EC939EB299A7D4300C8C47F /* ProfileSectionHeader.swift in Sources */ = {isa = PBXBuildFile; fileRef = 2EC939EA299A7D4300C8C47F /* ProfileSectionHeader.swift */; };
		2EC939EF299BB10D00C8C47F /* ProfileSectionHeaderReactor.swift in Sources */ = {isa = PBXBuildFile; fileRef = 2EC939EE299BB10D00C8C47F /* ProfileSectionHeaderReactor.swift */; };
		2EC939F1299CF67E00C8C47F /* ProfileGiftStatsCollectionHeaderReactor.swift in Sources */ = {isa = PBXBuildFile; fileRef = 2EC939F0299CF67E00C8C47F /* ProfileGiftStatsCollectionHeaderReactor.swift */; };
		2EC939F3299CF6A300C8C47F /* ProfileSetupHelperCellReactor.swift in Sources */ = {isa = PBXBuildFile; fileRef = 2EC939F2299CF6A300C8C47F /* ProfileSetupHelperCellReactor.swift */; };
		2EC939F5299CF6C400C8C47F /* ProfilePreferenceCellReactor.swift in Sources */ = {isa = PBXBuildFile; fileRef = 2EC939F4299CF6C400C8C47F /* ProfilePreferenceCellReactor.swift */; };
		2EC939F7299CF6E800C8C47F /* ProfileAnniversaryCellReactor.swift in Sources */ = {isa = PBXBuildFile; fileRef = 2EC939F6299CF6E800C8C47F /* ProfileAnniversaryCellReactor.swift */; };
		2EC939F9299E160B00C8C47F /* ProfileView.swift in Sources */ = {isa = PBXBuildFile; fileRef = 2EC939F8299E160A00C8C47F /* ProfileView.swift */; };
		2ECB681429A9CAC200F4C1F3 /* AppFlow.swift in Sources */ = {isa = PBXBuildFile; fileRef = 2EE6B3982983DF3900CDBC81 /* AppFlow.swift */; };
		2ED22DAF296FF4A900ED6221 /* SignInVC.swift in Sources */ = {isa = PBXBuildFile; fileRef = 2ED22DAE296FF4A900ED6221 /* SignInVC.swift */; };
		2ED22DB1296FF4D100ED6221 /* SignInViewReactor.swift in Sources */ = {isa = PBXBuildFile; fileRef = 2ED22DB0296FF4D100ED6221 /* SignInViewReactor.swift */; };
		2ED326AD29B0DB9D001963D0 /* TermSection.swift in Sources */ = {isa = PBXBuildFile; fileRef = 2ED326AC29B0DB9D001963D0 /* TermSection.swift */; };
		2ED326AF29B0EE16001963D0 /* TermTableView.swift in Sources */ = {isa = PBXBuildFile; fileRef = 2ED326AE29B0EE16001963D0 /* TermTableView.swift */; };
		2ED326B529B0F6EB001963D0 /* Terms.swift in Sources */ = {isa = PBXBuildFile; fileRef = 2ED326B429B0F6EB001963D0 /* Terms.swift */; };
		2ED326B729B0F98C001963D0 /* TermAcceptAllView.swift in Sources */ = {isa = PBXBuildFile; fileRef = 2ED326B629B0F98C001963D0 /* TermAcceptAllView.swift */; };
		2ED326BB29B2F765001963D0 /* FindPasswordVC.swift in Sources */ = {isa = PBXBuildFile; fileRef = 2ED326BA29B2F765001963D0 /* FindPasswordVC.swift */; };
		2ED326C129B327AA001963D0 /* ValidateEmailCodeVC.swift in Sources */ = {isa = PBXBuildFile; fileRef = 2ED326C029B327AA001963D0 /* ValidateEmailCodeVC.swift */; };
		2ED326C329B327DE001963D0 /* ValidateEmailCodeViewReactor.swift in Sources */ = {isa = PBXBuildFile; fileRef = 2ED326C229B327DE001963D0 /* ValidateEmailCodeViewReactor.swift */; };
		2ED326C529B32C0C001963D0 /* NewPasswordVC.swift in Sources */ = {isa = PBXBuildFile; fileRef = 2ED326C429B32C0C001963D0 /* NewPasswordVC.swift */; };
		2ED326C729B32C32001963D0 /* NewPasswordViewReactor.swift in Sources */ = {isa = PBXBuildFile; fileRef = 2ED326C629B32C32001963D0 /* NewPasswordViewReactor.swift */; };
		2ED8CB4429B0BD3F00E7B547 /* TermViewReactor.swift in Sources */ = {isa = PBXBuildFile; fileRef = 2ED8CB4329B0BD3F00E7B547 /* TermViewReactor.swift */; };
		2ED8CB4729B0C30400E7B547 /* TermCell.swift in Sources */ = {isa = PBXBuildFile; fileRef = 2ED8CB4629B0C30400E7B547 /* TermCell.swift */; };
		2EE07ECB296E8D8400048A3C /* MyPageVC.swift in Sources */ = {isa = PBXBuildFile; fileRef = 2EE07ECA296E8D8400048A3C /* MyPageVC.swift */; };
		2EE07ECD296E8D9A00048A3C /* SettingVC.swift in Sources */ = {isa = PBXBuildFile; fileRef = 2EE07ECC296E8D9A00048A3C /* SettingVC.swift */; };
		2EE07ECF296E8DB500048A3C /* ReminderVC.swift in Sources */ = {isa = PBXBuildFile; fileRef = 2EE07ECE296E8DB500048A3C /* ReminderVC.swift */; };
		2EE07ED9296E8E3400048A3C /* ShareVC.swift in Sources */ = {isa = PBXBuildFile; fileRef = 2EE07ED8296E8E3400048A3C /* ShareVC.swift */; };
		2EE07EE7296EDE5100048A3C /* SelectSignInVC.swift in Sources */ = {isa = PBXBuildFile; fileRef = 2EE07EE6296EDE5100048A3C /* SelectSignInVC.swift */; };
		2EE07EE9296EDE9700048A3C /* SelectSignInViewReactor.swift in Sources */ = {isa = PBXBuildFile; fileRef = 2EE07EE8296EDE9700048A3C /* SelectSignInViewReactor.swift */; };
		2EE0D58329751EEF0064E932 /* SignUpViewReactor.swift in Sources */ = {isa = PBXBuildFile; fileRef = 2EE0D58229751EEF0064E932 /* SignUpViewReactor.swift */; };
		2EE0D585297524660064E932 /* SetProfileVC.swift in Sources */ = {isa = PBXBuildFile; fileRef = 2EE0D584297524660064E932 /* SetProfileVC.swift */; };
		2EE0D587297524880064E932 /* SetProfileViewReactor.swift in Sources */ = {isa = PBXBuildFile; fileRef = 2EE0D586297524880064E932 /* SetProfileViewReactor.swift */; };
		2EE0D58F29786C1C0064E932 /* TermVC.swift in Sources */ = {isa = PBXBuildFile; fileRef = 2EE0D58E29786C1C0064E932 /* TermVC.swift */; };
		2EE0D597297A9D670064E932 /* FavorUITests.swift in Sources */ = {isa = PBXBuildFile; fileRef = 2EE0D596297A9D670064E932 /* FavorUITests.swift */; };
		2EE0D599297A9D670064E932 /* FavorUITestsLaunchTests.swift in Sources */ = {isa = PBXBuildFile; fileRef = 2EE0D598297A9D670064E932 /* FavorUITestsLaunchTests.swift */; };
		2EE1537329E5A6BE0023FEA5 /* SearchRecentCell.swift in Sources */ = {isa = PBXBuildFile; fileRef = 2EE1537229E5A6BE0023FEA5 /* SearchRecentCell.swift */; };
		2EE1537529E5AD560023FEA5 /* SearchRecentHeader.swift in Sources */ = {isa = PBXBuildFile; fileRef = 2EE1537429E5AD560023FEA5 /* SearchRecentHeader.swift */; };
		2EE1537729E5B00D0023FEA5 /* SearchRecentSection.swift in Sources */ = {isa = PBXBuildFile; fileRef = 2EE1537629E5B00D0023FEA5 /* SearchRecentSection.swift */; };
		2EE1537929E7DC9F0023FEA5 /* SearchGiftResultCell.swift in Sources */ = {isa = PBXBuildFile; fileRef = 2EE1537829E7DC9F0023FEA5 /* SearchGiftResultCell.swift */; };
		2EE1537B29E7E8790023FEA5 /* SelectedIndicatorBar.swift in Sources */ = {isa = PBXBuildFile; fileRef = 2EE1537A29E7E8790023FEA5 /* SelectedIndicatorBar.swift */; };
		2EE3BA6D29A9CC41004FDCC9 /* CompositionalLayoutFactory.swift in Sources */ = {isa = PBXBuildFile; fileRef = 2EE3BA6C29A9CC41004FDCC9 /* CompositionalLayoutFactory.swift */; };
		2EE3BA7029A9D7D4004FDCC9 /* Reusable in Frameworks */ = {isa = PBXBuildFile; productRef = 2EE3BA6F29A9D7D4004FDCC9 /* Reusable */; };
		2EE3BA8229AB60A4004FDCC9 /* Realm in Frameworks */ = {isa = PBXBuildFile; productRef = 2EE3BA8129AB60A4004FDCC9 /* Realm */; };
		2EE3BA8429AB60A4004FDCC9 /* RealmSwift in Frameworks */ = {isa = PBXBuildFile; productRef = 2EE3BA8329AB60A4004FDCC9 /* RealmSwift */; };
		2EE3BA8729AB60B9004FDCC9 /* RxRealm in Frameworks */ = {isa = PBXBuildFile; productRef = 2EE3BA8629AB60B9004FDCC9 /* RxRealm */; };
		2EE6B3972982EDA400CDBC81 /* RxFlow in Frameworks */ = {isa = PBXBuildFile; productRef = 2EE6B3962982EDA400CDBC81 /* RxFlow */; };
		2EEC97D329D9881C00AACF38 /* ReminderEditVC.swift in Sources */ = {isa = PBXBuildFile; fileRef = 2EEC97D229D9881C00AACF38 /* ReminderEditVC.swift */; };
		2EEC97D529D9885C00AACF38 /* ReminderEditViewReactor.swift in Sources */ = {isa = PBXBuildFile; fileRef = 2EEC97D429D9885C00AACF38 /* ReminderEditViewReactor.swift */; };
		2EEC97D729D9909800AACF38 /* BaseReminderVC.swift in Sources */ = {isa = PBXBuildFile; fileRef = 2EEC97D629D9909800AACF38 /* BaseReminderVC.swift */; };
		2EEFD5B729BB7B4300BA46BA /* FavorKit in Frameworks */ = {isa = PBXBuildFile; productRef = 2EEFD5B629BB7B4300BA46BA /* FavorKit */; };
		2EF1585729E1C06000D199DF /* NewGiftEmptyCell.swift in Sources */ = {isa = PBXBuildFile; fileRef = 2EF1585529E1C06000D199DF /* NewGiftEmptyCell.swift */; };
		2EF1585829E1C06000D199DF /* NewGiftPhotoCell.swift in Sources */ = {isa = PBXBuildFile; fileRef = 2EF1585629E1C06000D199DF /* NewGiftPhotoCell.swift */; };
		2EF1585F29E3CDC100D199DF /* FavorTabBarController.swift in Sources */ = {isa = PBXBuildFile; fileRef = 2EF1585E29E3CDC100D199DF /* FavorTabBarController.swift */; };
		2EF1586129E3CDF300D199DF /* FilterBottomSheet.swift in Sources */ = {isa = PBXBuildFile; fileRef = 2EF1586029E3CDF300D199DF /* FilterBottomSheet.swift */; };
		E52F565B29D5698A004E85A6 /* NewGiftFlow.swift in Sources */ = {isa = PBXBuildFile; fileRef = E52F565A29D5698A004E85A6 /* NewGiftFlow.swift */; };
		E52F565D29D5CBAA004E85A6 /* NewGiftChoiceFriendButton.swift in Sources */ = {isa = PBXBuildFile; fileRef = E52F565C29D5CBAA004E85A6 /* NewGiftChoiceFriendButton.swift */; };
		E55CF7BA298A743B002940D1 /* AuthFlow.swift in Sources */ = {isa = PBXBuildFile; fileRef = E55CF7B9298A743B002940D1 /* AuthFlow.swift */; };
		E55CF7C1298B5631002940D1 /* OnboardingFlow.swift in Sources */ = {isa = PBXBuildFile; fileRef = E55CF7C0298B5631002940D1 /* OnboardingFlow.swift */; };
		E55CF7C4298B5CDF002940D1 /* AppStpper.swift in Sources */ = {isa = PBXBuildFile; fileRef = E55CF7C3298B5CDF002940D1 /* AppStpper.swift */; };
		E55CF7C6298B8EBB002940D1 /* DashboardFlow.swift in Sources */ = {isa = PBXBuildFile; fileRef = E55CF7C5298B8EBB002940D1 /* DashboardFlow.swift */; };
		E56260EF298F4D4F00D14020 /* NewGiftVC.swift in Sources */ = {isa = PBXBuildFile; fileRef = E56260EE298F4D4F00D14020 /* NewGiftVC.swift */; };
		E56260FC2991E4EA00D14020 /* RSKPlaceholderTextView in Frameworks */ = {isa = PBXBuildFile; productRef = E56260FB2991E4EA00D14020 /* RSKPlaceholderTextView */; };
		E562610429939E8800D14020 /* NewGiftPhotoSection.swift in Sources */ = {isa = PBXBuildFile; fileRef = E562610329939E8800D14020 /* NewGiftPhotoSection.swift */; };
		E562610F299497C000D14020 /* NewGiftViewReactor.swift in Sources */ = {isa = PBXBuildFile; fileRef = E562610E299497C000D14020 /* NewGiftViewReactor.swift */; };
		E57F313D2970004D00E3D449 /* OnboardingCell.swift in Sources */ = {isa = PBXBuildFile; fileRef = E57F313C2970004D00E3D449 /* OnboardingCell.swift */; };
		E5B1827A2973FDC600229C50 /* OnboardingSlide.swift in Sources */ = {isa = PBXBuildFile; fileRef = E5B182792973FDC600229C50 /* OnboardingSlide.swift */; };
		E5B61F3529B37F260031046C /* (null) in Sources */ = {isa = PBXBuildFile; };
		E5CFF72B298404F700E11D9A /* AppStep.swift in Sources */ = {isa = PBXBuildFile; fileRef = E5CFF72A298404F700E11D9A /* AppStep.swift */; };
		E5E28ED4295DAE2C006B9245 /* .swiftlint.yml in Resources */ = {isa = PBXBuildFile; fileRef = E5E28ED3295DAE2C006B9245 /* .swiftlint.yml */; };
/* End PBXBuildFile section */

/* Begin PBXContainerItemProxy section */
		2EE0D59A297A9D670064E932 /* PBXContainerItemProxy */ = {
			isa = PBXContainerItemProxy;
			containerPortal = 2E7C3090295D7C4300BAC43D /* Project object */;
			proxyType = 1;
			remoteGlobalIDString = 2E7C3097295D7C4300BAC43D;
			remoteInfo = Favor;
		};
/* End PBXContainerItemProxy section */

/* Begin PBXFileReference section */
		2E00561D29A8B131006CF302 /* ProfileSectionFooter.swift */ = {isa = PBXFileReference; lastKnownFileType = sourcecode.swift; path = ProfileSectionFooter.swift; sourceTree = "<group>"; };
		2E00562229A91EEE006CF302 /* NewAnniversaryHeaderView.swift */ = {isa = PBXFileReference; lastKnownFileType = sourcecode.swift; path = NewAnniversaryHeaderView.swift; sourceTree = "<group>"; };
		2E00562429A91F2A006CF302 /* NewAnniversaryHeaderViewReactor.swift */ = {isa = PBXFileReference; lastKnownFileType = sourcecode.swift; path = NewAnniversaryHeaderViewReactor.swift; sourceTree = "<group>"; };
		2E1C5660296C29210067FC78 /* OnboardingVC.swift */ = {isa = PBXFileReference; lastKnownFileType = sourcecode.swift; path = OnboardingVC.swift; sourceTree = "<group>"; };
		2E3FA74829F706FA003342CA /* EditMyPagePreferenceSection.swift */ = {isa = PBXFileReference; lastKnownFileType = sourcecode.swift; path = EditMyPagePreferenceSection.swift; sourceTree = "<group>"; };
		2E3FA74B29F7087D003342CA /* EditMyPagePreferenceCellReactor.swift */ = {isa = PBXFileReference; lastKnownFileType = sourcecode.swift; path = EditMyPagePreferenceCellReactor.swift; sourceTree = "<group>"; };
		2E3FA74E29F709D1003342CA /* EditMyPagePreferenceCell.swift */ = {isa = PBXFileReference; lastKnownFileType = sourcecode.swift; path = EditMyPagePreferenceCell.swift; sourceTree = "<group>"; };
		2E3FA75029F713A7003342CA /* EditMyPageSectionHeader.swift */ = {isa = PBXFileReference; lastKnownFileType = sourcecode.swift; path = EditMyPageSectionHeader.swift; sourceTree = "<group>"; };
		2E3FA75629F7C52D003342CA /* FriendVC.swift */ = {isa = PBXFileReference; lastKnownFileType = sourcecode.swift; path = FriendVC.swift; sourceTree = "<group>"; };
		2E3FA75829F7C561003342CA /* FriendViewReactor.swift */ = {isa = PBXFileReference; lastKnownFileType = sourcecode.swift; path = FriendViewReactor.swift; sourceTree = "<group>"; };
		2E5D8A8129EECD4F00AD49D1 /* ProfileSectionBackgroundView.swift */ = {isa = PBXFileReference; lastKnownFileType = sourcecode.swift; path = ProfileSectionBackgroundView.swift; sourceTree = "<group>"; };
		2E6C90B029A607BD00AF963A /* ProfileFriendCell.swift */ = {isa = PBXFileReference; lastKnownFileType = sourcecode.swift; path = ProfileFriendCell.swift; sourceTree = "<group>"; };
		2E6C90B429A607FA00AF963A /* ProfileFriendCellReactor.swift */ = {isa = PBXFileReference; lastKnownFileType = sourcecode.swift; path = ProfileFriendCellReactor.swift; sourceTree = "<group>"; };
		2E6C90BB29A6239600AF963A /* EditMyPageVC.swift */ = {isa = PBXFileReference; lastKnownFileType = sourcecode.swift; path = EditMyPageVC.swift; sourceTree = "<group>"; };
		2E6C90BD29A623E000AF963A /* EditMyPageViewReactor.swift */ = {isa = PBXFileReference; lastKnownFileType = sourcecode.swift; path = EditMyPageViewReactor.swift; sourceTree = "<group>"; };
		2E730C6829BA311C003668D9 /* FavorNetworkKit */ = {isa = PBXFileReference; lastKnownFileType = wrapper; path = FavorNetworkKit; sourceTree = "<group>"; };
		2E76F58429601CD6002FF001 /* SplashVC.swift */ = {isa = PBXFileReference; lastKnownFileType = sourcecode.swift; path = SplashVC.swift; sourceTree = "<group>"; };
		2E7C3098295D7C4300BAC43D /* Favor.app */ = {isa = PBXFileReference; explicitFileType = wrapper.application; includeInIndex = 0; path = Favor.app; sourceTree = BUILT_PRODUCTS_DIR; };
		2E7C309B295D7C4300BAC43D /* AppDelegate.swift */ = {isa = PBXFileReference; lastKnownFileType = sourcecode.swift; path = AppDelegate.swift; sourceTree = "<group>"; };
		2E7C309D295D7C4300BAC43D /* SceneDelegate.swift */ = {isa = PBXFileReference; lastKnownFileType = sourcecode.swift; path = SceneDelegate.swift; sourceTree = "<group>"; };
		2E7C30A4295D7C4500BAC43D /* Assets.xcassets */ = {isa = PBXFileReference; lastKnownFileType = folder.assetcatalog; path = Assets.xcassets; sourceTree = "<group>"; };
		2E7C30A7295D7C4500BAC43D /* Base */ = {isa = PBXFileReference; lastKnownFileType = file.storyboard; name = Base; path = Base.lproj/LaunchScreen.storyboard; sourceTree = "<group>"; };
		2E7C30A9295D7C4500BAC43D /* Info.plist */ = {isa = PBXFileReference; lastKnownFileType = text.plist.xml; path = Info.plist; sourceTree = "<group>"; };
		2E95E4B029E8EFB400A46C38 /* SearchResultSection.swift */ = {isa = PBXFileReference; lastKnownFileType = sourcecode.swift; path = SearchResultSection.swift; sourceTree = "<group>"; };
		2E95E4B229E8F01C00A46C38 /* SearchGiftResultCellReactor.swift */ = {isa = PBXFileReference; lastKnownFileType = sourcecode.swift; path = SearchGiftResultCellReactor.swift; sourceTree = "<group>"; };
		2E95E4B629E8FB8000A46C38 /* SearchUserResultCell.swift */ = {isa = PBXFileReference; lastKnownFileType = sourcecode.swift; path = SearchUserResultCell.swift; sourceTree = "<group>"; };
		2E95E4B829E8FBF700A46C38 /* SearchUserResultCellReactor.swift */ = {isa = PBXFileReference; lastKnownFileType = sourcecode.swift; path = SearchUserResultCellReactor.swift; sourceTree = "<group>"; };
		2E9C1B6F29E9B6AF008122D7 /* BaseSearchVC.swift */ = {isa = PBXFileReference; lastKnownFileType = sourcecode.swift; path = BaseSearchVC.swift; sourceTree = "<group>"; };
		2EA3848F298D7C5F0081499C /* UpcomingCellReactor.swift */ = {isa = PBXFileReference; fileEncoding = 4; lastKnownFileType = sourcecode.swift; path = UpcomingCellReactor.swift; sourceTree = "<group>"; };
		2EA38490298D7C5F0081499C /* TimelineCellReactor.swift */ = {isa = PBXFileReference; fileEncoding = 4; lastKnownFileType = sourcecode.swift; path = TimelineCellReactor.swift; sourceTree = "<group>"; };
		2EA38491298D7C5F0081499C /* HeaderViewReactor.swift */ = {isa = PBXFileReference; fileEncoding = 4; lastKnownFileType = sourcecode.swift; path = HeaderViewReactor.swift; sourceTree = "<group>"; };
		2EA38495298D7C680081499C /* HomeSection.swift */ = {isa = PBXFileReference; fileEncoding = 4; lastKnownFileType = sourcecode.swift; path = HomeSection.swift; sourceTree = "<group>"; };
		2EA38497298D7C680081499C /* UpcomingCell.swift */ = {isa = PBXFileReference; fileEncoding = 4; lastKnownFileType = sourcecode.swift; path = UpcomingCell.swift; sourceTree = "<group>"; };
		2EA38498298D7C680081499C /* TimelineCell.swift */ = {isa = PBXFileReference; fileEncoding = 4; lastKnownFileType = sourcecode.swift; path = TimelineCell.swift; sourceTree = "<group>"; };
		2EA38499298D7C680081499C /* HeaderView.swift */ = {isa = PBXFileReference; fileEncoding = 4; lastKnownFileType = sourcecode.swift; path = HeaderView.swift; sourceTree = "<group>"; };
		2EA3849F298D7C960081499C /* HomeVC.swift */ = {isa = PBXFileReference; fileEncoding = 4; lastKnownFileType = sourcecode.swift; path = HomeVC.swift; sourceTree = "<group>"; };
		2EA384A1298D7CC10081499C /* HomeViewReactor.swift */ = {isa = PBXFileReference; lastKnownFileType = sourcecode.swift; path = HomeViewReactor.swift; sourceTree = "<group>"; };
		2EA384B5299234770081499C /* SearchVC.swift */ = {isa = PBXFileReference; lastKnownFileType = sourcecode.swift; path = SearchVC.swift; sourceTree = "<group>"; };
		2EA384B7299235990081499C /* SearchViewReactor.swift */ = {isa = PBXFileReference; lastKnownFileType = sourcecode.swift; path = SearchViewReactor.swift; sourceTree = "<group>"; };
		2EA384B92992371C0081499C /* SearchFlow.swift */ = {isa = PBXFileReference; lastKnownFileType = sourcecode.swift; path = SearchFlow.swift; sourceTree = "<group>"; };
		2EA46B2929BA35570030904E /* Term-Info.plist */ = {isa = PBXFileReference; fileEncoding = 4; lastKnownFileType = text.plist.xml; path = "Term-Info.plist"; sourceTree = "<group>"; };
		2EA73C4429DCA249005097C0 /* ReminderEditor.swift */ = {isa = PBXFileReference; lastKnownFileType = sourcecode.swift; path = ReminderEditor.swift; sourceTree = "<group>"; };
		2EA73C4629DE6FA0005097C0 /* ReminderDetailVC.swift */ = {isa = PBXFileReference; lastKnownFileType = sourcecode.swift; path = ReminderDetailVC.swift; sourceTree = "<group>"; };
		2EA73C4829DE703F005097C0 /* ReminderDetailViewReactor.swift */ = {isa = PBXFileReference; lastKnownFileType = sourcecode.swift; path = ReminderDetailViewReactor.swift; sourceTree = "<group>"; };
		2EB3E71029D4356A008D10A0 /* ReminderViewReactor.swift */ = {isa = PBXFileReference; lastKnownFileType = sourcecode.swift; path = ReminderViewReactor.swift; sourceTree = "<group>"; };
		2EB3E71229D4500D008D10A0 /* ReminderSection.swift */ = {isa = PBXFileReference; lastKnownFileType = sourcecode.swift; path = ReminderSection.swift; sourceTree = "<group>"; };
		2EB3E71429D48B97008D10A0 /* ReminderCell.swift */ = {isa = PBXFileReference; lastKnownFileType = sourcecode.swift; path = ReminderCell.swift; sourceTree = "<group>"; };
		2EB3E71629D48BFE008D10A0 /* ReminderCellReactor.swift */ = {isa = PBXFileReference; lastKnownFileType = sourcecode.swift; path = ReminderCellReactor.swift; sourceTree = "<group>"; };
		2EB3E71829D49008008D10A0 /* ReminderHeaderView.swift */ = {isa = PBXFileReference; lastKnownFileType = sourcecode.swift; path = ReminderHeaderView.swift; sourceTree = "<group>"; };
		2EB3E71A29D5EB77008D10A0 /* PastSectionBackgroundView.swift */ = {isa = PBXFileReference; lastKnownFileType = sourcecode.swift; path = PastSectionBackgroundView.swift; sourceTree = "<group>"; };
		2EBCC8FE29EDBFDB008044DC /* UICollectionViewCompositionalLayout+.swift */ = {isa = PBXFileReference; lastKnownFileType = sourcecode.swift; path = "UICollectionViewCompositionalLayout+.swift"; sourceTree = "<group>"; };
		2EBCC90129EE85F6008044DC /* BaseProfileVC.swift */ = {isa = PBXFileReference; lastKnownFileType = sourcecode.swift; path = BaseProfileVC.swift; sourceTree = "<group>"; };
		2EC371F92995262D00D1007B /* SearchResultVC.swift */ = {isa = PBXFileReference; lastKnownFileType = sourcecode.swift; path = SearchResultVC.swift; sourceTree = "<group>"; };
		2EC6E11C29BC65BF006FBC11 /* HomeFlow.swift */ = {isa = PBXFileReference; lastKnownFileType = sourcecode.swift; path = HomeFlow.swift; sourceTree = "<group>"; };
		2EC6E11E29BC6656006FBC11 /* ReminderFlow.swift */ = {isa = PBXFileReference; lastKnownFileType = sourcecode.swift; path = ReminderFlow.swift; sourceTree = "<group>"; };
		2EC939DA29967F1900C8C47F /* MyPageViewReactor.swift */ = {isa = PBXFileReference; lastKnownFileType = sourcecode.swift; path = MyPageViewReactor.swift; sourceTree = "<group>"; };
		2EC939DC299684C000C8C47F /* MyPageFlow.swift */ = {isa = PBXFileReference; lastKnownFileType = sourcecode.swift; path = MyPageFlow.swift; sourceTree = "<group>"; };
		2EC939DE2998B80200C8C47F /* ProfileSection.swift */ = {isa = PBXFileReference; lastKnownFileType = sourcecode.swift; path = ProfileSection.swift; sourceTree = "<group>"; };
		2EC939E02998BEAD00C8C47F /* ProfileGiftStatsCollectionHeader.swift */ = {isa = PBXFileReference; lastKnownFileType = sourcecode.swift; path = ProfileGiftStatsCollectionHeader.swift; sourceTree = "<group>"; };
		2EC939E22998C63200C8C47F /* ProfileSetupHelperCell.swift */ = {isa = PBXFileReference; lastKnownFileType = sourcecode.swift; path = ProfileSetupHelperCell.swift; sourceTree = "<group>"; };
		2EC939E42998C68900C8C47F /* ProfilePreferenceCell.swift */ = {isa = PBXFileReference; lastKnownFileType = sourcecode.swift; path = ProfilePreferenceCell.swift; sourceTree = "<group>"; };
		2EC939E62998C6D100C8C47F /* ProfileAnniversaryCell.swift */ = {isa = PBXFileReference; lastKnownFileType = sourcecode.swift; path = ProfileAnniversaryCell.swift; sourceTree = "<group>"; };
		2EC939EA299A7D4300C8C47F /* ProfileSectionHeader.swift */ = {isa = PBXFileReference; lastKnownFileType = sourcecode.swift; path = ProfileSectionHeader.swift; sourceTree = "<group>"; };
		2EC939EE299BB10D00C8C47F /* ProfileSectionHeaderReactor.swift */ = {isa = PBXFileReference; lastKnownFileType = sourcecode.swift; path = ProfileSectionHeaderReactor.swift; sourceTree = "<group>"; };
		2EC939F0299CF67E00C8C47F /* ProfileGiftStatsCollectionHeaderReactor.swift */ = {isa = PBXFileReference; lastKnownFileType = sourcecode.swift; path = ProfileGiftStatsCollectionHeaderReactor.swift; sourceTree = "<group>"; };
		2EC939F2299CF6A300C8C47F /* ProfileSetupHelperCellReactor.swift */ = {isa = PBXFileReference; lastKnownFileType = sourcecode.swift; path = ProfileSetupHelperCellReactor.swift; sourceTree = "<group>"; };
		2EC939F4299CF6C400C8C47F /* ProfilePreferenceCellReactor.swift */ = {isa = PBXFileReference; lastKnownFileType = sourcecode.swift; path = ProfilePreferenceCellReactor.swift; sourceTree = "<group>"; };
		2EC939F6299CF6E800C8C47F /* ProfileAnniversaryCellReactor.swift */ = {isa = PBXFileReference; lastKnownFileType = sourcecode.swift; path = ProfileAnniversaryCellReactor.swift; sourceTree = "<group>"; };
		2EC939F8299E160A00C8C47F /* ProfileView.swift */ = {isa = PBXFileReference; lastKnownFileType = sourcecode.swift; path = ProfileView.swift; sourceTree = "<group>"; };
		2ED22DAE296FF4A900ED6221 /* SignInVC.swift */ = {isa = PBXFileReference; lastKnownFileType = sourcecode.swift; path = SignInVC.swift; sourceTree = "<group>"; };
		2ED22DB0296FF4D100ED6221 /* SignInViewReactor.swift */ = {isa = PBXFileReference; lastKnownFileType = sourcecode.swift; path = SignInViewReactor.swift; sourceTree = "<group>"; };
		2ED326AC29B0DB9D001963D0 /* TermSection.swift */ = {isa = PBXFileReference; lastKnownFileType = sourcecode.swift; path = TermSection.swift; sourceTree = "<group>"; };
		2ED326AE29B0EE16001963D0 /* TermTableView.swift */ = {isa = PBXFileReference; lastKnownFileType = sourcecode.swift; path = TermTableView.swift; sourceTree = "<group>"; };
		2ED326B429B0F6EB001963D0 /* Terms.swift */ = {isa = PBXFileReference; lastKnownFileType = sourcecode.swift; path = Terms.swift; sourceTree = "<group>"; };
		2ED326B629B0F98C001963D0 /* TermAcceptAllView.swift */ = {isa = PBXFileReference; lastKnownFileType = sourcecode.swift; path = TermAcceptAllView.swift; sourceTree = "<group>"; };
		2ED326BA29B2F765001963D0 /* FindPasswordVC.swift */ = {isa = PBXFileReference; lastKnownFileType = sourcecode.swift; path = FindPasswordVC.swift; sourceTree = "<group>"; };
		2ED326BC29B2F78B001963D0 /* FindPasswordViewReactor.swift */ = {isa = PBXFileReference; lastKnownFileType = sourcecode.swift; path = FindPasswordViewReactor.swift; sourceTree = "<group>"; };
		2ED326C029B327AA001963D0 /* ValidateEmailCodeVC.swift */ = {isa = PBXFileReference; lastKnownFileType = sourcecode.swift; path = ValidateEmailCodeVC.swift; sourceTree = "<group>"; };
		2ED326C229B327DE001963D0 /* ValidateEmailCodeViewReactor.swift */ = {isa = PBXFileReference; lastKnownFileType = sourcecode.swift; path = ValidateEmailCodeViewReactor.swift; sourceTree = "<group>"; };
		2ED326C429B32C0C001963D0 /* NewPasswordVC.swift */ = {isa = PBXFileReference; lastKnownFileType = sourcecode.swift; path = NewPasswordVC.swift; sourceTree = "<group>"; };
		2ED326C629B32C32001963D0 /* NewPasswordViewReactor.swift */ = {isa = PBXFileReference; lastKnownFileType = sourcecode.swift; path = NewPasswordViewReactor.swift; sourceTree = "<group>"; };
		2ED8CB4329B0BD3F00E7B547 /* TermViewReactor.swift */ = {isa = PBXFileReference; lastKnownFileType = sourcecode.swift; path = TermViewReactor.swift; sourceTree = "<group>"; };
		2ED8CB4629B0C30400E7B547 /* TermCell.swift */ = {isa = PBXFileReference; lastKnownFileType = sourcecode.swift; path = TermCell.swift; sourceTree = "<group>"; };
		2EE07ECA296E8D8400048A3C /* MyPageVC.swift */ = {isa = PBXFileReference; lastKnownFileType = sourcecode.swift; path = MyPageVC.swift; sourceTree = "<group>"; };
		2EE07ECC296E8D9A00048A3C /* SettingVC.swift */ = {isa = PBXFileReference; lastKnownFileType = sourcecode.swift; path = SettingVC.swift; sourceTree = "<group>"; };
		2EE07ECE296E8DB500048A3C /* ReminderVC.swift */ = {isa = PBXFileReference; lastKnownFileType = sourcecode.swift; path = ReminderVC.swift; sourceTree = "<group>"; };
		2EE07ED8296E8E3400048A3C /* ShareVC.swift */ = {isa = PBXFileReference; lastKnownFileType = sourcecode.swift; path = ShareVC.swift; sourceTree = "<group>"; };
		2EE07EE6296EDE5100048A3C /* SelectSignInVC.swift */ = {isa = PBXFileReference; lastKnownFileType = sourcecode.swift; path = SelectSignInVC.swift; sourceTree = "<group>"; };
		2EE07EE8296EDE9700048A3C /* SelectSignInViewReactor.swift */ = {isa = PBXFileReference; lastKnownFileType = sourcecode.swift; path = SelectSignInViewReactor.swift; sourceTree = "<group>"; };
		2EE0D58029751EBD0064E932 /* SignUpVC.swift */ = {isa = PBXFileReference; lastKnownFileType = sourcecode.swift; path = SignUpVC.swift; sourceTree = "<group>"; };
		2EE0D58229751EEF0064E932 /* SignUpViewReactor.swift */ = {isa = PBXFileReference; lastKnownFileType = sourcecode.swift; path = SignUpViewReactor.swift; sourceTree = "<group>"; };
		2EE0D584297524660064E932 /* SetProfileVC.swift */ = {isa = PBXFileReference; lastKnownFileType = sourcecode.swift; path = SetProfileVC.swift; sourceTree = "<group>"; };
		2EE0D586297524880064E932 /* SetProfileViewReactor.swift */ = {isa = PBXFileReference; lastKnownFileType = sourcecode.swift; path = SetProfileViewReactor.swift; sourceTree = "<group>"; };
		2EE0D58E29786C1C0064E932 /* TermVC.swift */ = {isa = PBXFileReference; lastKnownFileType = sourcecode.swift; path = TermVC.swift; sourceTree = "<group>"; };
		2EE0D594297A9D670064E932 /* FavorUITests.xctest */ = {isa = PBXFileReference; explicitFileType = wrapper.cfbundle; includeInIndex = 0; path = FavorUITests.xctest; sourceTree = BUILT_PRODUCTS_DIR; };
		2EE0D596297A9D670064E932 /* FavorUITests.swift */ = {isa = PBXFileReference; lastKnownFileType = sourcecode.swift; path = FavorUITests.swift; sourceTree = "<group>"; };
		2EE0D598297A9D670064E932 /* FavorUITestsLaunchTests.swift */ = {isa = PBXFileReference; lastKnownFileType = sourcecode.swift; path = FavorUITestsLaunchTests.swift; sourceTree = "<group>"; };
		2EE1537229E5A6BE0023FEA5 /* SearchRecentCell.swift */ = {isa = PBXFileReference; lastKnownFileType = sourcecode.swift; path = SearchRecentCell.swift; sourceTree = "<group>"; };
		2EE1537429E5AD560023FEA5 /* SearchRecentHeader.swift */ = {isa = PBXFileReference; lastKnownFileType = sourcecode.swift; path = SearchRecentHeader.swift; sourceTree = "<group>"; };
		2EE1537629E5B00D0023FEA5 /* SearchRecentSection.swift */ = {isa = PBXFileReference; lastKnownFileType = sourcecode.swift; path = SearchRecentSection.swift; sourceTree = "<group>"; };
		2EE1537829E7DC9F0023FEA5 /* SearchGiftResultCell.swift */ = {isa = PBXFileReference; lastKnownFileType = sourcecode.swift; path = SearchGiftResultCell.swift; sourceTree = "<group>"; };
		2EE1537A29E7E8790023FEA5 /* SelectedIndicatorBar.swift */ = {isa = PBXFileReference; lastKnownFileType = sourcecode.swift; path = SelectedIndicatorBar.swift; sourceTree = "<group>"; };
		2EE3BA6C29A9CC41004FDCC9 /* CompositionalLayoutFactory.swift */ = {isa = PBXFileReference; lastKnownFileType = sourcecode.swift; path = CompositionalLayoutFactory.swift; sourceTree = "<group>"; };
		2EE3BAA829AF11E5004FDCC9 /* README.md */ = {isa = PBXFileReference; lastKnownFileType = net.daringfireball.markdown; path = README.md; sourceTree = "<group>"; };
		2EE6B3982983DF3900CDBC81 /* AppFlow.swift */ = {isa = PBXFileReference; lastKnownFileType = sourcecode.swift; path = AppFlow.swift; sourceTree = "<group>"; };
		2EEC97D229D9881C00AACF38 /* ReminderEditVC.swift */ = {isa = PBXFileReference; lastKnownFileType = sourcecode.swift; path = ReminderEditVC.swift; sourceTree = "<group>"; };
		2EEC97D429D9885C00AACF38 /* ReminderEditViewReactor.swift */ = {isa = PBXFileReference; lastKnownFileType = sourcecode.swift; path = ReminderEditViewReactor.swift; sourceTree = "<group>"; };
		2EEC97D629D9909800AACF38 /* BaseReminderVC.swift */ = {isa = PBXFileReference; lastKnownFileType = sourcecode.swift; path = BaseReminderVC.swift; sourceTree = "<group>"; };
		2EEFD5B529BB7B3900BA46BA /* FavorKit */ = {isa = PBXFileReference; lastKnownFileType = wrapper; path = FavorKit; sourceTree = "<group>"; };
		2EF1585529E1C06000D199DF /* NewGiftEmptyCell.swift */ = {isa = PBXFileReference; fileEncoding = 4; lastKnownFileType = sourcecode.swift; path = NewGiftEmptyCell.swift; sourceTree = "<group>"; };
		2EF1585629E1C06000D199DF /* NewGiftPhotoCell.swift */ = {isa = PBXFileReference; fileEncoding = 4; lastKnownFileType = sourcecode.swift; path = NewGiftPhotoCell.swift; sourceTree = "<group>"; };
		2EF1585E29E3CDC100D199DF /* FavorTabBarController.swift */ = {isa = PBXFileReference; fileEncoding = 4; lastKnownFileType = sourcecode.swift; path = FavorTabBarController.swift; sourceTree = "<group>"; };
		2EF1586029E3CDF300D199DF /* FilterBottomSheet.swift */ = {isa = PBXFileReference; fileEncoding = 4; lastKnownFileType = sourcecode.swift; name = FilterBottomSheet.swift; path = BottomSheet/FilterBottomSheet.swift; sourceTree = "<group>"; };
		E52F565A29D5698A004E85A6 /* NewGiftFlow.swift */ = {isa = PBXFileReference; lastKnownFileType = sourcecode.swift; path = NewGiftFlow.swift; sourceTree = "<group>"; };
		E52F565C29D5CBAA004E85A6 /* NewGiftChoiceFriendButton.swift */ = {isa = PBXFileReference; lastKnownFileType = sourcecode.swift; path = NewGiftChoiceFriendButton.swift; sourceTree = "<group>"; };
		E55CF7B9298A743B002940D1 /* AuthFlow.swift */ = {isa = PBXFileReference; lastKnownFileType = sourcecode.swift; path = AuthFlow.swift; sourceTree = "<group>"; };
		E55CF7C0298B5631002940D1 /* OnboardingFlow.swift */ = {isa = PBXFileReference; lastKnownFileType = sourcecode.swift; path = OnboardingFlow.swift; sourceTree = "<group>"; };
		E55CF7C3298B5CDF002940D1 /* AppStpper.swift */ = {isa = PBXFileReference; lastKnownFileType = sourcecode.swift; path = AppStpper.swift; sourceTree = "<group>"; };
		E55CF7C5298B8EBB002940D1 /* DashboardFlow.swift */ = {isa = PBXFileReference; lastKnownFileType = sourcecode.swift; path = DashboardFlow.swift; sourceTree = "<group>"; };
		E56260EE298F4D4F00D14020 /* NewGiftVC.swift */ = {isa = PBXFileReference; lastKnownFileType = sourcecode.swift; path = NewGiftVC.swift; sourceTree = "<group>"; };
		E562610329939E8800D14020 /* NewGiftPhotoSection.swift */ = {isa = PBXFileReference; lastKnownFileType = sourcecode.swift; path = NewGiftPhotoSection.swift; sourceTree = "<group>"; };
		E562610E299497C000D14020 /* NewGiftViewReactor.swift */ = {isa = PBXFileReference; lastKnownFileType = sourcecode.swift; path = NewGiftViewReactor.swift; sourceTree = "<group>"; };
		E57F313C2970004D00E3D449 /* OnboardingCell.swift */ = {isa = PBXFileReference; lastKnownFileType = sourcecode.swift; path = OnboardingCell.swift; sourceTree = "<group>"; };
		E5B182792973FDC600229C50 /* OnboardingSlide.swift */ = {isa = PBXFileReference; lastKnownFileType = sourcecode.swift; path = OnboardingSlide.swift; sourceTree = "<group>"; };
		E5CFF72A298404F700E11D9A /* AppStep.swift */ = {isa = PBXFileReference; lastKnownFileType = sourcecode.swift; path = AppStep.swift; sourceTree = "<group>"; };
		E5E28ED3295DAE2C006B9245 /* .swiftlint.yml */ = {isa = PBXFileReference; lastKnownFileType = text.yaml; path = .swiftlint.yml; sourceTree = "<group>"; };
/* End PBXFileReference section */

/* Begin PBXFrameworksBuildPhase section */
		2E7C3095295D7C4300BAC43D /* Frameworks */ = {
			isa = PBXFrameworksBuildPhase;
			buildActionMask = 2147483647;
			files = (
				2EE6B3972982EDA400CDBC81 /* RxFlow in Frameworks */,
				2EC371F8299521AD00D1007B /* RxGesture in Frameworks */,
				2E7C30B7295D8E1000BAC43D /* SnapKit in Frameworks */,
				2EE3BA8429AB60A4004FDCC9 /* RealmSwift in Frameworks */,
				2E7C30B1295D8DA400BAC43D /* ReactorKit in Frameworks */,
				2E63538B295D900F00B23A14 /* RxMoya in Frameworks */,
				2E3FA74329F37D8F003342CA /* OrderedCollections in Frameworks */,
				2EE3BA8729AB60B9004FDCC9 /* RxRealm in Frameworks */,
				2EE3BA8229AB60A4004FDCC9 /* Realm in Frameworks */,
				2E635393295D906A00B23A14 /* RxDataSources in Frameworks */,
				2E635391295D906A00B23A14 /* Differentiator in Frameworks */,
				E56260FC2991E4EA00D14020 /* RSKPlaceholderTextView in Frameworks */,
				2E63538E295D904000B23A14 /* Kingfisher in Frameworks */,
				2EE3BA7029A9D7D4004FDCC9 /* Reusable in Frameworks */,
				2E730C6A29BA31F4003668D9 /* FavorNetworkKit in Frameworks */,
				2EEFD5B729BB7B4300BA46BA /* FavorKit in Frameworks */,
			);
			runOnlyForDeploymentPostprocessing = 0;
		};
		2EE0D591297A9D670064E932 /* Frameworks */ = {
			isa = PBXFrameworksBuildPhase;
			buildActionMask = 2147483647;
			files = (
			);
			runOnlyForDeploymentPostprocessing = 0;
		};
/* End PBXFrameworksBuildPhase section */

/* Begin PBXGroup section */
		2E1C5659296C24AE0067FC78 /* Auth */ = {
			isa = PBXGroup;
			children = (
				2ED326AC29B0DB9D001963D0 /* TermSection.swift */,
				2EE07EE2296EDC9E00048A3C /* ViewControllers */,
				2EE07EE4296EDCA900048A3C /* Reactors */,
				2ED8CB4529B0C2E400E7B547 /* Views */,
			);
			path = Auth;
			sourceTree = "<group>";
		};
		2E1C565F296C28BF0067FC78 /* Onboarding */ = {
			isa = PBXGroup;
			children = (
				2E1C5660296C29210067FC78 /* OnboardingVC.swift */,
				E57F313C2970004D00E3D449 /* OnboardingCell.swift */,
				E5B182792973FDC600229C50 /* OnboardingSlide.swift */,
			);
			path = Onboarding;
			sourceTree = "<group>";
		};
		2E3FA74429F66B0C003342CA /* EditMyPage */ = {
			isa = PBXGroup;
			children = (
				2E3FA74829F706FA003342CA /* EditMyPagePreferenceSection.swift */,
				2E3FA74729F66B2A003342CA /* Reactors */,
				2E3FA74629F66B24003342CA /* Views */,
				2E3FA74529F66B1D003342CA /* ViewControllers */,
			);
			path = EditMyPage;
			sourceTree = "<group>";
		};
		2E3FA74529F66B1D003342CA /* ViewControllers */ = {
			isa = PBXGroup;
			children = (
				2E6C90BB29A6239600AF963A /* EditMyPageVC.swift */,
			);
			path = ViewControllers;
			sourceTree = "<group>";
		};
		2E3FA74629F66B24003342CA /* Views */ = {
			isa = PBXGroup;
			children = (
				2E3FA74D29F709BE003342CA /* Cells */,
				2E3FA75029F713A7003342CA /* EditMyPageSectionHeader.swift */,
			);
			path = Views;
			sourceTree = "<group>";
		};
		2E3FA74729F66B2A003342CA /* Reactors */ = {
			isa = PBXGroup;
			children = (
				2E3FA74A29F70868003342CA /* CellReactors */,
				2E6C90BD29A623E000AF963A /* EditMyPageViewReactor.swift */,
			);
			path = Reactors;
			sourceTree = "<group>";
		};
		2E3FA74A29F70868003342CA /* CellReactors */ = {
			isa = PBXGroup;
			children = (
				2E3FA74B29F7087D003342CA /* EditMyPagePreferenceCellReactor.swift */,
			);
			path = CellReactors;
			sourceTree = "<group>";
		};
		2E3FA74D29F709BE003342CA /* Cells */ = {
			isa = PBXGroup;
			children = (
				2E3FA74E29F709D1003342CA /* EditMyPagePreferenceCell.swift */,
			);
			path = Cells;
			sourceTree = "<group>";
		};
		2E3FA75229F7C4D1003342CA /* Friend */ = {
			isa = PBXGroup;
			children = (
				2E3FA75429F7C515003342CA /* Reactors */,
				2E3FA75529F7C522003342CA /* Views */,
				2E3FA75329F7C50F003342CA /* ViewControllers */,
			);
			path = Friend;
			sourceTree = "<group>";
		};
		2E3FA75329F7C50F003342CA /* ViewControllers */ = {
			isa = PBXGroup;
			children = (
				2E3FA75629F7C52D003342CA /* FriendVC.swift */,
			);
			path = ViewControllers;
			sourceTree = "<group>";
		};
		2E3FA75429F7C515003342CA /* Reactors */ = {
			isa = PBXGroup;
			children = (
				2E3FA75829F7C561003342CA /* FriendViewReactor.swift */,
			);
			path = Reactors;
			sourceTree = "<group>";
		};
		2E3FA75529F7C522003342CA /* Views */ = {
			isa = PBXGroup;
			children = (
			);
			path = Views;
			sourceTree = "<group>";
		};
		2E6C90B229A607C300AF963A /* Cells */ = {
			isa = PBXGroup;
			children = (
				2E00562229A91EEE006CF302 /* NewAnniversaryHeaderView.swift */,
			);
			path = Cells;
			sourceTree = "<group>";
		};
		2E6E86F029B3891200C7AF69 /* Password */ = {
			isa = PBXGroup;
			children = (
				2ED326BA29B2F765001963D0 /* FindPasswordVC.swift */,
				2ED326C029B327AA001963D0 /* ValidateEmailCodeVC.swift */,
				2ED326C429B32C0C001963D0 /* NewPasswordVC.swift */,
			);
			path = Password;
			sourceTree = "<group>";
		};
		2E6E86F129B3894500C7AF69 /* Password */ = {
			isa = PBXGroup;
			children = (
				2ED326BC29B2F78B001963D0 /* FindPasswordViewReactor.swift */,
				2ED326C229B327DE001963D0 /* ValidateEmailCodeViewReactor.swift */,
				2ED326C629B32C32001963D0 /* NewPasswordViewReactor.swift */,
			);
			path = Password;
			sourceTree = "<group>";
		};
		2E6EBFB729A9395900A924B9 /* CellReactors */ = {
			isa = PBXGroup;
			children = (
				2EA3848F298D7C5F0081499C /* UpcomingCellReactor.swift */,
				2EA38490298D7C5F0081499C /* TimelineCellReactor.swift */,
			);
			path = CellReactors;
			sourceTree = "<group>";
		};
		2E6EBFB829A9B01700A924B9 /* CellReactors */ = {
			isa = PBXGroup;
			children = (
				2EC939F2299CF6A300C8C47F /* ProfileSetupHelperCellReactor.swift */,
				2EC939F4299CF6C400C8C47F /* ProfilePreferenceCellReactor.swift */,
				2EC939F6299CF6E800C8C47F /* ProfileAnniversaryCellReactor.swift */,
				2E6C90B429A607FA00AF963A /* ProfileFriendCellReactor.swift */,
			);
			path = CellReactors;
			sourceTree = "<group>";
		};
		2E76F58629601EC3002FF001 /* Splash */ = {
			isa = PBXGroup;
			children = (
				2E76F58429601CD6002FF001 /* SplashVC.swift */,
			);
			path = Splash;
			sourceTree = "<group>";
		};
		2E7C308F295D7C4300BAC43D = {
			isa = PBXGroup;
			children = (
				2EEFD5B529BB7B3900BA46BA /* FavorKit */,
				2E730C6829BA311C003668D9 /* FavorNetworkKit */,
				E5E28ED3295DAE2C006B9245 /* .swiftlint.yml */,
				2E7C309A295D7C4300BAC43D /* Favor */,
				2EE0D595297A9D670064E932 /* FavorUITests */,
				2E7C3099295D7C4300BAC43D /* Products */,
				2EAC2C0429B9FED200D41DE0 /* Frameworks */,
			);
			sourceTree = "<group>";
		};
		2E7C3099295D7C4300BAC43D /* Products */ = {
			isa = PBXGroup;
			children = (
				2E7C3098295D7C4300BAC43D /* Favor.app */,
				2EE0D594297A9D670064E932 /* FavorUITests.xctest */,
			);
			name = Products;
			sourceTree = "<group>";
		};
		2E7C309A295D7C4300BAC43D /* Favor */ = {
			isa = PBXGroup;
			children = (
				2EBB0151295E8CAD0072D158 /* Assets */,
				2EBB014A295E8C600072D158 /* Sources */,
				2E7C30A6295D7C4500BAC43D /* LaunchScreen.storyboard */,
				2E7C30A9295D7C4500BAC43D /* Info.plist */,
				2EA46B2929BA35570030904E /* Term-Info.plist */,
			);
			path = Favor;
			sourceTree = "<group>";
		};
		2E95E4B429E8F04500A46C38 /* CellReactors */ = {
			isa = PBXGroup;
			children = (
				2E95E4B229E8F01C00A46C38 /* SearchGiftResultCellReactor.swift */,
				2E95E4B829E8FBF700A46C38 /* SearchUserResultCellReactor.swift */,
			);
			path = CellReactors;
			sourceTree = "<group>";
		};
		2E95E4B529E8F04F00A46C38 /* Cells */ = {
			isa = PBXGroup;
			children = (
				2EE1537229E5A6BE0023FEA5 /* SearchRecentCell.swift */,
				2EE1537829E7DC9F0023FEA5 /* SearchGiftResultCell.swift */,
				2E95E4B629E8FB8000A46C38 /* SearchUserResultCell.swift */,
			);
			path = Cells;
			sourceTree = "<group>";
		};
		2EA384B3299234630081499C /* Views */ = {
			isa = PBXGroup;
			children = (
				2E95E4B529E8F04F00A46C38 /* Cells */,
				2EE1537429E5AD560023FEA5 /* SearchRecentHeader.swift */,
				2EE1537A29E7E8790023FEA5 /* SelectedIndicatorBar.swift */,
			);
			path = Views;
			sourceTree = "<group>";
		};
		2EA384B4299234680081499C /* Reactors */ = {
			isa = PBXGroup;
			children = (
				2E95E4B429E8F04500A46C38 /* CellReactors */,
				2EA384B7299235990081499C /* SearchViewReactor.swift */,
			);
			path = Reactors;
			sourceTree = "<group>";
		};
		2EAC2C0429B9FED200D41DE0 /* Frameworks */ = {
			isa = PBXGroup;
			children = (
			);
			name = Frameworks;
			sourceTree = "<group>";
		};
		2EBB014A295E8C600072D158 /* Sources */ = {
			isa = PBXGroup;
			children = (
				E55CF7B8298A705F002940D1 /* Flows */,
				2EBB014D295E8C880072D158 /* Models */,
				2EBB014B295E8C770072D158 /* Scenes */,
				E5B61F3429B37ED90031046C /* Deprecated */,
			);
			path = Sources;
			sourceTree = "<group>";
		};
		2EBB014B295E8C770072D158 /* Scenes */ = {
			isa = PBXGroup;
			children = (
				2EBB0152295E8CCA0072D158 /* Application */,
				E5E423F229DC0D3400A6B48D /* BottomSheet */,
				E5B182902974F39C00229C50 /* Common */,
				2EF1585929E3CC3C00D199DF /* Dashboard */,
				2E76F58629601EC3002FF001 /* Splash */,
				2E1C5659296C24AE0067FC78 /* Auth */,
				2EE07ED4296E8DFF00048A3C /* Gift */,
				2EE07EB9296E8CC700048A3C /* Home */,
				2EE07E9F296C5F1D00048A3C /* Search */,
				2EE07EBD296E8D2300048A3C /* Profile */,
				2E1C565F296C28BF0067FC78 /* Onboarding */,
				2EE07EAA296E7BC100048A3C /* Reminder */,
			);
			path = Scenes;
			sourceTree = "<group>";
		};
		2EBB014D295E8C880072D158 /* Models */ = {
			isa = PBXGroup;
			children = (
				2EE3BAA829AF11E5004FDCC9 /* README.md */,
				2ED326B429B0F6EB001963D0 /* Terms.swift */,
				2EA73C4429DCA249005097C0 /* ReminderEditor.swift */,
			);
			path = Models;
			sourceTree = "<group>";
		};
		2EBB0151295E8CAD0072D158 /* Assets */ = {
			isa = PBXGroup;
			children = (
				2E7C30A4295D7C4500BAC43D /* Assets.xcassets */,
			);
			path = Assets;
			sourceTree = "<group>";
		};
		2EBB0152295E8CCA0072D158 /* Application */ = {
			isa = PBXGroup;
			children = (
				2E7C309B295D7C4300BAC43D /* AppDelegate.swift */,
				2E7C309D295D7C4300BAC43D /* SceneDelegate.swift */,
			);
			path = Application;
			sourceTree = "<group>";
		};
		2EBB0154295E8CEC0072D158 /* Reactors */ = {
			isa = PBXGroup;
			children = (
				2E6EBFB729A9395900A924B9 /* CellReactors */,
				2EA38491298D7C5F0081499C /* HeaderViewReactor.swift */,
				2EA384A1298D7CC10081499C /* HomeViewReactor.swift */,
			);
			path = Reactors;
			sourceTree = "<group>";
		};
		2EBB0155295E8CFD0072D158 /* Views */ = {
			isa = PBXGroup;
			children = (
				2EC6E11B29BC6030006FBC11 /* Cells */,
				2EA38499298D7C680081499C /* HeaderView.swift */,
			);
			path = Views;
			sourceTree = "<group>";
		};
		2EBB0156295E8D0A0072D158 /* ViewControllers */ = {
			isa = PBXGroup;
			children = (
				2EA3849F298D7C960081499C /* HomeVC.swift */,
			);
			path = ViewControllers;
			sourceTree = "<group>";
		};
		2EBCC8FA29EDB8C9008044DC /* MyPage */ = {
			isa = PBXGroup;
			children = (
				2EE07EC0296E8D3700048A3C /* Reactors */,
				2EE07EBF296E8D3300048A3C /* Views */,
				2EE07EBE296E8D2D00048A3C /* ViewControllers */,
			);
			path = MyPage;
			sourceTree = "<group>";
		};
		2EBCC8FB29EDB95C008044DC /* Common */ = {
			isa = PBXGroup;
			children = (
				2EBCC8FD29EDB991008044DC /* Reactors */,
				2EBCC8FC29EDB964008044DC /* Views */,
				2EBCC90029EE85D2008044DC /* ViewControllers */,
			);
			path = Common;
			sourceTree = "<group>";
		};
		2EBCC8FC29EDB964008044DC /* Views */ = {
			isa = PBXGroup;
			children = (
				E517803729A8E88A0011C220 /* Cells */,
				2EC939F8299E160A00C8C47F /* ProfileView.swift */,
				2EC939E02998BEAD00C8C47F /* ProfileGiftStatsCollectionHeader.swift */,
				2EC939EA299A7D4300C8C47F /* ProfileSectionHeader.swift */,
				2E00561D29A8B131006CF302 /* ProfileSectionFooter.swift */,
				2E5D8A8129EECD4F00AD49D1 /* ProfileSectionBackgroundView.swift */,
			);
			path = Views;
			sourceTree = "<group>";
		};
		2EBCC8FD29EDB991008044DC /* Reactors */ = {
			isa = PBXGroup;
			children = (
				2E6EBFB829A9B01700A924B9 /* CellReactors */,
				2EC939EE299BB10D00C8C47F /* ProfileSectionHeaderReactor.swift */,
				2EC939F0299CF67E00C8C47F /* ProfileGiftStatsCollectionHeaderReactor.swift */,
			);
			path = Reactors;
			sourceTree = "<group>";
		};
		2EBCC90029EE85D2008044DC /* ViewControllers */ = {
			isa = PBXGroup;
			children = (
				2EBCC90129EE85F6008044DC /* BaseProfileVC.swift */,
			);
			path = ViewControllers;
			sourceTree = "<group>";
		};
		2EC6E11B29BC6030006FBC11 /* Cells */ = {
			isa = PBXGroup;
			children = (
				2EA38497298D7C680081499C /* UpcomingCell.swift */,
				2EA38498298D7C680081499C /* TimelineCell.swift */,
			);
			path = Cells;
			sourceTree = "<group>";
		};
		2ED8CB4529B0C2E400E7B547 /* Views */ = {
			isa = PBXGroup;
			children = (
				2ED8CB4629B0C30400E7B547 /* TermCell.swift */,
				2ED326B629B0F98C001963D0 /* TermAcceptAllView.swift */,
				2ED326AE29B0EE16001963D0 /* TermTableView.swift */,
			);
			path = Views;
			sourceTree = "<group>";
		};
		2EE07E9F296C5F1D00048A3C /* Search */ = {
			isa = PBXGroup;
			children = (
				2EE1537629E5B00D0023FEA5 /* SearchRecentSection.swift */,
				2E95E4B029E8EFB400A46C38 /* SearchResultSection.swift */,
				2EA384B4299234680081499C /* Reactors */,
				2EA384B3299234630081499C /* Views */,
				2EE07EBA296E8CE600048A3C /* ViewControllers */,
			);
			path = Search;
			sourceTree = "<group>";
		};
		2EE07EAA296E7BC100048A3C /* Reminder */ = {
			isa = PBXGroup;
			children = (
				2EB3E71229D4500D008D10A0 /* ReminderSection.swift */,
				2EE07EAD296E7BE200048A3C /* Reactor */,
				2EE07EAC296E7BDE00048A3C /* Views */,
				2EE07EAB296E7BD700048A3C /* ViewControllers */,
			);
			path = Reminder;
			sourceTree = "<group>";
		};
		2EE07EAB296E7BD700048A3C /* ViewControllers */ = {
			isa = PBXGroup;
			children = (
				2EEC97D629D9909800AACF38 /* BaseReminderVC.swift */,
				2EE07ECE296E8DB500048A3C /* ReminderVC.swift */,
				2EA73C4629DE6FA0005097C0 /* ReminderDetailVC.swift */,
				2EEC97D229D9881C00AACF38 /* ReminderEditVC.swift */,
			);
			path = ViewControllers;
			sourceTree = "<group>";
		};
		2EE07EAC296E7BDE00048A3C /* Views */ = {
			isa = PBXGroup;
			children = (
				2EB3E71429D48B97008D10A0 /* ReminderCell.swift */,
				2EB3E71829D49008008D10A0 /* ReminderHeaderView.swift */,
				2EB3E71A29D5EB77008D10A0 /* PastSectionBackgroundView.swift */,
			);
			path = Views;
			sourceTree = "<group>";
		};
		2EE07EAD296E7BE200048A3C /* Reactor */ = {
			isa = PBXGroup;
			children = (
				2EB3E71029D4356A008D10A0 /* ReminderViewReactor.swift */,
				2EA73C4829DE703F005097C0 /* ReminderDetailViewReactor.swift */,
				2EEC97D429D9885C00AACF38 /* ReminderEditViewReactor.swift */,
				2EB3E71629D48BFE008D10A0 /* ReminderCellReactor.swift */,
			);
			path = Reactor;
			sourceTree = "<group>";
		};
		2EE07EB9296E8CC700048A3C /* Home */ = {
			isa = PBXGroup;
			children = (
				2EA38495298D7C680081499C /* HomeSection.swift */,
				2EBB0154295E8CEC0072D158 /* Reactors */,
				2EBB0155295E8CFD0072D158 /* Views */,
				2EBB0156295E8D0A0072D158 /* ViewControllers */,
			);
			path = Home;
			sourceTree = "<group>";
		};
		2EE07EBA296E8CE600048A3C /* ViewControllers */ = {
			isa = PBXGroup;
			children = (
				2E9C1B6F29E9B6AF008122D7 /* BaseSearchVC.swift */,
				2EA384B5299234770081499C /* SearchVC.swift */,
				2EC371F92995262D00D1007B /* SearchResultVC.swift */,
			);
			path = ViewControllers;
			sourceTree = "<group>";
		};
		2EE07EBD296E8D2300048A3C /* Profile */ = {
			isa = PBXGroup;
			children = (
				2EE07ECC296E8D9A00048A3C /* SettingVC.swift */,
				2EC939DE2998B80200C8C47F /* ProfileSection.swift */,
				2EBCC8FB29EDB95C008044DC /* Common */,
				2EBCC8FA29EDB8C9008044DC /* MyPage */,
				2E3FA74429F66B0C003342CA /* EditMyPage */,
				2E3FA75229F7C4D1003342CA /* Friend */,
			);
			path = Profile;
			sourceTree = "<group>";
		};
		2EE07EBE296E8D2D00048A3C /* ViewControllers */ = {
			isa = PBXGroup;
			children = (
				2EE07ECA296E8D8400048A3C /* MyPageVC.swift */,
			);
			path = ViewControllers;
			sourceTree = "<group>";
		};
		2EE07EBF296E8D3300048A3C /* Views */ = {
			isa = PBXGroup;
			children = (
				2E6C90B229A607C300AF963A /* Cells */,
			);
			path = Views;
			sourceTree = "<group>";
		};
		2EE07EC0296E8D3700048A3C /* Reactors */ = {
			isa = PBXGroup;
			children = (
				2EC939DA29967F1900C8C47F /* MyPageViewReactor.swift */,
				2E00562429A91F2A006CF302 /* NewAnniversaryHeaderViewReactor.swift */,
			);
			path = Reactors;
			sourceTree = "<group>";
		};
		2EE07ED4296E8DFF00048A3C /* Gift */ = {
			isa = PBXGroup;
			children = (
				E562610329939E8800D14020 /* NewGiftPhotoSection.swift */,
				2EE07EDA296E8E4400048A3C /* Views */,
				2EE07EDB296E8E4800048A3C /* Reactors */,
				2EE07ED5296E8E0C00048A3C /* ViewControllers */,
			);
			path = Gift;
			sourceTree = "<group>";
		};
		2EE07ED5296E8E0C00048A3C /* ViewControllers */ = {
			isa = PBXGroup;
			children = (
				E56260EE298F4D4F00D14020 /* NewGiftVC.swift */,
				2EE07ED8296E8E3400048A3C /* ShareVC.swift */,
			);
			path = ViewControllers;
			sourceTree = "<group>";
		};
		2EE07EDA296E8E4400048A3C /* Views */ = {
			isa = PBXGroup;
			children = (
				2EF1585429E1C06000D199DF /* Cells */,
				E52F565C29D5CBAA004E85A6 /* NewGiftChoiceFriendButton.swift */,
			);
			path = Views;
			sourceTree = "<group>";
		};
		2EE07EDB296E8E4800048A3C /* Reactors */ = {
			isa = PBXGroup;
			children = (
				E562610E299497C000D14020 /* NewGiftViewReactor.swift */,
			);
			path = Reactors;
			sourceTree = "<group>";
		};
		2EE07EE2296EDC9E00048A3C /* ViewControllers */ = {
			isa = PBXGroup;
			children = (
				2E6E86F029B3891200C7AF69 /* Password */,
				2EE07EE6296EDE5100048A3C /* SelectSignInVC.swift */,
				2ED22DAE296FF4A900ED6221 /* SignInVC.swift */,
				2EE0D58029751EBD0064E932 /* SignUpVC.swift */,
				2EE0D584297524660064E932 /* SetProfileVC.swift */,
				2EE0D58E29786C1C0064E932 /* TermVC.swift */,
			);
			path = ViewControllers;
			sourceTree = "<group>";
		};
		2EE07EE4296EDCA900048A3C /* Reactors */ = {
			isa = PBXGroup;
			children = (
				2E6E86F129B3894500C7AF69 /* Password */,
				2ED22DB0296FF4D100ED6221 /* SignInViewReactor.swift */,
				2EE07EE8296EDE9700048A3C /* SelectSignInViewReactor.swift */,
				2EE0D58229751EEF0064E932 /* SignUpViewReactor.swift */,
				2EE0D586297524880064E932 /* SetProfileViewReactor.swift */,
				2ED8CB4329B0BD3F00E7B547 /* TermViewReactor.swift */,
			);
			path = Reactors;
			sourceTree = "<group>";
		};
		2EE0D595297A9D670064E932 /* FavorUITests */ = {
			isa = PBXGroup;
			children = (
				2EE0D596297A9D670064E932 /* FavorUITests.swift */,
				2EE0D598297A9D670064E932 /* FavorUITestsLaunchTests.swift */,
			);
			path = FavorUITests;
			sourceTree = "<group>";
		};
		2EF1585429E1C06000D199DF /* Cells */ = {
			isa = PBXGroup;
			children = (
				2EF1585529E1C06000D199DF /* NewGiftEmptyCell.swift */,
				2EF1585629E1C06000D199DF /* NewGiftPhotoCell.swift */,
			);
			path = Cells;
			sourceTree = "<group>";
		};
		2EF1585929E3CC3C00D199DF /* Dashboard */ = {
			isa = PBXGroup;
			children = (
				2EF1585E29E3CDC100D199DF /* FavorTabBarController.swift */,
			);
			path = Dashboard;
			sourceTree = "<group>";
		};
		E517803729A8E88A0011C220 /* Cells */ = {
			isa = PBXGroup;
			children = (
				2EC939E22998C63200C8C47F /* ProfileSetupHelperCell.swift */,
				2EC939E42998C68900C8C47F /* ProfilePreferenceCell.swift */,
				2EC939E62998C6D100C8C47F /* ProfileAnniversaryCell.swift */,
				2E6C90B029A607BD00AF963A /* ProfileFriendCell.swift */,
			);
			path = Cells;
			sourceTree = "<group>";
		};
		E55CF7B8298A705F002940D1 /* Flows */ = {
			isa = PBXGroup;
			children = (
				E5CFF72A298404F700E11D9A /* AppStep.swift */,
				E55CF7C3298B5CDF002940D1 /* AppStpper.swift */,
				2EE6B3982983DF3900CDBC81 /* AppFlow.swift */,
				E55CF7B9298A743B002940D1 /* AuthFlow.swift */,
				E55CF7C5298B8EBB002940D1 /* DashboardFlow.swift */,
				E55CF7C0298B5631002940D1 /* OnboardingFlow.swift */,
				2EA384B92992371C0081499C /* SearchFlow.swift */,
				2EC6E11C29BC65BF006FBC11 /* HomeFlow.swift */,
				2EC6E11E29BC6656006FBC11 /* ReminderFlow.swift */,
				2EC939DC299684C000C8C47F /* MyPageFlow.swift */,
				E52F565A29D5698A004E85A6 /* NewGiftFlow.swift */,
			);
			path = Flows;
			sourceTree = "<group>";
		};
		E5B182902974F39C00229C50 /* Common */ = {
			isa = PBXGroup;
			children = (
			);
			path = Common;
			sourceTree = "<group>";
		};
		E5B61F3429B37ED90031046C /* Deprecated */ = {
			isa = PBXGroup;
			children = (
				2EBCC8FE29EDBFDB008044DC /* UICollectionViewCompositionalLayout+.swift */,
				2EE3BA6C29A9CC41004FDCC9 /* CompositionalLayoutFactory.swift */,
			);
			path = Deprecated;
			sourceTree = "<group>";
		};
		E5E423F229DC0D3400A6B48D /* BottomSheet */ = {
			isa = PBXGroup;
			children = (
				2EF1586029E3CDF300D199DF /* FilterBottomSheet.swift */,
			);
			name = BottomSheet;
			sourceTree = "<group>";
		};
/* End PBXGroup section */

/* Begin PBXNativeTarget section */
		2E7C3097295D7C4300BAC43D /* Favor */ = {
			isa = PBXNativeTarget;
			buildConfigurationList = 2E7C30AC295D7C4500BAC43D /* Build configuration list for PBXNativeTarget "Favor" */;
			buildPhases = (
				E5E28ED0295DAD87006B9245 /* SwiftLint Script */,
				2E7C3094295D7C4300BAC43D /* Sources */,
				2E7C3095295D7C4300BAC43D /* Frameworks */,
				2E7C3096295D7C4300BAC43D /* Resources */,
			);
			buildRules = (
			);
			dependencies = (
			);
			name = Favor;
			packageProductDependencies = (
				2E7C30B0295D8DA400BAC43D /* ReactorKit */,
				2E7C30B6295D8E1000BAC43D /* SnapKit */,
				2E63538A295D900F00B23A14 /* RxMoya */,
				2E63538D295D904000B23A14 /* Kingfisher */,
				2E635390295D906A00B23A14 /* Differentiator */,
				2E635392295D906A00B23A14 /* RxDataSources */,
				2EE6B3962982EDA400CDBC81 /* RxFlow */,
				2EC371F7299521AD00D1007B /* RxGesture */,
				E56260FB2991E4EA00D14020 /* RSKPlaceholderTextView */,
				2EE3BA6F29A9D7D4004FDCC9 /* Reusable */,
				2EE3BA8129AB60A4004FDCC9 /* Realm */,
				2EE3BA8329AB60A4004FDCC9 /* RealmSwift */,
				2EE3BA8629AB60B9004FDCC9 /* RxRealm */,
				2E730C6929BA31F4003668D9 /* FavorNetworkKit */,
				2EEFD5B629BB7B4300BA46BA /* FavorKit */,
				2E3FA74229F37D8F003342CA /* OrderedCollections */,
			);
			productName = Favor;
			productReference = 2E7C3098295D7C4300BAC43D /* Favor.app */;
			productType = "com.apple.product-type.application";
		};
		2EE0D593297A9D670064E932 /* FavorUITests */ = {
			isa = PBXNativeTarget;
			buildConfigurationList = 2EE0D59C297A9D670064E932 /* Build configuration list for PBXNativeTarget "FavorUITests" */;
			buildPhases = (
				2EE0D590297A9D670064E932 /* Sources */,
				2EE0D591297A9D670064E932 /* Frameworks */,
				2EE0D592297A9D670064E932 /* Resources */,
			);
			buildRules = (
			);
			dependencies = (
				2EE0D59B297A9D670064E932 /* PBXTargetDependency */,
			);
			name = FavorUITests;
			productName = FavorUITests;
			productReference = 2EE0D594297A9D670064E932 /* FavorUITests.xctest */;
			productType = "com.apple.product-type.bundle.ui-testing";
		};
/* End PBXNativeTarget section */

/* Begin PBXProject section */
		2E7C3090295D7C4300BAC43D /* Project object */ = {
			isa = PBXProject;
			attributes = {
				BuildIndependentTargetsInParallel = 1;
				LastSwiftUpdateCheck = 1420;
				LastUpgradeCheck = 1430;
				TargetAttributes = {
					2E7C3097295D7C4300BAC43D = {
						CreatedOnToolsVersion = 14.1;
					};
					2EE0D593297A9D670064E932 = {
						CreatedOnToolsVersion = 14.2;
						TestTargetID = 2E7C3097295D7C4300BAC43D;
					};
				};
			};
			buildConfigurationList = 2E7C3093295D7C4300BAC43D /* Build configuration list for PBXProject "Favor" */;
			compatibilityVersion = "Xcode 14.0";
			developmentRegion = en;
			hasScannedForEncodings = 0;
			knownRegions = (
				en,
				Base,
			);
			mainGroup = 2E7C308F295D7C4300BAC43D;
			packageReferences = (
				2E7C30AF295D8DA400BAC43D /* XCRemoteSwiftPackageReference "ReactorKit" */,
				2E7C30B5295D8E1000BAC43D /* XCRemoteSwiftPackageReference "SnapKit" */,
				2E635389295D900F00B23A14 /* XCRemoteSwiftPackageReference "Moya" */,
				2E63538C295D904000B23A14 /* XCRemoteSwiftPackageReference "Kingfisher" */,
				2E63538F295D906A00B23A14 /* XCRemoteSwiftPackageReference "RxDataSources" */,
				2EE6B3952982EDA400CDBC81 /* XCRemoteSwiftPackageReference "RxFlow" */,
				2EC371F6299521AD00D1007B /* XCRemoteSwiftPackageReference "RxGesture" */,
				E56260FA2991E4EA00D14020 /* XCRemoteSwiftPackageReference "RSKPlaceholderTextView" */,
				2EE3BA6E29A9D7D3004FDCC9 /* XCRemoteSwiftPackageReference "Reusable" */,
				2EE3BA8029AB60A4004FDCC9 /* XCRemoteSwiftPackageReference "realm-swift" */,
				2EE3BA8529AB60B9004FDCC9 /* XCRemoteSwiftPackageReference "RxRealm" */,
				2E3FA74129F37D8F003342CA /* XCRemoteSwiftPackageReference "swift-collections" */,
			);
			productRefGroup = 2E7C3099295D7C4300BAC43D /* Products */;
			projectDirPath = "";
			projectRoot = "";
			targets = (
				2E7C3097295D7C4300BAC43D /* Favor */,
				2EE0D593297A9D670064E932 /* FavorUITests */,
			);
		};
/* End PBXProject section */

/* Begin PBXResourcesBuildPhase section */
		2E7C3096295D7C4300BAC43D /* Resources */ = {
			isa = PBXResourcesBuildPhase;
			buildActionMask = 2147483647;
			files = (
				E5E28ED4295DAE2C006B9245 /* .swiftlint.yml in Resources */,
				2E7C30A8295D7C4500BAC43D /* LaunchScreen.storyboard in Resources */,
				2E7C30A5295D7C4500BAC43D /* Assets.xcassets in Resources */,
				2EA46B2A29BA35570030904E /* Term-Info.plist in Resources */,
			);
			runOnlyForDeploymentPostprocessing = 0;
		};
		2EE0D592297A9D670064E932 /* Resources */ = {
			isa = PBXResourcesBuildPhase;
			buildActionMask = 2147483647;
			files = (
			);
			runOnlyForDeploymentPostprocessing = 0;
		};
/* End PBXResourcesBuildPhase section */

/* Begin PBXShellScriptBuildPhase section */
		E5E28ED0295DAD87006B9245 /* SwiftLint Script */ = {
			isa = PBXShellScriptBuildPhase;
			alwaysOutOfDate = 1;
			buildActionMask = 2147483647;
			files = (
			);
			inputFileListPaths = (
			);
			inputPaths = (
			);
			name = "SwiftLint Script";
			outputFileListPaths = (
			);
			outputPaths = (
			);
			runOnlyForDeploymentPostprocessing = 0;
			shellPath = /bin/sh;
			shellScript = "# Type a script or drag a script file from your workspace to insert its path.\nexport PATH=\"$PATH:/opt/homebrew/bin\"\nif which swiftlint > /dev/null; then\n  swiftlint\nelse\n  echo \"warning: SwiftLint not installed, download from https://github.com/realm/SwiftLint\"\nfi\n";
		};
/* End PBXShellScriptBuildPhase section */

/* Begin PBXSourcesBuildPhase section */
		2E7C3094295D7C4300BAC43D /* Sources */ = {
			isa = PBXSourcesBuildPhase;
			buildActionMask = 2147483647;
			files = (
				2E8C664029BB95DB00006CBF /* FindPasswordViewReactor.swift in Sources */,
				2E8C663F29BB95C400006CBF /* SignUpVC.swift in Sources */,
				2EE1537329E5A6BE0023FEA5 /* SearchRecentCell.swift in Sources */,
				2ECB681429A9CAC200F4C1F3 /* AppFlow.swift in Sources */,
				2EA384B8299235990081499C /* SearchViewReactor.swift in Sources */,
				2ED326C129B327AA001963D0 /* ValidateEmailCodeVC.swift in Sources */,
				2ED326B729B0F98C001963D0 /* TermAcceptAllView.swift in Sources */,
				2ED8CB4729B0C30400E7B547 /* TermCell.swift in Sources */,
				2EF1585729E1C06000D199DF /* NewGiftEmptyCell.swift in Sources */,
				2ED326C329B327DE001963D0 /* ValidateEmailCodeViewReactor.swift in Sources */,
				E52F565D29D5CBAA004E85A6 /* NewGiftChoiceFriendButton.swift in Sources */,
				2E00561E29A8B131006CF302 /* ProfileSectionFooter.swift in Sources */,
				2EC939E32998C63200C8C47F /* ProfileSetupHelperCell.swift in Sources */,
				2EE1537B29E7E8790023FEA5 /* SelectedIndicatorBar.swift in Sources */,
				2EEC97D529D9885C00AACF38 /* ReminderEditViewReactor.swift in Sources */,
				E5B1827A2973FDC600229C50 /* OnboardingSlide.swift in Sources */,
				2ED22DB1296FF4D100ED6221 /* SignInViewReactor.swift in Sources */,
				2EA73C4729DE6FA0005097C0 /* ReminderDetailVC.swift in Sources */,
				2EA384A0298D7C960081499C /* HomeVC.swift in Sources */,
				2EB3E71529D48B97008D10A0 /* ReminderCell.swift in Sources */,
				2E6C90BC29A6239600AF963A /* EditMyPageVC.swift in Sources */,
				2EE0D58F29786C1C0064E932 /* TermVC.swift in Sources */,
				2ED326BB29B2F765001963D0 /* FindPasswordVC.swift in Sources */,
				2EF1585F29E3CDC100D199DF /* FavorTabBarController.swift in Sources */,
				2EA73C4929DE703F005097C0 /* ReminderDetailViewReactor.swift in Sources */,
				2ED326C729B32C32001963D0 /* NewPasswordViewReactor.swift in Sources */,
				2EC939DD299684C000C8C47F /* MyPageFlow.swift in Sources */,
				E5B61F3529B37F260031046C /* (null) in Sources */,
				2EA384B6299234770081499C /* SearchVC.swift in Sources */,
				2EB3E71329D4500D008D10A0 /* ReminderSection.swift in Sources */,
				E5CFF72B298404F700E11D9A /* AppStep.swift in Sources */,
				2EC371FA2995262D00D1007B /* SearchResultVC.swift in Sources */,
				2EE1537929E7DC9F0023FEA5 /* SearchGiftResultCell.swift in Sources */,
				2EC6E11D29BC65BF006FBC11 /* HomeFlow.swift in Sources */,
				2ED22DAF296FF4A900ED6221 /* SignInVC.swift in Sources */,
				E52F565B29D5698A004E85A6 /* NewGiftFlow.swift in Sources */,
				2EA3849C298D7C680081499C /* UpcomingCell.swift in Sources */,
				2EC939E72998C6D100C8C47F /* ProfileAnniversaryCell.swift in Sources */,
				2ED326AD29B0DB9D001963D0 /* TermSection.swift in Sources */,
				2EE07EE9296EDE9700048A3C /* SelectSignInViewReactor.swift in Sources */,
				2EB3E71B29D5EB77008D10A0 /* PastSectionBackgroundView.swift in Sources */,
				2EA38492298D7C5F0081499C /* UpcomingCellReactor.swift in Sources */,
				2EC939E12998BEAD00C8C47F /* ProfileGiftStatsCollectionHeader.swift in Sources */,
				2E3FA75129F713A7003342CA /* EditMyPageSectionHeader.swift in Sources */,
				2E3FA74929F706FA003342CA /* EditMyPagePreferenceSection.swift in Sources */,
				2EA38494298D7C5F0081499C /* HeaderViewReactor.swift in Sources */,
				2E95E4B729E8FB8000A46C38 /* SearchUserResultCell.swift in Sources */,
				2EA3849E298D7C680081499C /* HeaderView.swift in Sources */,
				2E76F58529601CD6002FF001 /* SplashVC.swift in Sources */,
				2EE0D58329751EEF0064E932 /* SignUpViewReactor.swift in Sources */,
				2EC939EF299BB10D00C8C47F /* ProfileSectionHeaderReactor.swift in Sources */,
				2E3FA74C29F7087D003342CA /* EditMyPagePreferenceCellReactor.swift in Sources */,
				2E3FA74F29F709D1003342CA /* EditMyPagePreferenceCell.swift in Sources */,
				2E6C90B129A607BD00AF963A /* ProfileFriendCell.swift in Sources */,
				2EC939DB29967F1900C8C47F /* MyPageViewReactor.swift in Sources */,
				2EE07ED9296E8E3400048A3C /* ShareVC.swift in Sources */,
				2EF1585829E1C06000D199DF /* NewGiftPhotoCell.swift in Sources */,
				2E1C5661296C29210067FC78 /* OnboardingVC.swift in Sources */,
				2E5D8A8229EECD4F00AD49D1 /* ProfileSectionBackgroundView.swift in Sources */,
				2EBCC90229EE85F6008044DC /* BaseProfileVC.swift in Sources */,
				2E00562529A91F2A006CF302 /* NewAnniversaryHeaderViewReactor.swift in Sources */,
				2EC939EB299A7D4300C8C47F /* ProfileSectionHeader.swift in Sources */,
				2EA384A2298D7CC10081499C /* HomeViewReactor.swift in Sources */,
				2EE07ECB296E8D8400048A3C /* MyPageVC.swift in Sources */,
				2E6C90B529A607FA00AF963A /* ProfileFriendCellReactor.swift in Sources */,
				2EA73C4529DCA249005097C0 /* ReminderEditor.swift in Sources */,
				2EE07ECD296E8D9A00048A3C /* SettingVC.swift in Sources */,
				E56260EF298F4D4F00D14020 /* NewGiftVC.swift in Sources */,
				2EE07EE7296EDE5100048A3C /* SelectSignInVC.swift in Sources */,
				2E00562329A91EEE006CF302 /* NewAnniversaryHeaderView.swift in Sources */,
				2EA384BA2992371C0081499C /* SearchFlow.swift in Sources */,
				2EA3849D298D7C680081499C /* TimelineCell.swift in Sources */,
				2E6C90BE29A623E000AF963A /* EditMyPageViewReactor.swift in Sources */,
				2EE1537729E5B00D0023FEA5 /* SearchRecentSection.swift in Sources */,
				2E9C1B7029E9B6AF008122D7 /* BaseSearchVC.swift in Sources */,
				2E3FA75929F7C561003342CA /* FriendViewReactor.swift in Sources */,
				E55CF7C1298B5631002940D1 /* OnboardingFlow.swift in Sources */,
				E55CF7BA298A743B002940D1 /* AuthFlow.swift in Sources */,
				E562610429939E8800D14020 /* NewGiftPhotoSection.swift in Sources */,
				2ED326AF29B0EE16001963D0 /* TermTableView.swift in Sources */,
				2EEC97D729D9909800AACF38 /* BaseReminderVC.swift in Sources */,
				2EC939E52998C68900C8C47F /* ProfilePreferenceCell.swift in Sources */,
				2E7C309C295D7C4300BAC43D /* AppDelegate.swift in Sources */,
				2E3FA75729F7C52D003342CA /* FriendVC.swift in Sources */,
				2ED326B529B0F6EB001963D0 /* Terms.swift in Sources */,
				2EE1537529E5AD560023FEA5 /* SearchRecentHeader.swift in Sources */,
				E55CF7C4298B5CDF002940D1 /* AppStpper.swift in Sources */,
				2EC939F3299CF6A300C8C47F /* ProfileSetupHelperCellReactor.swift in Sources */,
				2ED326C529B32C0C001963D0 /* NewPasswordVC.swift in Sources */,
				2EC939F5299CF6C400C8C47F /* ProfilePreferenceCellReactor.swift in Sources */,
				2EEC97D329D9881C00AACF38 /* ReminderEditVC.swift in Sources */,
				2EB3E71729D48BFE008D10A0 /* ReminderCellReactor.swift in Sources */,
				E562610F299497C000D14020 /* NewGiftViewReactor.swift in Sources */,
				2EE3BA6D29A9CC41004FDCC9 /* CompositionalLayoutFactory.swift in Sources */,
				2EF1586129E3CDF300D199DF /* FilterBottomSheet.swift in Sources */,
				2EB3E71929D49008008D10A0 /* ReminderHeaderView.swift in Sources */,
				2EE0D587297524880064E932 /* SetProfileViewReactor.swift in Sources */,
				2E95E4B329E8F01C00A46C38 /* SearchGiftResultCellReactor.swift in Sources */,
				2EE0D585297524660064E932 /* SetProfileVC.swift in Sources */,
				2EC939DF2998B80200C8C47F /* ProfileSection.swift in Sources */,
				2EC939F9299E160B00C8C47F /* ProfileView.swift in Sources */,
				2EB3E71129D4356A008D10A0 /* ReminderViewReactor.swift in Sources */,
				2EBCC8FF29EDBFDB008044DC /* UICollectionViewCompositionalLayout+.swift in Sources */,
				2EC6E11F29BC6656006FBC11 /* ReminderFlow.swift in Sources */,
				E55CF7C6298B8EBB002940D1 /* DashboardFlow.swift in Sources */,
				2EC939F1299CF67E00C8C47F /* ProfileGiftStatsCollectionHeaderReactor.swift in Sources */,
				2EE07ECF296E8DB500048A3C /* ReminderVC.swift in Sources */,
				2E95E4B129E8EFB400A46C38 /* SearchResultSection.swift in Sources */,
				2EA38493298D7C5F0081499C /* TimelineCellReactor.swift in Sources */,
				2E7C309E295D7C4300BAC43D /* SceneDelegate.swift in Sources */,
				2EA3849A298D7C680081499C /* HomeSection.swift in Sources */,
				2ED8CB4429B0BD3F00E7B547 /* TermViewReactor.swift in Sources */,
				2EC939F7299CF6E800C8C47F /* ProfileAnniversaryCellReactor.swift in Sources */,
				E57F313D2970004D00E3D449 /* OnboardingCell.swift in Sources */,
				2E95E4B929E8FBF700A46C38 /* SearchUserResultCellReactor.swift in Sources */,
			);
			runOnlyForDeploymentPostprocessing = 0;
		};
		2EE0D590297A9D670064E932 /* Sources */ = {
			isa = PBXSourcesBuildPhase;
			buildActionMask = 2147483647;
			files = (
				2EE0D597297A9D670064E932 /* FavorUITests.swift in Sources */,
				2EE0D599297A9D670064E932 /* FavorUITestsLaunchTests.swift in Sources */,
			);
			runOnlyForDeploymentPostprocessing = 0;
		};
/* End PBXSourcesBuildPhase section */

/* Begin PBXTargetDependency section */
		2EE0D59B297A9D670064E932 /* PBXTargetDependency */ = {
			isa = PBXTargetDependency;
			target = 2E7C3097295D7C4300BAC43D /* Favor */;
			targetProxy = 2EE0D59A297A9D670064E932 /* PBXContainerItemProxy */;
		};
/* End PBXTargetDependency section */

/* Begin PBXVariantGroup section */
		2E7C30A6295D7C4500BAC43D /* LaunchScreen.storyboard */ = {
			isa = PBXVariantGroup;
			children = (
				2E7C30A7295D7C4500BAC43D /* Base */,
			);
			name = LaunchScreen.storyboard;
			sourceTree = "<group>";
		};
/* End PBXVariantGroup section */

/* Begin XCBuildConfiguration section */
		2E7C30AA295D7C4500BAC43D /* Debug */ = {
			isa = XCBuildConfiguration;
			buildSettings = {
				ALWAYS_SEARCH_USER_PATHS = NO;
				CLANG_ANALYZER_NONNULL = YES;
				CLANG_ANALYZER_NUMBER_OBJECT_CONVERSION = YES_AGGRESSIVE;
				CLANG_CXX_LANGUAGE_STANDARD = "gnu++20";
				CLANG_ENABLE_MODULES = YES;
				CLANG_ENABLE_OBJC_ARC = YES;
				CLANG_ENABLE_OBJC_WEAK = YES;
				CLANG_WARN_BLOCK_CAPTURE_AUTORELEASING = YES;
				CLANG_WARN_BOOL_CONVERSION = YES;
				CLANG_WARN_COMMA = YES;
				CLANG_WARN_CONSTANT_CONVERSION = YES;
				CLANG_WARN_DEPRECATED_OBJC_IMPLEMENTATIONS = YES;
				CLANG_WARN_DIRECT_OBJC_ISA_USAGE = YES_ERROR;
				CLANG_WARN_DOCUMENTATION_COMMENTS = YES;
				CLANG_WARN_EMPTY_BODY = YES;
				CLANG_WARN_ENUM_CONVERSION = YES;
				CLANG_WARN_INFINITE_RECURSION = YES;
				CLANG_WARN_INT_CONVERSION = YES;
				CLANG_WARN_NON_LITERAL_NULL_CONVERSION = YES;
				CLANG_WARN_OBJC_IMPLICIT_RETAIN_SELF = YES;
				CLANG_WARN_OBJC_LITERAL_CONVERSION = YES;
				CLANG_WARN_OBJC_ROOT_CLASS = YES_ERROR;
				CLANG_WARN_QUOTED_INCLUDE_IN_FRAMEWORK_HEADER = YES;
				CLANG_WARN_RANGE_LOOP_ANALYSIS = YES;
				CLANG_WARN_STRICT_PROTOTYPES = YES;
				CLANG_WARN_SUSPICIOUS_MOVE = YES;
				CLANG_WARN_UNGUARDED_AVAILABILITY = YES_AGGRESSIVE;
				CLANG_WARN_UNREACHABLE_CODE = YES;
				CLANG_WARN__DUPLICATE_METHOD_MATCH = YES;
				COPY_PHASE_STRIP = NO;
				DEBUG_INFORMATION_FORMAT = dwarf;
				ENABLE_STRICT_OBJC_MSGSEND = YES;
				ENABLE_TESTABILITY = YES;
				GCC_C_LANGUAGE_STANDARD = gnu11;
				GCC_DYNAMIC_NO_PIC = NO;
				GCC_NO_COMMON_BLOCKS = YES;
				GCC_OPTIMIZATION_LEVEL = 0;
				GCC_PREPROCESSOR_DEFINITIONS = (
					"DEBUG=1",
					"$(inherited)",
				);
				GCC_WARN_64_TO_32_BIT_CONVERSION = YES;
				GCC_WARN_ABOUT_RETURN_TYPE = YES_ERROR;
				GCC_WARN_UNDECLARED_SELECTOR = YES;
				GCC_WARN_UNINITIALIZED_AUTOS = YES_AGGRESSIVE;
				GCC_WARN_UNUSED_FUNCTION = YES;
				GCC_WARN_UNUSED_VARIABLE = YES;
				IPHONEOS_DEPLOYMENT_TARGET = 15.0;
				MTL_ENABLE_DEBUG_INFO = INCLUDE_SOURCE;
				MTL_FAST_MATH = YES;
				ONLY_ACTIVE_ARCH = YES;
				SDKROOT = iphoneos;
				SWIFT_ACTIVE_COMPILATION_CONDITIONS = DEBUG;
				SWIFT_OPTIMIZATION_LEVEL = "-Onone";
			};
			name = Debug;
		};
		2E7C30AB295D7C4500BAC43D /* Release */ = {
			isa = XCBuildConfiguration;
			buildSettings = {
				ALWAYS_SEARCH_USER_PATHS = NO;
				CLANG_ANALYZER_NONNULL = YES;
				CLANG_ANALYZER_NUMBER_OBJECT_CONVERSION = YES_AGGRESSIVE;
				CLANG_CXX_LANGUAGE_STANDARD = "gnu++20";
				CLANG_ENABLE_MODULES = YES;
				CLANG_ENABLE_OBJC_ARC = YES;
				CLANG_ENABLE_OBJC_WEAK = YES;
				CLANG_WARN_BLOCK_CAPTURE_AUTORELEASING = YES;
				CLANG_WARN_BOOL_CONVERSION = YES;
				CLANG_WARN_COMMA = YES;
				CLANG_WARN_CONSTANT_CONVERSION = YES;
				CLANG_WARN_DEPRECATED_OBJC_IMPLEMENTATIONS = YES;
				CLANG_WARN_DIRECT_OBJC_ISA_USAGE = YES_ERROR;
				CLANG_WARN_DOCUMENTATION_COMMENTS = YES;
				CLANG_WARN_EMPTY_BODY = YES;
				CLANG_WARN_ENUM_CONVERSION = YES;
				CLANG_WARN_INFINITE_RECURSION = YES;
				CLANG_WARN_INT_CONVERSION = YES;
				CLANG_WARN_NON_LITERAL_NULL_CONVERSION = YES;
				CLANG_WARN_OBJC_IMPLICIT_RETAIN_SELF = YES;
				CLANG_WARN_OBJC_LITERAL_CONVERSION = YES;
				CLANG_WARN_OBJC_ROOT_CLASS = YES_ERROR;
				CLANG_WARN_QUOTED_INCLUDE_IN_FRAMEWORK_HEADER = YES;
				CLANG_WARN_RANGE_LOOP_ANALYSIS = YES;
				CLANG_WARN_STRICT_PROTOTYPES = YES;
				CLANG_WARN_SUSPICIOUS_MOVE = YES;
				CLANG_WARN_UNGUARDED_AVAILABILITY = YES_AGGRESSIVE;
				CLANG_WARN_UNREACHABLE_CODE = YES;
				CLANG_WARN__DUPLICATE_METHOD_MATCH = YES;
				COPY_PHASE_STRIP = NO;
				DEBUG_INFORMATION_FORMAT = "dwarf-with-dsym";
				ENABLE_NS_ASSERTIONS = NO;
				ENABLE_STRICT_OBJC_MSGSEND = YES;
				GCC_C_LANGUAGE_STANDARD = gnu11;
				GCC_NO_COMMON_BLOCKS = YES;
				GCC_WARN_64_TO_32_BIT_CONVERSION = YES;
				GCC_WARN_ABOUT_RETURN_TYPE = YES_ERROR;
				GCC_WARN_UNDECLARED_SELECTOR = YES;
				GCC_WARN_UNINITIALIZED_AUTOS = YES_AGGRESSIVE;
				GCC_WARN_UNUSED_FUNCTION = YES;
				GCC_WARN_UNUSED_VARIABLE = YES;
				IPHONEOS_DEPLOYMENT_TARGET = 15.0;
				MTL_ENABLE_DEBUG_INFO = NO;
				MTL_FAST_MATH = YES;
				SDKROOT = iphoneos;
				SWIFT_COMPILATION_MODE = wholemodule;
				SWIFT_OPTIMIZATION_LEVEL = "-O";
				VALIDATE_PRODUCT = YES;
			};
			name = Release;
		};
		2E7C30AD295D7C4500BAC43D /* Debug */ = {
			isa = XCBuildConfiguration;
			buildSettings = {
				ASSETCATALOG_COMPILER_APPICON_NAME = AppIcon;
				ASSETCATALOG_COMPILER_GLOBAL_ACCENT_COLOR_NAME = AccentColor;
				CODE_SIGN_ENTITLEMENTS = "";
				CODE_SIGN_STYLE = Automatic;
				CURRENT_PROJECT_VERSION = 1;
				DEVELOPMENT_TEAM = XW996HTK32;
				GENERATE_INFOPLIST_FILE = YES;
				INFOPLIST_FILE = Favor/Info.plist;
				INFOPLIST_KEY_LSApplicationCategoryType = "public.app-category.lifestyle";
				INFOPLIST_KEY_UIApplicationSupportsIndirectInputEvents = YES;
				INFOPLIST_KEY_UILaunchStoryboardName = LaunchScreen;
				INFOPLIST_KEY_UISupportedInterfaceOrientations = UIInterfaceOrientationPortrait;
				INFOPLIST_KEY_UIUserInterfaceStyle = Light;
				IPHONEOS_DEPLOYMENT_TARGET = 15.0;
				LD_RUNPATH_SEARCH_PATHS = (
					"$(inherited)",
					"@executable_path/Frameworks",
				);
				MARKETING_VERSION = 1.0;
				PRODUCT_BUNDLE_IDENTIFIER = "com.favor.Favor-iOS";
				PRODUCT_NAME = "$(TARGET_NAME)";
				SUPPORTED_PLATFORMS = "iphoneos iphonesimulator";
				SUPPORTS_MACCATALYST = NO;
				SUPPORTS_MAC_DESIGNED_FOR_IPHONE_IPAD = NO;
				SWIFT_EMIT_LOC_STRINGS = YES;
				SWIFT_VERSION = 5.0;
				TARGETED_DEVICE_FAMILY = 1;
			};
			name = Debug;
		};
		2E7C30AE295D7C4500BAC43D /* Release */ = {
			isa = XCBuildConfiguration;
			buildSettings = {
				ASSETCATALOG_COMPILER_APPICON_NAME = AppIcon;
				ASSETCATALOG_COMPILER_GLOBAL_ACCENT_COLOR_NAME = AccentColor;
				CODE_SIGN_ENTITLEMENTS = "";
				CODE_SIGN_STYLE = Automatic;
				CURRENT_PROJECT_VERSION = 1;
				DEVELOPMENT_TEAM = XW996HTK32;
				GENERATE_INFOPLIST_FILE = YES;
				INFOPLIST_FILE = Favor/Info.plist;
				INFOPLIST_KEY_LSApplicationCategoryType = "public.app-category.lifestyle";
				INFOPLIST_KEY_UIApplicationSupportsIndirectInputEvents = YES;
				INFOPLIST_KEY_UILaunchStoryboardName = LaunchScreen;
				INFOPLIST_KEY_UISupportedInterfaceOrientations = UIInterfaceOrientationPortrait;
				INFOPLIST_KEY_UIUserInterfaceStyle = Light;
				IPHONEOS_DEPLOYMENT_TARGET = 15.0;
				LD_RUNPATH_SEARCH_PATHS = (
					"$(inherited)",
					"@executable_path/Frameworks",
				);
				MARKETING_VERSION = 1.0;
				PRODUCT_BUNDLE_IDENTIFIER = "com.favor.Favor-iOS";
				PRODUCT_NAME = "$(TARGET_NAME)";
				SUPPORTED_PLATFORMS = "iphoneos iphonesimulator";
				SUPPORTS_MACCATALYST = NO;
				SUPPORTS_MAC_DESIGNED_FOR_IPHONE_IPAD = NO;
				SWIFT_EMIT_LOC_STRINGS = YES;
				SWIFT_VERSION = 5.0;
				TARGETED_DEVICE_FAMILY = 1;
			};
			name = Release;
		};
		2EE0D59D297A9D670064E932 /* Debug */ = {
			isa = XCBuildConfiguration;
			buildSettings = {
				CODE_SIGN_STYLE = Automatic;
				CURRENT_PROJECT_VERSION = 1;
				DEVELOPMENT_TEAM = XW996HTK32;
				GENERATE_INFOPLIST_FILE = YES;
				IPHONEOS_DEPLOYMENT_TARGET = 16.2;
				MARKETING_VERSION = 1.0;
				PRODUCT_BUNDLE_IDENTIFIER = com.favor.FavorUITests;
				PRODUCT_NAME = "$(TARGET_NAME)";
				SWIFT_EMIT_LOC_STRINGS = NO;
				SWIFT_VERSION = 5.0;
				TARGETED_DEVICE_FAMILY = "1,2";
				TEST_TARGET_NAME = Favor;
			};
			name = Debug;
		};
		2EE0D59E297A9D670064E932 /* Release */ = {
			isa = XCBuildConfiguration;
			buildSettings = {
				CODE_SIGN_STYLE = Automatic;
				CURRENT_PROJECT_VERSION = 1;
				DEVELOPMENT_TEAM = XW996HTK32;
				GENERATE_INFOPLIST_FILE = YES;
				IPHONEOS_DEPLOYMENT_TARGET = 16.2;
				MARKETING_VERSION = 1.0;
				PRODUCT_BUNDLE_IDENTIFIER = com.favor.FavorUITests;
				PRODUCT_NAME = "$(TARGET_NAME)";
				SWIFT_EMIT_LOC_STRINGS = NO;
				SWIFT_VERSION = 5.0;
				TARGETED_DEVICE_FAMILY = "1,2";
				TEST_TARGET_NAME = Favor;
			};
			name = Release;
		};
/* End XCBuildConfiguration section */

/* Begin XCConfigurationList section */
		2E7C3093295D7C4300BAC43D /* Build configuration list for PBXProject "Favor" */ = {
			isa = XCConfigurationList;
			buildConfigurations = (
				2E7C30AA295D7C4500BAC43D /* Debug */,
				2E7C30AB295D7C4500BAC43D /* Release */,
			);
			defaultConfigurationIsVisible = 0;
			defaultConfigurationName = Release;
		};
		2E7C30AC295D7C4500BAC43D /* Build configuration list for PBXNativeTarget "Favor" */ = {
			isa = XCConfigurationList;
			buildConfigurations = (
				2E7C30AD295D7C4500BAC43D /* Debug */,
				2E7C30AE295D7C4500BAC43D /* Release */,
			);
			defaultConfigurationIsVisible = 0;
			defaultConfigurationName = Release;
		};
		2EE0D59C297A9D670064E932 /* Build configuration list for PBXNativeTarget "FavorUITests" */ = {
			isa = XCConfigurationList;
			buildConfigurations = (
				2EE0D59D297A9D670064E932 /* Debug */,
				2EE0D59E297A9D670064E932 /* Release */,
			);
			defaultConfigurationIsVisible = 0;
			defaultConfigurationName = Release;
		};
/* End XCConfigurationList section */

/* Begin XCRemoteSwiftPackageReference section */
		2E3FA74129F37D8F003342CA /* XCRemoteSwiftPackageReference "swift-collections" */ = {
			isa = XCRemoteSwiftPackageReference;
			repositoryURL = "https://github.com/apple/swift-collections.git";
			requirement = {
				kind = upToNextMajorVersion;
				minimumVersion = 1.0.0;
			};
		};
		2E635389295D900F00B23A14 /* XCRemoteSwiftPackageReference "Moya" */ = {
			isa = XCRemoteSwiftPackageReference;
			repositoryURL = "https://github.com/Moya/Moya";
			requirement = {
				kind = upToNextMajorVersion;
				minimumVersion = 15.0.0;
			};
		};
		2E63538C295D904000B23A14 /* XCRemoteSwiftPackageReference "Kingfisher" */ = {
			isa = XCRemoteSwiftPackageReference;
			repositoryURL = "https://github.com/onevcat/Kingfisher";
			requirement = {
				kind = upToNextMajorVersion;
				minimumVersion = 7.0.0;
			};
		};
		2E63538F295D906A00B23A14 /* XCRemoteSwiftPackageReference "RxDataSources" */ = {
			isa = XCRemoteSwiftPackageReference;
			repositoryURL = "https://github.com/RxSwiftCommunity/RxDataSources";
			requirement = {
				kind = upToNextMajorVersion;
				minimumVersion = 5.0.0;
			};
		};
		2E7C30AF295D8DA400BAC43D /* XCRemoteSwiftPackageReference "ReactorKit" */ = {
			isa = XCRemoteSwiftPackageReference;
			repositoryURL = "https://github.com/ReactorKit/ReactorKit";
			requirement = {
				kind = upToNextMajorVersion;
				minimumVersion = 3.0.0;
			};
		};
		2E7C30B5295D8E1000BAC43D /* XCRemoteSwiftPackageReference "SnapKit" */ = {
			isa = XCRemoteSwiftPackageReference;
			repositoryURL = "https://github.com/SnapKit/SnapKit";
			requirement = {
				kind = upToNextMajorVersion;
				minimumVersion = 5.0.0;
			};
		};
		2EC371F6299521AD00D1007B /* XCRemoteSwiftPackageReference "RxGesture" */ = {
			isa = XCRemoteSwiftPackageReference;
			repositoryURL = "https://github.com/RxSwiftCommunity/RxGesture";
			requirement = {
				kind = upToNextMajorVersion;
				minimumVersion = 4.0.0;
			};
		};
		2EE3BA6E29A9D7D3004FDCC9 /* XCRemoteSwiftPackageReference "Reusable" */ = {
			isa = XCRemoteSwiftPackageReference;
			repositoryURL = "https://github.com/AliSoftware/Reusable";
			requirement = {
				kind = upToNextMajorVersion;
				minimumVersion = 4.0.0;
			};
		};
		2EE3BA8029AB60A4004FDCC9 /* XCRemoteSwiftPackageReference "realm-swift" */ = {
			isa = XCRemoteSwiftPackageReference;
			repositoryURL = "https://github.com/realm/realm-swift.git";
			requirement = {
				kind = upToNextMajorVersion;
				minimumVersion = 10.36.0;
			};
		};
		2EE3BA8529AB60B9004FDCC9 /* XCRemoteSwiftPackageReference "RxRealm" */ = {
			isa = XCRemoteSwiftPackageReference;
			repositoryURL = "https://github.com/RxSwiftCommunity/RxRealm";
			requirement = {
				kind = upToNextMajorVersion;
				minimumVersion = 5.0.5;
			};
		};
		2EE6B3952982EDA400CDBC81 /* XCRemoteSwiftPackageReference "RxFlow" */ = {
			isa = XCRemoteSwiftPackageReference;
			repositoryURL = "https://github.com/RxSwiftCommunity/RxFlow";
			requirement = {
				kind = upToNextMajorVersion;
				minimumVersion = 2.0.0;
			};
		};
		E56260FA2991E4EA00D14020 /* XCRemoteSwiftPackageReference "RSKPlaceholderTextView" */ = {
			isa = XCRemoteSwiftPackageReference;
			repositoryURL = "https://github.com/ruslanskorb/RSKPlaceholderTextView.git";
			requirement = {
				kind = upToNextMinorVersion;
				minimumVersion = 6.1.0;
			};
		};
/* End XCRemoteSwiftPackageReference section */

/* Begin XCSwiftPackageProductDependency section */
		2E3FA74229F37D8F003342CA /* OrderedCollections */ = {
			isa = XCSwiftPackageProductDependency;
			package = 2E3FA74129F37D8F003342CA /* XCRemoteSwiftPackageReference "swift-collections" */;
			productName = OrderedCollections;
		};
		2E63538A295D900F00B23A14 /* RxMoya */ = {
			isa = XCSwiftPackageProductDependency;
			package = 2E635389295D900F00B23A14 /* XCRemoteSwiftPackageReference "Moya" */;
			productName = RxMoya;
		};
		2E63538D295D904000B23A14 /* Kingfisher */ = {
			isa = XCSwiftPackageProductDependency;
			package = 2E63538C295D904000B23A14 /* XCRemoteSwiftPackageReference "Kingfisher" */;
			productName = Kingfisher;
		};
		2E635390295D906A00B23A14 /* Differentiator */ = {
			isa = XCSwiftPackageProductDependency;
			package = 2E63538F295D906A00B23A14 /* XCRemoteSwiftPackageReference "RxDataSources" */;
			productName = Differentiator;
		};
		2E635392295D906A00B23A14 /* RxDataSources */ = {
			isa = XCSwiftPackageProductDependency;
			package = 2E63538F295D906A00B23A14 /* XCRemoteSwiftPackageReference "RxDataSources" */;
			productName = RxDataSources;
		};
		2E730C6929BA31F4003668D9 /* FavorNetworkKit */ = {
			isa = XCSwiftPackageProductDependency;
			productName = FavorNetworkKit;
		};
		2E7C30B0295D8DA400BAC43D /* ReactorKit */ = {
			isa = XCSwiftPackageProductDependency;
			package = 2E7C30AF295D8DA400BAC43D /* XCRemoteSwiftPackageReference "ReactorKit" */;
			productName = ReactorKit;
		};
		2E7C30B6295D8E1000BAC43D /* SnapKit */ = {
			isa = XCSwiftPackageProductDependency;
			package = 2E7C30B5295D8E1000BAC43D /* XCRemoteSwiftPackageReference "SnapKit" */;
			productName = SnapKit;
		};
		2EC371F7299521AD00D1007B /* RxGesture */ = {
			isa = XCSwiftPackageProductDependency;
			package = 2EC371F6299521AD00D1007B /* XCRemoteSwiftPackageReference "RxGesture" */;
			productName = RxGesture;
		};
		2EE3BA6F29A9D7D4004FDCC9 /* Reusable */ = {
			isa = XCSwiftPackageProductDependency;
			package = 2EE3BA6E29A9D7D3004FDCC9 /* XCRemoteSwiftPackageReference "Reusable" */;
			productName = Reusable;
		};
		2EE3BA8129AB60A4004FDCC9 /* Realm */ = {
			isa = XCSwiftPackageProductDependency;
			package = 2EE3BA8029AB60A4004FDCC9 /* XCRemoteSwiftPackageReference "realm-swift" */;
			productName = Realm;
		};
		2EE3BA8329AB60A4004FDCC9 /* RealmSwift */ = {
			isa = XCSwiftPackageProductDependency;
			package = 2EE3BA8029AB60A4004FDCC9 /* XCRemoteSwiftPackageReference "realm-swift" */;
			productName = RealmSwift;
		};
		2EE3BA8629AB60B9004FDCC9 /* RxRealm */ = {
			isa = XCSwiftPackageProductDependency;
			package = 2EE3BA8529AB60B9004FDCC9 /* XCRemoteSwiftPackageReference "RxRealm" */;
			productName = RxRealm;
		};
		2EE6B3962982EDA400CDBC81 /* RxFlow */ = {
			isa = XCSwiftPackageProductDependency;
			package = 2EE6B3952982EDA400CDBC81 /* XCRemoteSwiftPackageReference "RxFlow" */;
			productName = RxFlow;
		};
		2EEFD5B629BB7B4300BA46BA /* FavorKit */ = {
			isa = XCSwiftPackageProductDependency;
			productName = FavorKit;
		};
		E56260FB2991E4EA00D14020 /* RSKPlaceholderTextView */ = {
			isa = XCSwiftPackageProductDependency;
			package = E56260FA2991E4EA00D14020 /* XCRemoteSwiftPackageReference "RSKPlaceholderTextView" */;
			productName = RSKPlaceholderTextView;
		};
/* End XCSwiftPackageProductDependency section */
	};
	rootObject = 2E7C3090295D7C4300BAC43D /* Project object */;
}
