// !$*UTF8*$!
{
	archiveVersion = 1;
	classes = {
	};
	objectVersion = 56;
	objects = {

/* Begin PBXBuildFile section */
		2E00561A29A7E40F006CF302 /* ScrollDirection.swift in Sources */ = {isa = PBXBuildFile; fileRef = 2E00561929A7E40F006CF302 /* ScrollDirection.swift */; };
		2E00561C29A7E720006CF302 /* FavorSelectionSection.swift in Sources */ = {isa = PBXBuildFile; fileRef = 2E00561B29A7E720006CF302 /* FavorSelectionSection.swift */; };
		2E00561E29A8B131006CF302 /* MyPageSectionFooterView.swift in Sources */ = {isa = PBXBuildFile; fileRef = 2E00561D29A8B131006CF302 /* MyPageSectionFooterView.swift */; };
		2E00562329A91EEE006CF302 /* NewAnniversaryHeaderView.swift in Sources */ = {isa = PBXBuildFile; fileRef = 2E00562229A91EEE006CF302 /* NewAnniversaryHeaderView.swift */; };
		2E00562529A91F2A006CF302 /* NewAnniversaryHeaderViewReactor.swift in Sources */ = {isa = PBXBuildFile; fileRef = 2E00562429A91F2A006CF302 /* NewAnniversaryHeaderViewReactor.swift */; };
		2E00562729A9220D006CF302 /* NewAnniversarySection.swift in Sources */ = {isa = PBXBuildFile; fileRef = 2E00562629A9220D006CF302 /* NewAnniversarySection.swift */; };
		2E11C2FF29A7AB29004B5C4A /* EmptyCollectionViewCell.swift in Sources */ = {isa = PBXBuildFile; fileRef = 2E11C2FE29A7AB29004B5C4A /* EmptyCollectionViewCell.swift */; };
		2E171164298035A400E34121 /* TabBarController.swift in Sources */ = {isa = PBXBuildFile; fileRef = 2E171163298035A400E34121 /* TabBarController.swift */; };
		2E1C5661296C29210067FC78 /* OnboardingVC.swift in Sources */ = {isa = PBXBuildFile; fileRef = 2E1C5660296C29210067FC78 /* OnboardingVC.swift */; };
		2E3668C6299FA6F4001FC283 /* UIView+.swift in Sources */ = {isa = PBXBuildFile; fileRef = 2E3668C5299FA6F4001FC283 /* UIView+.swift */; };
		2E63538B295D900F00B23A14 /* RxMoya in Frameworks */ = {isa = PBXBuildFile; productRef = 2E63538A295D900F00B23A14 /* RxMoya */; };
		2E63538E295D904000B23A14 /* Kingfisher in Frameworks */ = {isa = PBXBuildFile; productRef = 2E63538D295D904000B23A14 /* Kingfisher */; };
		2E635391295D906A00B23A14 /* Differentiator in Frameworks */ = {isa = PBXBuildFile; productRef = 2E635390295D906A00B23A14 /* Differentiator */; };
		2E635393295D906A00B23A14 /* RxDataSources in Frameworks */ = {isa = PBXBuildFile; productRef = 2E635392295D906A00B23A14 /* RxDataSources */; };
		2E6C90B129A607BD00AF963A /* FriendCell.swift in Sources */ = {isa = PBXBuildFile; fileRef = 2E6C90B029A607BD00AF963A /* FriendCell.swift */; };
		2E6C90B529A607FA00AF963A /* FriendCellReactor.swift in Sources */ = {isa = PBXBuildFile; fileRef = 2E6C90B429A607FA00AF963A /* FriendCellReactor.swift */; };
		2E6C90BC29A6239600AF963A /* EditMyPageVC.swift in Sources */ = {isa = PBXBuildFile; fileRef = 2E6C90BB29A6239600AF963A /* EditMyPageVC.swift */; };
		2E6C90BE29A623E000AF963A /* EditMyPageViewReactor.swift in Sources */ = {isa = PBXBuildFile; fileRef = 2E6C90BD29A623E000AF963A /* EditMyPageViewReactor.swift */; };
		2E6C90C029A6783D00AF963A /* FavorTextField.swift in Sources */ = {isa = PBXBuildFile; fileRef = 2E6C90BF29A6783D00AF963A /* FavorTextField.swift */; };
		2E76F58529601CD6002FF001 /* SplashVC.swift in Sources */ = {isa = PBXBuildFile; fileRef = 2E76F58429601CD6002FF001 /* SplashVC.swift */; };
		2E7C309C295D7C4300BAC43D /* AppDelegate.swift in Sources */ = {isa = PBXBuildFile; fileRef = 2E7C309B295D7C4300BAC43D /* AppDelegate.swift */; };
		2E7C309E295D7C4300BAC43D /* SceneDelegate.swift in Sources */ = {isa = PBXBuildFile; fileRef = 2E7C309D295D7C4300BAC43D /* SceneDelegate.swift */; };
		2E7C30A5295D7C4500BAC43D /* Assets.xcassets in Resources */ = {isa = PBXBuildFile; fileRef = 2E7C30A4295D7C4500BAC43D /* Assets.xcassets */; };
		2E7C30A8295D7C4500BAC43D /* LaunchScreen.storyboard in Resources */ = {isa = PBXBuildFile; fileRef = 2E7C30A6295D7C4500BAC43D /* LaunchScreen.storyboard */; };
		2E7C30B1295D8DA400BAC43D /* ReactorKit in Frameworks */ = {isa = PBXBuildFile; productRef = 2E7C30B0295D8DA400BAC43D /* ReactorKit */; };
		2E7C30B4295D8DC200BAC43D /* Then in Frameworks */ = {isa = PBXBuildFile; productRef = 2E7C30B3295D8DC200BAC43D /* Then */; };
		2E7C30B7295D8E1000BAC43D /* SnapKit in Frameworks */ = {isa = PBXBuildFile; productRef = 2E7C30B6295D8E1000BAC43D /* SnapKit */; };
		2EA38492298D7C5F0081499C /* UpcomingCellReactor.swift in Sources */ = {isa = PBXBuildFile; fileRef = 2EA3848F298D7C5F0081499C /* UpcomingCellReactor.swift */; };
		2EA38493298D7C5F0081499C /* TimelineCellReactor.swift in Sources */ = {isa = PBXBuildFile; fileRef = 2EA38490298D7C5F0081499C /* TimelineCellReactor.swift */; };
		2EA38494298D7C5F0081499C /* HeaderViewReactor.swift in Sources */ = {isa = PBXBuildFile; fileRef = 2EA38491298D7C5F0081499C /* HeaderViewReactor.swift */; };
		2EA3849A298D7C680081499C /* HomeSection.swift in Sources */ = {isa = PBXBuildFile; fileRef = 2EA38495298D7C680081499C /* HomeSection.swift */; };
		2EA3849C298D7C680081499C /* UpcomingCell.swift in Sources */ = {isa = PBXBuildFile; fileRef = 2EA38497298D7C680081499C /* UpcomingCell.swift */; };
		2EA3849D298D7C680081499C /* TimelineCell.swift in Sources */ = {isa = PBXBuildFile; fileRef = 2EA38498298D7C680081499C /* TimelineCell.swift */; };
		2EA3849E298D7C680081499C /* HeaderView.swift in Sources */ = {isa = PBXBuildFile; fileRef = 2EA38499298D7C680081499C /* HeaderView.swift */; };
		2EA384A0298D7C960081499C /* HomeVC.swift in Sources */ = {isa = PBXBuildFile; fileRef = 2EA3849F298D7C960081499C /* HomeVC.swift */; };
		2EA384A2298D7CC10081499C /* HomeViewReactor.swift in Sources */ = {isa = PBXBuildFile; fileRef = 2EA384A1298D7CC10081499C /* HomeViewReactor.swift */; };
		2EA384B6299234770081499C /* SearchVC.swift in Sources */ = {isa = PBXBuildFile; fileRef = 2EA384B5299234770081499C /* SearchVC.swift */; };
		2EA384B8299235990081499C /* SearchViewReactor.swift in Sources */ = {isa = PBXBuildFile; fileRef = 2EA384B7299235990081499C /* SearchViewReactor.swift */; };
		2EA384BA2992371C0081499C /* SearchFlow.swift in Sources */ = {isa = PBXBuildFile; fileRef = 2EA384B92992371C0081499C /* SearchFlow.swift */; };
		2EA384BE299248200081499C /* FavorSearchBar.swift in Sources */ = {isa = PBXBuildFile; fileRef = 2EA384BD299248200081499C /* FavorSearchBar.swift */; };
		2EA384C029936BAD0081499C /* String+.swift in Sources */ = {isa = PBXBuildFile; fileRef = 2EA384BF29936BAD0081499C /* String+.swift */; };
		2EB3AE93299E3E2700D31541 /* BackgroundView.swift in Sources */ = {isa = PBXBuildFile; fileRef = 2EB3AE92299E3E2700D31541 /* BackgroundView.swift */; };
		2EC371F8299521AD00D1007B /* RxGesture in Frameworks */ = {isa = PBXBuildFile; productRef = 2EC371F7299521AD00D1007B /* RxGesture */; };
		2EC371FA2995262D00D1007B /* SearchResultVC.swift in Sources */ = {isa = PBXBuildFile; fileRef = 2EC371F92995262D00D1007B /* SearchResultVC.swift */; };
		2EC371FC2995266B00D1007B /* SearchResultViewReactor.swift in Sources */ = {isa = PBXBuildFile; fileRef = 2EC371FB2995266B00D1007B /* SearchResultViewReactor.swift */; };
		2EC939DB29967F1900C8C47F /* MyPageViewReactor.swift in Sources */ = {isa = PBXBuildFile; fileRef = 2EC939DA29967F1900C8C47F /* MyPageViewReactor.swift */; };
		2EC939DD299684C000C8C47F /* MyPageFlow.swift in Sources */ = {isa = PBXBuildFile; fileRef = 2EC939DC299684C000C8C47F /* MyPageFlow.swift */; };
		2EC939DF2998B80200C8C47F /* MyPageSection.swift in Sources */ = {isa = PBXBuildFile; fileRef = 2EC939DE2998B80200C8C47F /* MyPageSection.swift */; };
		2EC939E12998BEAD00C8C47F /* FavorGiftStatsCell.swift in Sources */ = {isa = PBXBuildFile; fileRef = 2EC939E02998BEAD00C8C47F /* FavorGiftStatsCell.swift */; };
		2EC939E32998C63200C8C47F /* FavorSetupProfileCell.swift in Sources */ = {isa = PBXBuildFile; fileRef = 2EC939E22998C63200C8C47F /* FavorSetupProfileCell.swift */; };
		2EC939E52998C68900C8C47F /* FavorPrefersCell.swift in Sources */ = {isa = PBXBuildFile; fileRef = 2EC939E42998C68900C8C47F /* FavorPrefersCell.swift */; };
		2EC939E72998C6D100C8C47F /* FavorAnniversaryCell.swift in Sources */ = {isa = PBXBuildFile; fileRef = 2EC939E62998C6D100C8C47F /* FavorAnniversaryCell.swift */; };
		2EC939EB299A7D4300C8C47F /* MyPageSectionHeaderView.swift in Sources */ = {isa = PBXBuildFile; fileRef = 2EC939EA299A7D4300C8C47F /* MyPageSectionHeaderView.swift */; };
		2EC939EF299BB10D00C8C47F /* MyPageSectionHeaderViewReactor.swift in Sources */ = {isa = PBXBuildFile; fileRef = 2EC939EE299BB10D00C8C47F /* MyPageSectionHeaderViewReactor.swift */; };
		2EC939F1299CF67E00C8C47F /* GiftStatsCellReactor.swift in Sources */ = {isa = PBXBuildFile; fileRef = 2EC939F0299CF67E00C8C47F /* GiftStatsCellReactor.swift */; };
		2EC939F3299CF6A300C8C47F /* FavorSetupProfileCellReactor.swift in Sources */ = {isa = PBXBuildFile; fileRef = 2EC939F2299CF6A300C8C47F /* FavorSetupProfileCellReactor.swift */; };
		2EC939F5299CF6C400C8C47F /* FavorPrefersCellReactor.swift in Sources */ = {isa = PBXBuildFile; fileRef = 2EC939F4299CF6C400C8C47F /* FavorPrefersCellReactor.swift */; };
		2EC939F7299CF6E800C8C47F /* FavorAnniversaryCellReactor.swift in Sources */ = {isa = PBXBuildFile; fileRef = 2EC939F6299CF6E800C8C47F /* FavorAnniversaryCellReactor.swift */; };
		2EC939F9299E160B00C8C47F /* MyPageHeaderView.swift in Sources */ = {isa = PBXBuildFile; fileRef = 2EC939F8299E160A00C8C47F /* MyPageHeaderView.swift */; };
		2EC939FB299E163800C8C47F /* MyPageHeaderViewReactor.swift in Sources */ = {isa = PBXBuildFile; fileRef = 2EC939FA299E163800C8C47F /* MyPageHeaderViewReactor.swift */; };
		2ECB681429A9CAC200F4C1F3 /* AppFlow.swift in Sources */ = {isa = PBXBuildFile; fileRef = 2EE6B3982983DF3900CDBC81 /* AppFlow.swift */; };
		2ECB681529A9CAD600F4C1F3 /* CategoryView.swift in Sources */ = {isa = PBXBuildFile; fileRef = E56260F029908F0100D14020 /* CategoryView.swift */; };
		2ECC94CA296026A200B530F7 /* TabBarPage.swift in Sources */ = {isa = PBXBuildFile; fileRef = 2ECC94C9296026A200B530F7 /* TabBarPage.swift */; };
		2ECD69B429672CF000D00F8F /* UIColor+.swift in Sources */ = {isa = PBXBuildFile; fileRef = 2ECD69B329672CF000D00F8F /* UIColor+.swift */; };
		2ED22DAF296FF4A900ED6221 /* SignInVC.swift in Sources */ = {isa = PBXBuildFile; fileRef = 2ED22DAE296FF4A900ED6221 /* SignInVC.swift */; };
		2ED22DB1296FF4D100ED6221 /* SignInViewReactor.swift in Sources */ = {isa = PBXBuildFile; fileRef = 2ED22DB0296FF4D100ED6221 /* SignInViewReactor.swift */; };
		2ED326AD29B0DB9D001963D0 /* TermSection.swift in Sources */ = {isa = PBXBuildFile; fileRef = 2ED326AC29B0DB9D001963D0 /* TermSection.swift */; };
		2ED326AF29B0EE16001963D0 /* SelfSizingTableView.swift in Sources */ = {isa = PBXBuildFile; fileRef = 2ED326AE29B0EE16001963D0 /* SelfSizingTableView.swift */; };
		2ED326B529B0F6EB001963D0 /* Terms.swift in Sources */ = {isa = PBXBuildFile; fileRef = 2ED326B429B0F6EB001963D0 /* Terms.swift */; };
		2ED326B729B0F98C001963D0 /* AcceptAllView.swift in Sources */ = {isa = PBXBuildFile; fileRef = 2ED326B629B0F98C001963D0 /* AcceptAllView.swift */; };
		2ED8CB4429B0BD3F00E7B547 /* TermViewReactor.swift in Sources */ = {isa = PBXBuildFile; fileRef = 2ED8CB4329B0BD3F00E7B547 /* TermViewReactor.swift */; };
		2ED8CB4729B0C30400E7B547 /* AcceptTermCell.swift in Sources */ = {isa = PBXBuildFile; fileRef = 2ED8CB4629B0C30400E7B547 /* AcceptTermCell.swift */; };
		2EE07ECB296E8D8400048A3C /* MyPageVC.swift in Sources */ = {isa = PBXBuildFile; fileRef = 2EE07ECA296E8D8400048A3C /* MyPageVC.swift */; };
		2EE07ECD296E8D9A00048A3C /* SettingVC.swift in Sources */ = {isa = PBXBuildFile; fileRef = 2EE07ECC296E8D9A00048A3C /* SettingVC.swift */; };
		2EE07ECF296E8DB500048A3C /* ReminderVC.swift in Sources */ = {isa = PBXBuildFile; fileRef = 2EE07ECE296E8DB500048A3C /* ReminderVC.swift */; };
		2EE07ED1296E8DD000048A3C /* EventVC.swift in Sources */ = {isa = PBXBuildFile; fileRef = 2EE07ED0296E8DD000048A3C /* EventVC.swift */; };
		2EE07ED3296E8DE600048A3C /* EventEditVC.swift in Sources */ = {isa = PBXBuildFile; fileRef = 2EE07ED2296E8DE600048A3C /* EventEditVC.swift */; };
		2EE07ED9296E8E3400048A3C /* ShareVC.swift in Sources */ = {isa = PBXBuildFile; fileRef = 2EE07ED8296E8E3400048A3C /* ShareVC.swift */; };
		2EE07EE7296EDE5100048A3C /* SelectSignInVC.swift in Sources */ = {isa = PBXBuildFile; fileRef = 2EE07EE6296EDE5100048A3C /* SelectSignInVC.swift */; };
		2EE07EE9296EDE9700048A3C /* SelectSignInViewReactor.swift in Sources */ = {isa = PBXBuildFile; fileRef = 2EE07EE8296EDE9700048A3C /* SelectSignInViewReactor.swift */; };
		2EE0D58129751EBD0064E932 /* SignUpVC.swift in Sources */ = {isa = PBXBuildFile; fileRef = 2EE0D58029751EBD0064E932 /* SignUpVC.swift */; };
		2EE0D58329751EEF0064E932 /* SignUpViewReactor.swift in Sources */ = {isa = PBXBuildFile; fileRef = 2EE0D58229751EEF0064E932 /* SignUpViewReactor.swift */; };
		2EE0D585297524660064E932 /* SetProfileVC.swift in Sources */ = {isa = PBXBuildFile; fileRef = 2EE0D584297524660064E932 /* SetProfileVC.swift */; };
		2EE0D587297524880064E932 /* SetProfileViewReactor.swift in Sources */ = {isa = PBXBuildFile; fileRef = 2EE0D586297524880064E932 /* SetProfileViewReactor.swift */; };
		2EE0D58B29781F920064E932 /* CoreGraphicManager.swift in Sources */ = {isa = PBXBuildFile; fileRef = 2EE0D58A29781F920064E932 /* CoreGraphicManager.swift */; };
		2EE0D58D297832D20064E932 /* PHPickerManager.swift in Sources */ = {isa = PBXBuildFile; fileRef = 2EE0D58C297832D20064E932 /* PHPickerManager.swift */; };
		2EE0D58F29786C1C0064E932 /* TermVC.swift in Sources */ = {isa = PBXBuildFile; fileRef = 2EE0D58E29786C1C0064E932 /* TermVC.swift */; };
		2EE0D597297A9D670064E932 /* FavorUITests.swift in Sources */ = {isa = PBXBuildFile; fileRef = 2EE0D596297A9D670064E932 /* FavorUITests.swift */; };
		2EE0D599297A9D670064E932 /* FavorUITestsLaunchTests.swift in Sources */ = {isa = PBXBuildFile; fileRef = 2EE0D598297A9D670064E932 /* FavorUITestsLaunchTests.swift */; };
		2EE3BA6D29A9CC41004FDCC9 /* CompositionalLayoutFactory.swift in Sources */ = {isa = PBXBuildFile; fileRef = 2EE3BA6C29A9CC41004FDCC9 /* CompositionalLayoutFactory.swift */; };
		2EE3BA7029A9D7D4004FDCC9 /* Reusable in Frameworks */ = {isa = PBXBuildFile; productRef = 2EE3BA6F29A9D7D4004FDCC9 /* Reusable */; };
		2EE3BA7229AA51BC004FDCC9 /* AuthValidationManager.swift in Sources */ = {isa = PBXBuildFile; fileRef = 2EE3BA7129AA51BC004FDCC9 /* AuthValidationManager.swift */; };
		2EE3BA7429AA68DD004FDCC9 /* AuthType.swift in Sources */ = {isa = PBXBuildFile; fileRef = 2EE3BA7329AA68DD004FDCC9 /* AuthType.swift */; };
		2EE3BA7729AB241E004FDCC9 /* RxKeyboard in Frameworks */ = {isa = PBXBuildFile; productRef = 2EE3BA7629AB241E004FDCC9 /* RxKeyboard */; };
		2EE3BA8229AB60A4004FDCC9 /* Realm in Frameworks */ = {isa = PBXBuildFile; productRef = 2EE3BA8129AB60A4004FDCC9 /* Realm */; };
		2EE3BA8429AB60A4004FDCC9 /* RealmSwift in Frameworks */ = {isa = PBXBuildFile; productRef = 2EE3BA8329AB60A4004FDCC9 /* RealmSwift */; };
		2EE3BA8729AB60B9004FDCC9 /* RxRealm in Frameworks */ = {isa = PBXBuildFile; productRef = 2EE3BA8629AB60B9004FDCC9 /* RxRealm */; };
		2EE3BA8D29AE15A8004FDCC9 /* APIManager.swift in Sources */ = {isa = PBXBuildFile; fileRef = 2EE3BA8C29AE15A8004FDCC9 /* APIManager.swift */; };
		2EE3BA8F29AE4F4D004FDCC9 /* Networkable.swift in Sources */ = {isa = PBXBuildFile; fileRef = 2EE3BA8E29AE4F4D004FDCC9 /* Networkable.swift */; };
		2EE3BA9529AE54A1004FDCC9 /* BaseTargetType.swift in Sources */ = {isa = PBXBuildFile; fileRef = 2EE3BA9429AE54A1004FDCC9 /* BaseTargetType.swift */; };
		2EE3BA9729AE55D2004FDCC9 /* Encodable+.swift in Sources */ = {isa = PBXBuildFile; fileRef = 2EE3BA9629AE55D2004FDCC9 /* Encodable+.swift */; };
		2EE3BAAD29AF1A3A004FDCC9 /* UIScrollView+.swift in Sources */ = {isa = PBXBuildFile; fileRef = 2EE3BAAC29AF1A3A004FDCC9 /* UIScrollView+.swift */; };
		2EE6B3972982EDA400CDBC81 /* RxFlow in Frameworks */ = {isa = PBXBuildFile; productRef = 2EE6B3962982EDA400CDBC81 /* RxFlow */; };
		E51AB858297A8BE200955301 /* PlainFavorButton.swift in Sources */ = {isa = PBXBuildFile; fileRef = E51AB857297A8BE200955301 /* PlainFavorButton.swift */; };
		E55CF7B7298A644C002940D1 /* FTUXStorage.swift in Sources */ = {isa = PBXBuildFile; fileRef = E55CF7B6298A644C002940D1 /* FTUXStorage.swift */; };
		E55CF7BA298A743B002940D1 /* AuthFlow.swift in Sources */ = {isa = PBXBuildFile; fileRef = E55CF7B9298A743B002940D1 /* AuthFlow.swift */; };
		E55CF7C1298B5631002940D1 /* OnboardingFlow.swift in Sources */ = {isa = PBXBuildFile; fileRef = E55CF7C0298B5631002940D1 /* OnboardingFlow.swift */; };
		E55CF7C4298B5CDF002940D1 /* AppStpper.swift in Sources */ = {isa = PBXBuildFile; fileRef = E55CF7C3298B5CDF002940D1 /* AppStpper.swift */; };
		E55CF7C6298B8EBB002940D1 /* TabBarFlow.swift in Sources */ = {isa = PBXBuildFile; fileRef = E55CF7C5298B8EBB002940D1 /* TabBarFlow.swift */; };
		E56260EF298F4D4F00D14020 /* NewGiftVC.swift in Sources */ = {isa = PBXBuildFile; fileRef = E56260EE298F4D4F00D14020 /* NewGiftVC.swift */; };
		E56260FC2991E4EA00D14020 /* RSKPlaceholderTextView in Frameworks */ = {isa = PBXBuildFile; productRef = E56260FB2991E4EA00D14020 /* RSKPlaceholderTextView */; };
		E56260FE299249BD00D14020 /* PickedPictureCell.swift in Sources */ = {isa = PBXBuildFile; fileRef = E56260FD299249BD00D14020 /* PickedPictureCell.swift */; };
		E562610229934B4E00D14020 /* PickPictureCell.swift in Sources */ = {isa = PBXBuildFile; fileRef = E562610129934B4E00D14020 /* PickPictureCell.swift */; };
		E562610429939E8800D14020 /* PickedPictureSection.swift in Sources */ = {isa = PBXBuildFile; fileRef = E562610329939E8800D14020 /* PickedPictureSection.swift */; };
		E562610629948B4C00D14020 /* PickPictureCellReactor.swift in Sources */ = {isa = PBXBuildFile; fileRef = E562610529948B4C00D14020 /* PickPictureCellReactor.swift */; };
		E562610D29948D3600D14020 /* PickedPictureCellReactor.swift in Sources */ = {isa = PBXBuildFile; fileRef = E562610C29948D3600D14020 /* PickedPictureCellReactor.swift */; };
		E562610F299497C000D14020 /* NewGiftViewReactor.swift in Sources */ = {isa = PBXBuildFile; fileRef = E562610E299497C000D14020 /* NewGiftViewReactor.swift */; };
		E562611E299DCE2E00D14020 /* LargeFavorButtonType.swift in Sources */ = {isa = PBXBuildFile; fileRef = E562611D299DCE2E00D14020 /* LargeFavorButtonType.swift */; };
		E5626120299DD37200D14020 /* SmallFavorButtonType.swift in Sources */ = {isa = PBXBuildFile; fileRef = E562611F299DD37200D14020 /* SmallFavorButtonType.swift */; };
		E5626122299E3EDA00D14020 /* PlainFavorButtonType.swift in Sources */ = {isa = PBXBuildFile; fileRef = E5626121299E3EDA00D14020 /* PlainFavorButtonType.swift */; };
		E5626124299E5E0100D14020 /* FavorSwitch.swift in Sources */ = {isa = PBXBuildFile; fileRef = E5626123299E5E0100D14020 /* FavorSwitch.swift */; };
		E5626126299E64F300D14020 /* FavorDivider.swift in Sources */ = {isa = PBXBuildFile; fileRef = E5626125299E64F300D14020 /* FavorDivider.swift */; };
		E57F3139296FF48400E3D449 /* API-Info.plist in Resources */ = {isa = PBXBuildFile; fileRef = E57F3138296FF48400E3D449 /* API-Info.plist */; };
		E57F313B296FF4AB00E3D449 /* Preview.swift in Sources */ = {isa = PBXBuildFile; fileRef = E57F313A296FF4AB00E3D449 /* Preview.swift */; };
		E57F313D2970004D00E3D449 /* OnboardingCell.swift in Sources */ = {isa = PBXBuildFile; fileRef = E57F313C2970004D00E3D449 /* OnboardingCell.swift */; };
		E57F313F297000DB00E3D449 /* BaseView.swift in Sources */ = {isa = PBXBuildFile; fileRef = E57F313E297000DB00E3D449 /* BaseView.swift */; };
		E5B1827A2973FDC600229C50 /* OnboardingSlide.swift in Sources */ = {isa = PBXBuildFile; fileRef = E5B182792973FDC600229C50 /* OnboardingSlide.swift */; };
		E5B1827C2974361400229C50 /* LargeFavorButton.swift in Sources */ = {isa = PBXBuildFile; fileRef = E5B1827B2974361400229C50 /* LargeFavorButton.swift */; };
		E5B1828329743D5400229C50 /* UIFont+.swift in Sources */ = {isa = PBXBuildFile; fileRef = E5B1827D297439CA00229C50 /* UIFont+.swift */; };
		E5B1828429743D5700229C50 /* Pretendard-Bold.otf in Resources */ = {isa = PBXBuildFile; fileRef = E5B1828129743A8B00229C50 /* Pretendard-Bold.otf */; };
		E5B1828529743D5800229C50 /* Pretendard-Regular.otf in Resources */ = {isa = PBXBuildFile; fileRef = E5B1828229743A8C00229C50 /* Pretendard-Regular.otf */; };
		E5B1828729744D8400229C50 /* SmallFavorButton.swift in Sources */ = {isa = PBXBuildFile; fileRef = E5B1828629744D8400229C50 /* SmallFavorButton.swift */; };
		E5B182992974F79A00229C50 /* ReuseIdentifying.swift in Sources */ = {isa = PBXBuildFile; fileRef = E5B182982974F79A00229C50 /* ReuseIdentifying.swift */; };
		E5CFF72B298404F700E11D9A /* AppStep.swift in Sources */ = {isa = PBXBuildFile; fileRef = E5CFF72A298404F700E11D9A /* AppStep.swift */; };
		E5E28ECC295DAC3F006B9245 /* BaseViewController.swift in Sources */ = {isa = PBXBuildFile; fileRef = E5E28ECB295DAC3F006B9245 /* BaseViewController.swift */; };
		E5E28ED4295DAE2C006B9245 /* .swiftlint.yml in Resources */ = {isa = PBXBuildFile; fileRef = E5E28ED3295DAE2C006B9245 /* .swiftlint.yml */; };
/* End PBXBuildFile section */

/* Begin PBXContainerItemProxy section */
		2EE0D59A297A9D670064E932 /* PBXContainerItemProxy */ = {
			isa = PBXContainerItemProxy;
			containerPortal = 2E7C3090295D7C4300BAC43D /* Project object */;
			proxyType = 1;
			remoteGlobalIDString = 2E7C3097295D7C4300BAC43D;
			remoteInfo = Favor;
		};
/* End PBXContainerItemProxy section */

/* Begin PBXFileReference section */
		2E00561929A7E40F006CF302 /* ScrollDirection.swift */ = {isa = PBXFileReference; lastKnownFileType = sourcecode.swift; path = ScrollDirection.swift; sourceTree = "<group>"; };
		2E00561B29A7E720006CF302 /* FavorSelectionSection.swift */ = {isa = PBXFileReference; lastKnownFileType = sourcecode.swift; path = FavorSelectionSection.swift; sourceTree = "<group>"; };
		2E00561D29A8B131006CF302 /* MyPageSectionFooterView.swift */ = {isa = PBXFileReference; lastKnownFileType = sourcecode.swift; path = MyPageSectionFooterView.swift; sourceTree = "<group>"; };
		2E00562229A91EEE006CF302 /* NewAnniversaryHeaderView.swift */ = {isa = PBXFileReference; lastKnownFileType = sourcecode.swift; path = NewAnniversaryHeaderView.swift; sourceTree = "<group>"; };
		2E00562429A91F2A006CF302 /* NewAnniversaryHeaderViewReactor.swift */ = {isa = PBXFileReference; lastKnownFileType = sourcecode.swift; path = NewAnniversaryHeaderViewReactor.swift; sourceTree = "<group>"; };
		2E00562629A9220D006CF302 /* NewAnniversarySection.swift */ = {isa = PBXFileReference; lastKnownFileType = sourcecode.swift; path = NewAnniversarySection.swift; sourceTree = "<group>"; };
		2E11C2FE29A7AB29004B5C4A /* EmptyCollectionViewCell.swift */ = {isa = PBXFileReference; lastKnownFileType = sourcecode.swift; path = EmptyCollectionViewCell.swift; sourceTree = "<group>"; };
		2E171163298035A400E34121 /* TabBarController.swift */ = {isa = PBXFileReference; lastKnownFileType = sourcecode.swift; path = TabBarController.swift; sourceTree = "<group>"; };
		2E1C5660296C29210067FC78 /* OnboardingVC.swift */ = {isa = PBXFileReference; lastKnownFileType = sourcecode.swift; path = OnboardingVC.swift; sourceTree = "<group>"; };
		2E3668C5299FA6F4001FC283 /* UIView+.swift */ = {isa = PBXFileReference; lastKnownFileType = sourcecode.swift; path = "UIView+.swift"; sourceTree = "<group>"; };
		2E6C90B029A607BD00AF963A /* FriendCell.swift */ = {isa = PBXFileReference; lastKnownFileType = sourcecode.swift; path = FriendCell.swift; sourceTree = "<group>"; };
		2E6C90B429A607FA00AF963A /* FriendCellReactor.swift */ = {isa = PBXFileReference; lastKnownFileType = sourcecode.swift; path = FriendCellReactor.swift; sourceTree = "<group>"; };
		2E6C90BB29A6239600AF963A /* EditMyPageVC.swift */ = {isa = PBXFileReference; lastKnownFileType = sourcecode.swift; path = EditMyPageVC.swift; sourceTree = "<group>"; };
		2E6C90BD29A623E000AF963A /* EditMyPageViewReactor.swift */ = {isa = PBXFileReference; lastKnownFileType = sourcecode.swift; path = EditMyPageViewReactor.swift; sourceTree = "<group>"; };
		2E6C90BF29A6783D00AF963A /* FavorTextField.swift */ = {isa = PBXFileReference; lastKnownFileType = sourcecode.swift; path = FavorTextField.swift; sourceTree = "<group>"; };
		2E76F58429601CD6002FF001 /* SplashVC.swift */ = {isa = PBXFileReference; lastKnownFileType = sourcecode.swift; path = SplashVC.swift; sourceTree = "<group>"; };
		2E7C3098295D7C4300BAC43D /* Favor.app */ = {isa = PBXFileReference; explicitFileType = wrapper.application; includeInIndex = 0; path = Favor.app; sourceTree = BUILT_PRODUCTS_DIR; };
		2E7C309B295D7C4300BAC43D /* AppDelegate.swift */ = {isa = PBXFileReference; lastKnownFileType = sourcecode.swift; path = AppDelegate.swift; sourceTree = "<group>"; };
		2E7C309D295D7C4300BAC43D /* SceneDelegate.swift */ = {isa = PBXFileReference; lastKnownFileType = sourcecode.swift; path = SceneDelegate.swift; sourceTree = "<group>"; };
		2E7C30A4295D7C4500BAC43D /* Assets.xcassets */ = {isa = PBXFileReference; lastKnownFileType = folder.assetcatalog; path = Assets.xcassets; sourceTree = "<group>"; };
		2E7C30A7295D7C4500BAC43D /* Base */ = {isa = PBXFileReference; lastKnownFileType = file.storyboard; name = Base; path = Base.lproj/LaunchScreen.storyboard; sourceTree = "<group>"; };
		2E7C30A9295D7C4500BAC43D /* Info.plist */ = {isa = PBXFileReference; lastKnownFileType = text.plist.xml; path = Info.plist; sourceTree = "<group>"; };
		2EA3848F298D7C5F0081499C /* UpcomingCellReactor.swift */ = {isa = PBXFileReference; fileEncoding = 4; lastKnownFileType = sourcecode.swift; path = UpcomingCellReactor.swift; sourceTree = "<group>"; };
		2EA38490298D7C5F0081499C /* TimelineCellReactor.swift */ = {isa = PBXFileReference; fileEncoding = 4; lastKnownFileType = sourcecode.swift; path = TimelineCellReactor.swift; sourceTree = "<group>"; };
		2EA38491298D7C5F0081499C /* HeaderViewReactor.swift */ = {isa = PBXFileReference; fileEncoding = 4; lastKnownFileType = sourcecode.swift; path = HeaderViewReactor.swift; sourceTree = "<group>"; };
		2EA38495298D7C680081499C /* HomeSection.swift */ = {isa = PBXFileReference; fileEncoding = 4; lastKnownFileType = sourcecode.swift; path = HomeSection.swift; sourceTree = "<group>"; };
		2EA38497298D7C680081499C /* UpcomingCell.swift */ = {isa = PBXFileReference; fileEncoding = 4; lastKnownFileType = sourcecode.swift; path = UpcomingCell.swift; sourceTree = "<group>"; };
		2EA38498298D7C680081499C /* TimelineCell.swift */ = {isa = PBXFileReference; fileEncoding = 4; lastKnownFileType = sourcecode.swift; path = TimelineCell.swift; sourceTree = "<group>"; };
		2EA38499298D7C680081499C /* HeaderView.swift */ = {isa = PBXFileReference; fileEncoding = 4; lastKnownFileType = sourcecode.swift; path = HeaderView.swift; sourceTree = "<group>"; };
		2EA3849F298D7C960081499C /* HomeVC.swift */ = {isa = PBXFileReference; fileEncoding = 4; lastKnownFileType = sourcecode.swift; path = HomeVC.swift; sourceTree = "<group>"; };
		2EA384A1298D7CC10081499C /* HomeViewReactor.swift */ = {isa = PBXFileReference; lastKnownFileType = sourcecode.swift; path = HomeViewReactor.swift; sourceTree = "<group>"; };
		2EA384B5299234770081499C /* SearchVC.swift */ = {isa = PBXFileReference; lastKnownFileType = sourcecode.swift; path = SearchVC.swift; sourceTree = "<group>"; };
		2EA384B7299235990081499C /* SearchViewReactor.swift */ = {isa = PBXFileReference; lastKnownFileType = sourcecode.swift; path = SearchViewReactor.swift; sourceTree = "<group>"; };
		2EA384B92992371C0081499C /* SearchFlow.swift */ = {isa = PBXFileReference; lastKnownFileType = sourcecode.swift; path = SearchFlow.swift; sourceTree = "<group>"; };
		2EA384BD299248200081499C /* FavorSearchBar.swift */ = {isa = PBXFileReference; lastKnownFileType = sourcecode.swift; path = FavorSearchBar.swift; sourceTree = "<group>"; };
		2EA384BF29936BAD0081499C /* String+.swift */ = {isa = PBXFileReference; lastKnownFileType = sourcecode.swift; path = "String+.swift"; sourceTree = "<group>"; };
		2EB3AE92299E3E2700D31541 /* BackgroundView.swift */ = {isa = PBXFileReference; lastKnownFileType = sourcecode.swift; path = BackgroundView.swift; sourceTree = "<group>"; };
		2EBB0164295E8E1B0072D158 /* README.md */ = {isa = PBXFileReference; lastKnownFileType = net.daringfireball.markdown; path = README.md; sourceTree = "<group>"; };
		2EBB016A295EA9DA0072D158 /* README.md */ = {isa = PBXFileReference; lastKnownFileType = net.daringfireball.markdown; path = README.md; sourceTree = "<group>"; };
		2EC371F92995262D00D1007B /* SearchResultVC.swift */ = {isa = PBXFileReference; lastKnownFileType = sourcecode.swift; path = SearchResultVC.swift; sourceTree = "<group>"; };
		2EC371FB2995266B00D1007B /* SearchResultViewReactor.swift */ = {isa = PBXFileReference; lastKnownFileType = sourcecode.swift; path = SearchResultViewReactor.swift; sourceTree = "<group>"; };
		2EC939DA29967F1900C8C47F /* MyPageViewReactor.swift */ = {isa = PBXFileReference; lastKnownFileType = sourcecode.swift; path = MyPageViewReactor.swift; sourceTree = "<group>"; };
		2EC939DC299684C000C8C47F /* MyPageFlow.swift */ = {isa = PBXFileReference; lastKnownFileType = sourcecode.swift; path = MyPageFlow.swift; sourceTree = "<group>"; };
		2EC939DE2998B80200C8C47F /* MyPageSection.swift */ = {isa = PBXFileReference; lastKnownFileType = sourcecode.swift; path = MyPageSection.swift; sourceTree = "<group>"; };
		2EC939E02998BEAD00C8C47F /* FavorGiftStatsCell.swift */ = {isa = PBXFileReference; lastKnownFileType = sourcecode.swift; path = FavorGiftStatsCell.swift; sourceTree = "<group>"; };
		2EC939E22998C63200C8C47F /* FavorSetupProfileCell.swift */ = {isa = PBXFileReference; lastKnownFileType = sourcecode.swift; path = FavorSetupProfileCell.swift; sourceTree = "<group>"; };
		2EC939E42998C68900C8C47F /* FavorPrefersCell.swift */ = {isa = PBXFileReference; lastKnownFileType = sourcecode.swift; path = FavorPrefersCell.swift; sourceTree = "<group>"; };
		2EC939E62998C6D100C8C47F /* FavorAnniversaryCell.swift */ = {isa = PBXFileReference; lastKnownFileType = sourcecode.swift; path = FavorAnniversaryCell.swift; sourceTree = "<group>"; };
		2EC939EA299A7D4300C8C47F /* MyPageSectionHeaderView.swift */ = {isa = PBXFileReference; lastKnownFileType = sourcecode.swift; path = MyPageSectionHeaderView.swift; sourceTree = "<group>"; };
		2EC939EE299BB10D00C8C47F /* MyPageSectionHeaderViewReactor.swift */ = {isa = PBXFileReference; lastKnownFileType = sourcecode.swift; path = MyPageSectionHeaderViewReactor.swift; sourceTree = "<group>"; };
		2EC939F0299CF67E00C8C47F /* GiftStatsCellReactor.swift */ = {isa = PBXFileReference; lastKnownFileType = sourcecode.swift; path = GiftStatsCellReactor.swift; sourceTree = "<group>"; };
		2EC939F2299CF6A300C8C47F /* FavorSetupProfileCellReactor.swift */ = {isa = PBXFileReference; lastKnownFileType = sourcecode.swift; path = FavorSetupProfileCellReactor.swift; sourceTree = "<group>"; };
		2EC939F4299CF6C400C8C47F /* FavorPrefersCellReactor.swift */ = {isa = PBXFileReference; lastKnownFileType = sourcecode.swift; path = FavorPrefersCellReactor.swift; sourceTree = "<group>"; };
		2EC939F6299CF6E800C8C47F /* FavorAnniversaryCellReactor.swift */ = {isa = PBXFileReference; lastKnownFileType = sourcecode.swift; path = FavorAnniversaryCellReactor.swift; sourceTree = "<group>"; };
		2EC939F8299E160A00C8C47F /* MyPageHeaderView.swift */ = {isa = PBXFileReference; lastKnownFileType = sourcecode.swift; path = MyPageHeaderView.swift; sourceTree = "<group>"; };
		2EC939FA299E163800C8C47F /* MyPageHeaderViewReactor.swift */ = {isa = PBXFileReference; lastKnownFileType = sourcecode.swift; path = MyPageHeaderViewReactor.swift; sourceTree = "<group>"; };
		2ECC94C9296026A200B530F7 /* TabBarPage.swift */ = {isa = PBXFileReference; lastKnownFileType = sourcecode.swift; path = TabBarPage.swift; sourceTree = "<group>"; };
		2ECD69B329672CF000D00F8F /* UIColor+.swift */ = {isa = PBXFileReference; lastKnownFileType = sourcecode.swift; path = "UIColor+.swift"; sourceTree = "<group>"; };
		2ED22DAE296FF4A900ED6221 /* SignInVC.swift */ = {isa = PBXFileReference; lastKnownFileType = sourcecode.swift; path = SignInVC.swift; sourceTree = "<group>"; };
		2ED22DB0296FF4D100ED6221 /* SignInViewReactor.swift */ = {isa = PBXFileReference; lastKnownFileType = sourcecode.swift; path = SignInViewReactor.swift; sourceTree = "<group>"; };
		2ED326AC29B0DB9D001963D0 /* TermSection.swift */ = {isa = PBXFileReference; lastKnownFileType = sourcecode.swift; path = TermSection.swift; sourceTree = "<group>"; };
		2ED326AE29B0EE16001963D0 /* SelfSizingTableView.swift */ = {isa = PBXFileReference; lastKnownFileType = sourcecode.swift; path = SelfSizingTableView.swift; sourceTree = "<group>"; };
		2ED326B429B0F6EB001963D0 /* Terms.swift */ = {isa = PBXFileReference; lastKnownFileType = sourcecode.swift; path = Terms.swift; sourceTree = "<group>"; };
		2ED326B629B0F98C001963D0 /* AcceptAllView.swift */ = {isa = PBXFileReference; lastKnownFileType = sourcecode.swift; path = AcceptAllView.swift; sourceTree = "<group>"; };
		2ED8CB4329B0BD3F00E7B547 /* TermViewReactor.swift */ = {isa = PBXFileReference; lastKnownFileType = sourcecode.swift; path = TermViewReactor.swift; sourceTree = "<group>"; };
		2ED8CB4629B0C30400E7B547 /* AcceptTermCell.swift */ = {isa = PBXFileReference; lastKnownFileType = sourcecode.swift; path = AcceptTermCell.swift; sourceTree = "<group>"; };
		2EE07EB1296E8C1F00048A3C /* .gitkeep */ = {isa = PBXFileReference; lastKnownFileType = text; path = .gitkeep; sourceTree = "<group>"; };
		2EE07EB3296E8C2B00048A3C /* .gitkeep */ = {isa = PBXFileReference; lastKnownFileType = text; path = .gitkeep; sourceTree = "<group>"; };
		2EE07EB5296E8C3700048A3C /* .gitkeep */ = {isa = PBXFileReference; lastKnownFileType = text; path = .gitkeep; sourceTree = "<group>"; };
		2EE07ECA296E8D8400048A3C /* MyPageVC.swift */ = {isa = PBXFileReference; lastKnownFileType = sourcecode.swift; path = MyPageVC.swift; sourceTree = "<group>"; };
		2EE07ECC296E8D9A00048A3C /* SettingVC.swift */ = {isa = PBXFileReference; lastKnownFileType = sourcecode.swift; path = SettingVC.swift; sourceTree = "<group>"; };
		2EE07ECE296E8DB500048A3C /* ReminderVC.swift */ = {isa = PBXFileReference; lastKnownFileType = sourcecode.swift; path = ReminderVC.swift; sourceTree = "<group>"; };
		2EE07ED0296E8DD000048A3C /* EventVC.swift */ = {isa = PBXFileReference; lastKnownFileType = sourcecode.swift; path = EventVC.swift; sourceTree = "<group>"; };
		2EE07ED2296E8DE600048A3C /* EventEditVC.swift */ = {isa = PBXFileReference; lastKnownFileType = sourcecode.swift; path = EventEditVC.swift; sourceTree = "<group>"; };
		2EE07ED8296E8E3400048A3C /* ShareVC.swift */ = {isa = PBXFileReference; lastKnownFileType = sourcecode.swift; path = ShareVC.swift; sourceTree = "<group>"; };
		2EE07EE6296EDE5100048A3C /* SelectSignInVC.swift */ = {isa = PBXFileReference; lastKnownFileType = sourcecode.swift; path = SelectSignInVC.swift; sourceTree = "<group>"; };
		2EE07EE8296EDE9700048A3C /* SelectSignInViewReactor.swift */ = {isa = PBXFileReference; lastKnownFileType = sourcecode.swift; path = SelectSignInViewReactor.swift; sourceTree = "<group>"; };
		2EE0D58029751EBD0064E932 /* SignUpVC.swift */ = {isa = PBXFileReference; lastKnownFileType = sourcecode.swift; path = SignUpVC.swift; sourceTree = "<group>"; };
		2EE0D58229751EEF0064E932 /* SignUpViewReactor.swift */ = {isa = PBXFileReference; lastKnownFileType = sourcecode.swift; path = SignUpViewReactor.swift; sourceTree = "<group>"; };
		2EE0D584297524660064E932 /* SetProfileVC.swift */ = {isa = PBXFileReference; lastKnownFileType = sourcecode.swift; path = SetProfileVC.swift; sourceTree = "<group>"; };
		2EE0D586297524880064E932 /* SetProfileViewReactor.swift */ = {isa = PBXFileReference; lastKnownFileType = sourcecode.swift; path = SetProfileViewReactor.swift; sourceTree = "<group>"; };
		2EE0D58A29781F920064E932 /* CoreGraphicManager.swift */ = {isa = PBXFileReference; lastKnownFileType = sourcecode.swift; path = CoreGraphicManager.swift; sourceTree = "<group>"; };
		2EE0D58C297832D20064E932 /* PHPickerManager.swift */ = {isa = PBXFileReference; lastKnownFileType = sourcecode.swift; path = PHPickerManager.swift; sourceTree = "<group>"; };
		2EE0D58E29786C1C0064E932 /* TermVC.swift */ = {isa = PBXFileReference; lastKnownFileType = sourcecode.swift; path = TermVC.swift; sourceTree = "<group>"; };
		2EE0D594297A9D670064E932 /* FavorUITests.xctest */ = {isa = PBXFileReference; explicitFileType = wrapper.cfbundle; includeInIndex = 0; path = FavorUITests.xctest; sourceTree = BUILT_PRODUCTS_DIR; };
		2EE0D596297A9D670064E932 /* FavorUITests.swift */ = {isa = PBXFileReference; lastKnownFileType = sourcecode.swift; path = FavorUITests.swift; sourceTree = "<group>"; };
		2EE0D598297A9D670064E932 /* FavorUITestsLaunchTests.swift */ = {isa = PBXFileReference; lastKnownFileType = sourcecode.swift; path = FavorUITestsLaunchTests.swift; sourceTree = "<group>"; };
		2EE3BA6C29A9CC41004FDCC9 /* CompositionalLayoutFactory.swift */ = {isa = PBXFileReference; lastKnownFileType = sourcecode.swift; path = CompositionalLayoutFactory.swift; sourceTree = "<group>"; };
		2EE3BA7129AA51BC004FDCC9 /* AuthValidationManager.swift */ = {isa = PBXFileReference; lastKnownFileType = sourcecode.swift; path = AuthValidationManager.swift; sourceTree = "<group>"; };
		2EE3BA7329AA68DD004FDCC9 /* AuthType.swift */ = {isa = PBXFileReference; lastKnownFileType = sourcecode.swift; path = AuthType.swift; sourceTree = "<group>"; };
		2EE3BA8C29AE15A8004FDCC9 /* APIManager.swift */ = {isa = PBXFileReference; lastKnownFileType = sourcecode.swift; path = APIManager.swift; sourceTree = "<group>"; };
		2EE3BA8E29AE4F4D004FDCC9 /* Networkable.swift */ = {isa = PBXFileReference; lastKnownFileType = sourcecode.swift; path = Networkable.swift; sourceTree = "<group>"; };
		2EE3BA9429AE54A1004FDCC9 /* BaseTargetType.swift */ = {isa = PBXFileReference; lastKnownFileType = sourcecode.swift; path = BaseTargetType.swift; sourceTree = "<group>"; };
		2EE3BA9629AE55D2004FDCC9 /* Encodable+.swift */ = {isa = PBXFileReference; lastKnownFileType = sourcecode.swift; path = "Encodable+.swift"; sourceTree = "<group>"; };
		2EE3BAA829AF11E5004FDCC9 /* README.md */ = {isa = PBXFileReference; lastKnownFileType = net.daringfireball.markdown; path = README.md; sourceTree = "<group>"; };
		2EE3BAAB29AF1679004FDCC9 /* README.md */ = {isa = PBXFileReference; lastKnownFileType = net.daringfireball.markdown; path = README.md; sourceTree = "<group>"; };
		2EE3BAAC29AF1A3A004FDCC9 /* UIScrollView+.swift */ = {isa = PBXFileReference; lastKnownFileType = sourcecode.swift; path = "UIScrollView+.swift"; sourceTree = "<group>"; };
		2EE6B3982983DF3900CDBC81 /* AppFlow.swift */ = {isa = PBXFileReference; lastKnownFileType = sourcecode.swift; path = AppFlow.swift; sourceTree = "<group>"; };
		E51AB857297A8BE200955301 /* PlainFavorButton.swift */ = {isa = PBXFileReference; lastKnownFileType = sourcecode.swift; path = PlainFavorButton.swift; sourceTree = "<group>"; };
		E55CF7B6298A644C002940D1 /* FTUXStorage.swift */ = {isa = PBXFileReference; lastKnownFileType = sourcecode.swift; path = FTUXStorage.swift; sourceTree = "<group>"; };
		E55CF7B9298A743B002940D1 /* AuthFlow.swift */ = {isa = PBXFileReference; lastKnownFileType = sourcecode.swift; path = AuthFlow.swift; sourceTree = "<group>"; };
		E55CF7C0298B5631002940D1 /* OnboardingFlow.swift */ = {isa = PBXFileReference; lastKnownFileType = sourcecode.swift; path = OnboardingFlow.swift; sourceTree = "<group>"; };
		E55CF7C3298B5CDF002940D1 /* AppStpper.swift */ = {isa = PBXFileReference; lastKnownFileType = sourcecode.swift; path = AppStpper.swift; sourceTree = "<group>"; };
		E55CF7C5298B8EBB002940D1 /* TabBarFlow.swift */ = {isa = PBXFileReference; lastKnownFileType = sourcecode.swift; path = TabBarFlow.swift; sourceTree = "<group>"; };
		E56260EE298F4D4F00D14020 /* NewGiftVC.swift */ = {isa = PBXFileReference; lastKnownFileType = sourcecode.swift; path = NewGiftVC.swift; sourceTree = "<group>"; };
		E56260F029908F0100D14020 /* CategoryView.swift */ = {isa = PBXFileReference; lastKnownFileType = sourcecode.swift; path = CategoryView.swift; sourceTree = "<group>"; };
		E56260FD299249BD00D14020 /* PickedPictureCell.swift */ = {isa = PBXFileReference; lastKnownFileType = sourcecode.swift; path = PickedPictureCell.swift; sourceTree = "<group>"; };
		E562610129934B4E00D14020 /* PickPictureCell.swift */ = {isa = PBXFileReference; lastKnownFileType = sourcecode.swift; path = PickPictureCell.swift; sourceTree = "<group>"; };
		E562610329939E8800D14020 /* PickedPictureSection.swift */ = {isa = PBXFileReference; lastKnownFileType = sourcecode.swift; path = PickedPictureSection.swift; sourceTree = "<group>"; };
		E562610529948B4C00D14020 /* PickPictureCellReactor.swift */ = {isa = PBXFileReference; lastKnownFileType = sourcecode.swift; path = PickPictureCellReactor.swift; sourceTree = "<group>"; };
		E562610C29948D3600D14020 /* PickedPictureCellReactor.swift */ = {isa = PBXFileReference; lastKnownFileType = sourcecode.swift; path = PickedPictureCellReactor.swift; sourceTree = "<group>"; };
		E562610E299497C000D14020 /* NewGiftViewReactor.swift */ = {isa = PBXFileReference; lastKnownFileType = sourcecode.swift; path = NewGiftViewReactor.swift; sourceTree = "<group>"; };
		E562611D299DCE2E00D14020 /* LargeFavorButtonType.swift */ = {isa = PBXFileReference; lastKnownFileType = sourcecode.swift; path = LargeFavorButtonType.swift; sourceTree = "<group>"; };
		E562611F299DD37200D14020 /* SmallFavorButtonType.swift */ = {isa = PBXFileReference; lastKnownFileType = sourcecode.swift; path = SmallFavorButtonType.swift; sourceTree = "<group>"; };
		E5626121299E3EDA00D14020 /* PlainFavorButtonType.swift */ = {isa = PBXFileReference; lastKnownFileType = sourcecode.swift; path = PlainFavorButtonType.swift; sourceTree = "<group>"; };
		E5626123299E5E0100D14020 /* FavorSwitch.swift */ = {isa = PBXFileReference; lastKnownFileType = sourcecode.swift; path = FavorSwitch.swift; sourceTree = "<group>"; };
		E5626125299E64F300D14020 /* FavorDivider.swift */ = {isa = PBXFileReference; lastKnownFileType = sourcecode.swift; path = FavorDivider.swift; sourceTree = "<group>"; };
		E57F3138296FF48400E3D449 /* API-Info.plist */ = {isa = PBXFileReference; lastKnownFileType = text.plist.xml; path = "API-Info.plist"; sourceTree = "<group>"; };
		E57F313A296FF4AB00E3D449 /* Preview.swift */ = {isa = PBXFileReference; lastKnownFileType = sourcecode.swift; path = Preview.swift; sourceTree = "<group>"; };
		E57F313C2970004D00E3D449 /* OnboardingCell.swift */ = {isa = PBXFileReference; lastKnownFileType = sourcecode.swift; path = OnboardingCell.swift; sourceTree = "<group>"; };
		E57F313E297000DB00E3D449 /* BaseView.swift */ = {isa = PBXFileReference; lastKnownFileType = sourcecode.swift; path = BaseView.swift; sourceTree = "<group>"; };
		E5B182792973FDC600229C50 /* OnboardingSlide.swift */ = {isa = PBXFileReference; lastKnownFileType = sourcecode.swift; path = OnboardingSlide.swift; sourceTree = "<group>"; };
		E5B1827B2974361400229C50 /* LargeFavorButton.swift */ = {isa = PBXFileReference; lastKnownFileType = sourcecode.swift; path = LargeFavorButton.swift; sourceTree = "<group>"; };
		E5B1827D297439CA00229C50 /* UIFont+.swift */ = {isa = PBXFileReference; lastKnownFileType = sourcecode.swift; path = "UIFont+.swift"; sourceTree = "<group>"; };
		E5B1828129743A8B00229C50 /* Pretendard-Bold.otf */ = {isa = PBXFileReference; lastKnownFileType = file; path = "Pretendard-Bold.otf"; sourceTree = "<group>"; };
		E5B1828229743A8C00229C50 /* Pretendard-Regular.otf */ = {isa = PBXFileReference; lastKnownFileType = file; path = "Pretendard-Regular.otf"; sourceTree = "<group>"; };
		E5B1828629744D8400229C50 /* SmallFavorButton.swift */ = {isa = PBXFileReference; lastKnownFileType = sourcecode.swift; path = SmallFavorButton.swift; sourceTree = "<group>"; };
		E5B182982974F79A00229C50 /* ReuseIdentifying.swift */ = {isa = PBXFileReference; lastKnownFileType = sourcecode.swift; path = ReuseIdentifying.swift; sourceTree = "<group>"; };
		E5CFF72A298404F700E11D9A /* AppStep.swift */ = {isa = PBXFileReference; lastKnownFileType = sourcecode.swift; path = AppStep.swift; sourceTree = "<group>"; };
		E5E28ECB295DAC3F006B9245 /* BaseViewController.swift */ = {isa = PBXFileReference; lastKnownFileType = sourcecode.swift; path = BaseViewController.swift; sourceTree = "<group>"; };
		E5E28ED3295DAE2C006B9245 /* .swiftlint.yml */ = {isa = PBXFileReference; lastKnownFileType = text.yaml; path = .swiftlint.yml; sourceTree = "<group>"; };
/* End PBXFileReference section */

/* Begin PBXFrameworksBuildPhase section */
		2E7C3095295D7C4300BAC43D /* Frameworks */ = {
			isa = PBXFrameworksBuildPhase;
			buildActionMask = 2147483647;
			files = (
				2EE6B3972982EDA400CDBC81 /* RxFlow in Frameworks */,
				2EE3BA7729AB241E004FDCC9 /* RxKeyboard in Frameworks */,
				2EC371F8299521AD00D1007B /* RxGesture in Frameworks */,
				2E7C30B7295D8E1000BAC43D /* SnapKit in Frameworks */,
				2EE3BA8429AB60A4004FDCC9 /* RealmSwift in Frameworks */,
				2E7C30B1295D8DA400BAC43D /* ReactorKit in Frameworks */,
				2E63538B295D900F00B23A14 /* RxMoya in Frameworks */,
				2EE3BA8729AB60B9004FDCC9 /* RxRealm in Frameworks */,
				2E7C30B4295D8DC200BAC43D /* Then in Frameworks */,
				2EE3BA8229AB60A4004FDCC9 /* Realm in Frameworks */,
				2E635393295D906A00B23A14 /* RxDataSources in Frameworks */,
				2E635391295D906A00B23A14 /* Differentiator in Frameworks */,
				E56260FC2991E4EA00D14020 /* RSKPlaceholderTextView in Frameworks */,
				2E63538E295D904000B23A14 /* Kingfisher in Frameworks */,
				2EE3BA7029A9D7D4004FDCC9 /* Reusable in Frameworks */,
			);
			runOnlyForDeploymentPostprocessing = 0;
		};
		2EE0D591297A9D670064E932 /* Frameworks */ = {
			isa = PBXFrameworksBuildPhase;
			buildActionMask = 2147483647;
			files = (
			);
			runOnlyForDeploymentPostprocessing = 0;
		};
/* End PBXFrameworksBuildPhase section */

/* Begin PBXGroup section */
		2E1C5659296C24AE0067FC78 /* Auth */ = {
			isa = PBXGroup;
			children = (
				2ED326AC29B0DB9D001963D0 /* TermSection.swift */,
				2EE07EE4296EDCA900048A3C /* Reactors */,
				2ED8CB4529B0C2E400E7B547 /* Views */,
				2EE07EE2296EDC9E00048A3C /* ViewControllers */,
			);
			path = Auth;
			sourceTree = "<group>";
		};
		2E1C565F296C28BF0067FC78 /* Onboarding */ = {
			isa = PBXGroup;
			children = (
				2E1C5660296C29210067FC78 /* OnboardingVC.swift */,
				E57F313C2970004D00E3D449 /* OnboardingCell.swift */,
				E5B182792973FDC600229C50 /* OnboardingSlide.swift */,
			);
			path = Onboarding;
			sourceTree = "<group>";
		};
		2E6C90B229A607C300AF963A /* Cells */ = {
			isa = PBXGroup;
			children = (
				2E00562229A91EEE006CF302 /* NewAnniversaryHeaderView.swift */,
				2E6C90B029A607BD00AF963A /* FriendCell.swift */,
			);
			path = Cells;
			sourceTree = "<group>";
		};
		2E6C90B329A607E100AF963A /* CellReactors */ = {
			isa = PBXGroup;
			children = (
				2E6C90B429A607FA00AF963A /* FriendCellReactor.swift */,
			);
			path = CellReactors;
			sourceTree = "<group>";
		};
		2E6EBFB729A9395900A924B9 /* CellReactors */ = {
			isa = PBXGroup;
			children = (
				2EA38490298D7C5F0081499C /* TimelineCellReactor.swift */,
				2EA3848F298D7C5F0081499C /* UpcomingCellReactor.swift */,
			);
			path = CellReactors;
			sourceTree = "<group>";
		};
		2E6EBFB829A9B01700A924B9 /* CellReactors */ = {
			isa = PBXGroup;
			children = (
				2EC939F0299CF67E00C8C47F /* GiftStatsCellReactor.swift */,
				2EC939F4299CF6C400C8C47F /* FavorPrefersCellReactor.swift */,
				2EC939F2299CF6A300C8C47F /* FavorSetupProfileCellReactor.swift */,
				2EC939F6299CF6E800C8C47F /* FavorAnniversaryCellReactor.swift */,
			);
			path = CellReactors;
			sourceTree = "<group>";
		};
		2E76F58629601EC3002FF001 /* Splash */ = {
			isa = PBXGroup;
			children = (
				2E76F58429601CD6002FF001 /* SplashVC.swift */,
			);
			path = Splash;
			sourceTree = "<group>";
		};
		2E7C308F295D7C4300BAC43D = {
			isa = PBXGroup;
			children = (
				E5E28ED3295DAE2C006B9245 /* .swiftlint.yml */,
				2E7C309A295D7C4300BAC43D /* Favor */,
				2EE0D595297A9D670064E932 /* FavorUITests */,
				2E7C3099295D7C4300BAC43D /* Products */,
			);
			sourceTree = "<group>";
		};
		2E7C3099295D7C4300BAC43D /* Products */ = {
			isa = PBXGroup;
			children = (
				2E7C3098295D7C4300BAC43D /* Favor.app */,
				2EE0D594297A9D670064E932 /* FavorUITests.xctest */,
			);
			name = Products;
			sourceTree = "<group>";
		};
		2E7C309A295D7C4300BAC43D /* Favor */ = {
			isa = PBXGroup;
			children = (
				2EBB0149295E8C590072D158 /* Configuration */,
				2EBB014A295E8C600072D158 /* Sources */,
				2E7C30A6295D7C4500BAC43D /* LaunchScreen.storyboard */,
				2E7C30A9295D7C4500BAC43D /* Info.plist */,
				E57F3138296FF48400E3D449 /* API-Info.plist */,
			);
			path = Favor;
			sourceTree = "<group>";
		};
		2EA384B3299234630081499C /* Views */ = {
			isa = PBXGroup;
			children = (
			);
			path = Views;
			sourceTree = "<group>";
		};
		2EA384B4299234680081499C /* Reactors */ = {
			isa = PBXGroup;
			children = (
				2EA384B7299235990081499C /* SearchViewReactor.swift */,
				2EC371FB2995266B00D1007B /* SearchResultViewReactor.swift */,
			);
			path = Reactors;
			sourceTree = "<group>";
		};
		2EBB0149295E8C590072D158 /* Configuration */ = {
			isa = PBXGroup;
			children = (
				2EBB0151295E8CAD0072D158 /* Assets */,
				E5E28ECA295DAC15006B9245 /* Base */,
				2EBB0150295E8CA10072D158 /* Constants */,
				E55CF7B4298A622B002940D1 /* Protocols */,
				2EBB014F295E8C9B0072D158 /* Extensions */,
				2EBB014E295E8C960072D158 /* Fonts */,
			);
			path = Configuration;
			sourceTree = "<group>";
		};
		2EBB014A295E8C600072D158 /* Sources */ = {
			isa = PBXGroup;
			children = (
				2EE3BA6B29A9CC30004FDCC9 /* Factories */,
				E55CF7B8298A705F002940D1 /* Flows */,
				E55CF7B5298A6422002940D1 /* Storages */,
				E5B182912974F43E00229C50 /* Utils */,
				2EBB014D295E8C880072D158 /* Models */,
				2EBB014C295E8C820072D158 /* Network */,
				2EBB014B295E8C770072D158 /* Scenes */,
			);
			path = Sources;
			sourceTree = "<group>";
		};
		2EBB014B295E8C770072D158 /* Scenes */ = {
			isa = PBXGroup;
			children = (
				2EBB0152295E8CCA0072D158 /* Application */,
				E5B182902974F39C00229C50 /* Common */,
				2ECC94C82960268000B530F7 /* TabBar */,
				2E76F58629601EC3002FF001 /* Splash */,
				2E1C5659296C24AE0067FC78 /* Auth */,
				2EE07ED4296E8DFF00048A3C /* Gift */,
				2EE07EB9296E8CC700048A3C /* Home */,
				2EE07EA3296C602100048A3C /* NewGift */,
				2EE07E9F296C5F1D00048A3C /* Search */,
				2EE07EBD296E8D2300048A3C /* MyPage */,
				2E1C565F296C28BF0067FC78 /* Onboarding */,
				2EE07EAA296E7BC100048A3C /* Reminder */,
			);
			path = Scenes;
			sourceTree = "<group>";
		};
		2EBB014C295E8C820072D158 /* Network */ = {
			isa = PBXGroup;
			children = (
				2EE3BA9C29AE5C2F004FDCC9 /* APIs */,
				2EBB015D295E8DDC0072D158 /* DataMapping */,
				2EE3BA9429AE54A1004FDCC9 /* BaseTargetType.swift */,
				2EE3BA8E29AE4F4D004FDCC9 /* Networkable.swift */,
			);
			path = Network;
			sourceTree = "<group>";
		};
		2EBB014D295E8C880072D158 /* Models */ = {
			isa = PBXGroup;
			children = (
				2EE3BAA829AF11E5004FDCC9 /* README.md */,
				2ED326B429B0F6EB001963D0 /* Terms.swift */,
			);
			path = Models;
			sourceTree = "<group>";
		};
		2EBB014E295E8C960072D158 /* Fonts */ = {
			isa = PBXGroup;
			children = (
				E5B1828129743A8B00229C50 /* Pretendard-Bold.otf */,
				E5B1828229743A8C00229C50 /* Pretendard-Regular.otf */,
			);
			path = Fonts;
			sourceTree = "<group>";
		};
		2EBB014F295E8C9B0072D158 /* Extensions */ = {
			isa = PBXGroup;
			children = (
				2EBB0164295E8E1B0072D158 /* README.md */,
				2EE3BA9629AE55D2004FDCC9 /* Encodable+.swift */,
				2ECD69B329672CF000D00F8F /* UIColor+.swift */,
				E5B1827D297439CA00229C50 /* UIFont+.swift */,
				2EE3BAAC29AF1A3A004FDCC9 /* UIScrollView+.swift */,
				2E3668C5299FA6F4001FC283 /* UIView+.swift */,
				E57F313A296FF4AB00E3D449 /* Preview.swift */,
				2EA384BF29936BAD0081499C /* String+.swift */,
			);
			path = Extensions;
			sourceTree = "<group>";
		};
		2EBB0150295E8CA10072D158 /* Constants */ = {
			isa = PBXGroup;
			children = (
				2EE3BA7329AA68DD004FDCC9 /* AuthType.swift */,
				E562611D299DCE2E00D14020 /* LargeFavorButtonType.swift */,
				E562611F299DD37200D14020 /* SmallFavorButtonType.swift */,
				E5626121299E3EDA00D14020 /* PlainFavorButtonType.swift */,
				2E00561929A7E40F006CF302 /* ScrollDirection.swift */,
			);
			path = Constants;
			sourceTree = "<group>";
		};
		2EBB0151295E8CAD0072D158 /* Assets */ = {
			isa = PBXGroup;
			children = (
				2E7C30A4295D7C4500BAC43D /* Assets.xcassets */,
			);
			path = Assets;
			sourceTree = "<group>";
		};
		2EBB0152295E8CCA0072D158 /* Application */ = {
			isa = PBXGroup;
			children = (
				2E7C309B295D7C4300BAC43D /* AppDelegate.swift */,
				2E7C309D295D7C4300BAC43D /* SceneDelegate.swift */,
			);
			path = Application;
			sourceTree = "<group>";
		};
		2EBB0154295E8CEC0072D158 /* Reactors */ = {
			isa = PBXGroup;
			children = (
				2E6EBFB729A9395900A924B9 /* CellReactors */,
				2EA38491298D7C5F0081499C /* HeaderViewReactor.swift */,
				2EA384A1298D7CC10081499C /* HomeViewReactor.swift */,
			);
			path = Reactors;
			sourceTree = "<group>";
		};
		2EBB0155295E8CFD0072D158 /* Views */ = {
			isa = PBXGroup;
			children = (
				2EA38499298D7C680081499C /* HeaderView.swift */,
				2EA38495298D7C680081499C /* HomeSection.swift */,
				2EA38498298D7C680081499C /* TimelineCell.swift */,
				2EA38497298D7C680081499C /* UpcomingCell.swift */,
			);
			path = Views;
			sourceTree = "<group>";
		};
		2EBB0156295E8D0A0072D158 /* ViewControllers */ = {
			isa = PBXGroup;
			children = (
				2EA3849F298D7C960081499C /* HomeVC.swift */,
			);
			path = ViewControllers;
			sourceTree = "<group>";
		};
		2EBB015D295E8DDC0072D158 /* DataMapping */ = {
			isa = PBXGroup;
			children = (
				2EBB016A295EA9DA0072D158 /* README.md */,
			);
			path = DataMapping;
			sourceTree = "<group>";
		};
		2ECC94C82960268000B530F7 /* TabBar */ = {
			isa = PBXGroup;
			children = (
				2E171163298035A400E34121 /* TabBarController.swift */,
				2ECC94C9296026A200B530F7 /* TabBarPage.swift */,
			);
			name = TabBar;
			path = Application/TabBar;
			sourceTree = "<group>";
		};
		2ED8CB4529B0C2E400E7B547 /* Views */ = {
			isa = PBXGroup;
			children = (
				2ED8CB4629B0C30400E7B547 /* AcceptTermCell.swift */,
				2ED326B629B0F98C001963D0 /* AcceptAllView.swift */,
			);
			path = Views;
			sourceTree = "<group>";
		};
		2EE07E9F296C5F1D00048A3C /* Search */ = {
			isa = PBXGroup;
			children = (
				2EA384B4299234680081499C /* Reactors */,
				2EA384B3299234630081499C /* Views */,
				2EE07EBA296E8CE600048A3C /* ViewControllers */,
			);
			path = Search;
			sourceTree = "<group>";
		};
		2EE07EA3296C602100048A3C /* NewGift */ = {
			isa = PBXGroup;
			children = (
				2EE07EA7296C669000048A3C /* ViewControllers */,
			);
			path = NewGift;
			sourceTree = "<group>";
		};
		2EE07EA7296C669000048A3C /* ViewControllers */ = {
			isa = PBXGroup;
			children = (
				2EE07EB1296E8C1F00048A3C /* .gitkeep */,
			);
			path = ViewControllers;
			sourceTree = "<group>";
		};
		2EE07EAA296E7BC100048A3C /* Reminder */ = {
			isa = PBXGroup;
			children = (
				2EE07EAD296E7BE200048A3C /* Reactor */,
				2EE07EAC296E7BDE00048A3C /* Views */,
				2EE07EAB296E7BD700048A3C /* ViewControllers */,
			);
			path = Reminder;
			sourceTree = "<group>";
		};
		2EE07EAB296E7BD700048A3C /* ViewControllers */ = {
			isa = PBXGroup;
			children = (
				2EE07ED0296E8DD000048A3C /* EventVC.swift */,
				2EE07ED2296E8DE600048A3C /* EventEditVC.swift */,
				2EE07ECE296E8DB500048A3C /* ReminderVC.swift */,
			);
			path = ViewControllers;
			sourceTree = "<group>";
		};
		2EE07EAC296E7BDE00048A3C /* Views */ = {
			isa = PBXGroup;
			children = (
				2EE07EB5296E8C3700048A3C /* .gitkeep */,
			);
			path = Views;
			sourceTree = "<group>";
		};
		2EE07EAD296E7BE200048A3C /* Reactor */ = {
			isa = PBXGroup;
			children = (
				2EE07EB3296E8C2B00048A3C /* .gitkeep */,
			);
			path = Reactor;
			sourceTree = "<group>";
		};
		2EE07EB9296E8CC700048A3C /* Home */ = {
			isa = PBXGroup;
			children = (
				2EBB0154295E8CEC0072D158 /* Reactors */,
				2EBB0155295E8CFD0072D158 /* Views */,
				2EBB0156295E8D0A0072D158 /* ViewControllers */,
			);
			path = Home;
			sourceTree = "<group>";
		};
		2EE07EBA296E8CE600048A3C /* ViewControllers */ = {
			isa = PBXGroup;
			children = (
				2EA384B5299234770081499C /* SearchVC.swift */,
				2EC371F92995262D00D1007B /* SearchResultVC.swift */,
			);
			path = ViewControllers;
			sourceTree = "<group>";
		};
		2EE07EBD296E8D2300048A3C /* MyPage */ = {
			isa = PBXGroup;
			children = (
				2E00561B29A7E720006CF302 /* FavorSelectionSection.swift */,
				2E00562629A9220D006CF302 /* NewAnniversarySection.swift */,
				2EC939DE2998B80200C8C47F /* MyPageSection.swift */,
				2EE07EC0296E8D3700048A3C /* Reactors */,
				2EE07EBF296E8D3300048A3C /* Views */,
				2EE07EBE296E8D2D00048A3C /* ViewControllers */,
			);
			path = MyPage;
			sourceTree = "<group>";
		};
		2EE07EBE296E8D2D00048A3C /* ViewControllers */ = {
			isa = PBXGroup;
			children = (
				2E6C90BB29A6239600AF963A /* EditMyPageVC.swift */,
				2EE07ECA296E8D8400048A3C /* MyPageVC.swift */,
				2EE07ECC296E8D9A00048A3C /* SettingVC.swift */,
			);
			path = ViewControllers;
			sourceTree = "<group>";
		};
		2EE07EBF296E8D3300048A3C /* Views */ = {
			isa = PBXGroup;
			children = (
				2E6C90B229A607C300AF963A /* Cells */,
				2EB3AE92299E3E2700D31541 /* BackgroundView.swift */,
				2EC939F8299E160A00C8C47F /* MyPageHeaderView.swift */,
				2E00561D29A8B131006CF302 /* MyPageSectionFooterView.swift */,
				2EC939EA299A7D4300C8C47F /* MyPageSectionHeaderView.swift */,
			);
			path = Views;
			sourceTree = "<group>";
		};
		2EE07EC0296E8D3700048A3C /* Reactors */ = {
			isa = PBXGroup;
			children = (
				2E6C90B329A607E100AF963A /* CellReactors */,
				2E6C90BD29A623E000AF963A /* EditMyPageViewReactor.swift */,
				2E00562429A91F2A006CF302 /* NewAnniversaryHeaderViewReactor.swift */,
				2EC939FA299E163800C8C47F /* MyPageHeaderViewReactor.swift */,
				2EC939DA29967F1900C8C47F /* MyPageViewReactor.swift */,
				2EC939EE299BB10D00C8C47F /* MyPageSectionHeaderViewReactor.swift */,
			);
			path = Reactors;
			sourceTree = "<group>";
		};
		2EE07ED4296E8DFF00048A3C /* Gift */ = {
			isa = PBXGroup;
			children = (
				E562610329939E8800D14020 /* PickedPictureSection.swift */,
				2EE07EDA296E8E4400048A3C /* Views */,
				2EE07EDB296E8E4800048A3C /* Reactors */,
				2EE07ED5296E8E0C00048A3C /* ViewControllers */,
			);
			path = Gift;
			sourceTree = "<group>";
		};
		2EE07ED5296E8E0C00048A3C /* ViewControllers */ = {
			isa = PBXGroup;
			children = (
				E56260EE298F4D4F00D14020 /* NewGiftVC.swift */,
				2EE07ED8296E8E3400048A3C /* ShareVC.swift */,
			);
			path = ViewControllers;
			sourceTree = "<group>";
		};
		2EE07EDA296E8E4400048A3C /* Views */ = {
			isa = PBXGroup;
			children = (
				E562610129934B4E00D14020 /* PickPictureCell.swift */,
				E56260FD299249BD00D14020 /* PickedPictureCell.swift */,
			);
			path = Views;
			sourceTree = "<group>";
		};
		2EE07EDB296E8E4800048A3C /* Reactors */ = {
			isa = PBXGroup;
			children = (
				E562610529948B4C00D14020 /* PickPictureCellReactor.swift */,
				E562610C29948D3600D14020 /* PickedPictureCellReactor.swift */,
				E562610E299497C000D14020 /* NewGiftViewReactor.swift */,
			);
			path = Reactors;
			sourceTree = "<group>";
		};
		2EE07EE2296EDC9E00048A3C /* ViewControllers */ = {
			isa = PBXGroup;
			children = (
				2EE07EE6296EDE5100048A3C /* SelectSignInVC.swift */,
				2ED22DAE296FF4A900ED6221 /* SignInVC.swift */,
				2EE0D58029751EBD0064E932 /* SignUpVC.swift */,
				2EE0D584297524660064E932 /* SetProfileVC.swift */,
				2EE0D58E29786C1C0064E932 /* TermVC.swift */,
			);
			path = ViewControllers;
			sourceTree = "<group>";
		};
		2EE07EE4296EDCA900048A3C /* Reactors */ = {
			isa = PBXGroup;
			children = (
				2EE07EE8296EDE9700048A3C /* SelectSignInViewReactor.swift */,
				2ED22DB0296FF4D100ED6221 /* SignInViewReactor.swift */,
				2EE0D58229751EEF0064E932 /* SignUpViewReactor.swift */,
				2EE0D586297524880064E932 /* SetProfileViewReactor.swift */,
				2ED8CB4329B0BD3F00E7B547 /* TermViewReactor.swift */,
			);
			path = Reactors;
			sourceTree = "<group>";
		};
		2EE0D595297A9D670064E932 /* FavorUITests */ = {
			isa = PBXGroup;
			children = (
				2EE0D596297A9D670064E932 /* FavorUITests.swift */,
				2EE0D598297A9D670064E932 /* FavorUITestsLaunchTests.swift */,
			);
			path = FavorUITests;
			sourceTree = "<group>";
		};
		2EE3BA6B29A9CC30004FDCC9 /* Factories */ = {
			isa = PBXGroup;
			children = (
				2EE3BA6C29A9CC41004FDCC9 /* CompositionalLayoutFactory.swift */,
			);
			path = Factories;
			sourceTree = "<group>";
		};
		2EE3BA9C29AE5C2F004FDCC9 /* APIs */ = {
			isa = PBXGroup;
			children = (
				2EE3BAAB29AF1679004FDCC9 /* README.md */,
			);
			path = APIs;
			sourceTree = "<group>";
		};
		E517803729A8E88A0011C220 /* Cells */ = {
			isa = PBXGroup;
			children = (
				2EC939E02998BEAD00C8C47F /* FavorGiftStatsCell.swift */,
				2EC939E42998C68900C8C47F /* FavorPrefersCell.swift */,
				2EC939E22998C63200C8C47F /* FavorSetupProfileCell.swift */,
				2EC939E62998C6D100C8C47F /* FavorAnniversaryCell.swift */,
			);
			path = Cells;
			sourceTree = "<group>";
		};
		E517803829A8E8CD0011C220 /* Views */ = {
			isa = PBXGroup;
			children = (
				E517803729A8E88A0011C220 /* Cells */,
				E5B1827B2974361400229C50 /* LargeFavorButton.swift */,
				E5B1828629744D8400229C50 /* SmallFavorButton.swift */,
				E51AB857297A8BE200955301 /* PlainFavorButton.swift */,
				E5626123299E5E0100D14020 /* FavorSwitch.swift */,
				E5626125299E64F300D14020 /* FavorDivider.swift */,
				2EA384BD299248200081499C /* FavorSearchBar.swift */,
				E56260F029908F0100D14020 /* CategoryView.swift */,
				2E6C90BF29A6783D00AF963A /* FavorTextField.swift */,
				2E11C2FE29A7AB29004B5C4A /* EmptyCollectionViewCell.swift */,
				2ED326AE29B0EE16001963D0 /* SelfSizingTableView.swift */,
			);
			path = Views;
			sourceTree = "<group>";
		};
		E517803929A8E8DD0011C220 /* Reactors */ = {
			isa = PBXGroup;
			children = (
				2E6EBFB829A9B01700A924B9 /* CellReactors */,
			);
			path = Reactors;
			sourceTree = "<group>";
		};
		E55CF7B4298A622B002940D1 /* Protocols */ = {
			isa = PBXGroup;
			children = (
				E5B182982974F79A00229C50 /* ReuseIdentifying.swift */,
				E57F313E297000DB00E3D449 /* BaseView.swift */,
			);
			path = Protocols;
			sourceTree = "<group>";
		};
		E55CF7B5298A6422002940D1 /* Storages */ = {
			isa = PBXGroup;
			children = (
				E55CF7B6298A644C002940D1 /* FTUXStorage.swift */,
			);
			path = Storages;
			sourceTree = "<group>";
		};
		E55CF7B8298A705F002940D1 /* Flows */ = {
			isa = PBXGroup;
			children = (
				E5CFF72A298404F700E11D9A /* AppStep.swift */,
				E55CF7C3298B5CDF002940D1 /* AppStpper.swift */,
				2EE6B3982983DF3900CDBC81 /* AppFlow.swift */,
				E55CF7B9298A743B002940D1 /* AuthFlow.swift */,
				E55CF7C0298B5631002940D1 /* OnboardingFlow.swift */,
				2EA384B92992371C0081499C /* SearchFlow.swift */,
				E55CF7C5298B8EBB002940D1 /* TabBarFlow.swift */,
				2EC939DC299684C000C8C47F /* MyPageFlow.swift */,
			);
			path = Flows;
			sourceTree = "<group>";
		};
		E5B182902974F39C00229C50 /* Common */ = {
			isa = PBXGroup;
			children = (
				E517803929A8E8DD0011C220 /* Reactors */,
				E517803829A8E8CD0011C220 /* Views */,
			);
			path = Common;
			sourceTree = "<group>";
		};
		E5B182912974F43E00229C50 /* Utils */ = {
			isa = PBXGroup;
			children = (
				2EE3BA8C29AE15A8004FDCC9 /* APIManager.swift */,
				2EE0D58A29781F920064E932 /* CoreGraphicManager.swift */,
				2EE0D58C297832D20064E932 /* PHPickerManager.swift */,
				2EE3BA7129AA51BC004FDCC9 /* AuthValidationManager.swift */,
			);
			path = Utils;
			sourceTree = "<group>";
		};
		E5E28ECA295DAC15006B9245 /* Base */ = {
			isa = PBXGroup;
			children = (
				E5E28ECB295DAC3F006B9245 /* BaseViewController.swift */,
			);
			path = Base;
			sourceTree = "<group>";
		};
/* End PBXGroup section */

/* Begin PBXNativeTarget section */
		2E7C3097295D7C4300BAC43D /* Favor */ = {
			isa = PBXNativeTarget;
			buildConfigurationList = 2E7C30AC295D7C4500BAC43D /* Build configuration list for PBXNativeTarget "Favor" */;
			buildPhases = (
				E5E28ED0295DAD87006B9245 /* SwiftLint Script */,
				2E7C3094295D7C4300BAC43D /* Sources */,
				2E7C3095295D7C4300BAC43D /* Frameworks */,
				2E7C3096295D7C4300BAC43D /* Resources */,
			);
			buildRules = (
			);
			dependencies = (
			);
			name = Favor;
			packageProductDependencies = (
				2E7C30B0295D8DA400BAC43D /* ReactorKit */,
				2E7C30B3295D8DC200BAC43D /* Then */,
				2E7C30B6295D8E1000BAC43D /* SnapKit */,
				2E63538A295D900F00B23A14 /* RxMoya */,
				2E63538D295D904000B23A14 /* Kingfisher */,
				2E635390295D906A00B23A14 /* Differentiator */,
				2E635392295D906A00B23A14 /* RxDataSources */,
				2EE6B3962982EDA400CDBC81 /* RxFlow */,
				2EC371F7299521AD00D1007B /* RxGesture */,
				E56260FB2991E4EA00D14020 /* RSKPlaceholderTextView */,
				2EE3BA7629AB241E004FDCC9 /* RxKeyboard */,
				2EE3BA6F29A9D7D4004FDCC9 /* Reusable */,
				2EE3BA8129AB60A4004FDCC9 /* Realm */,
				2EE3BA8329AB60A4004FDCC9 /* RealmSwift */,
				2EE3BA8629AB60B9004FDCC9 /* RxRealm */,
			);
			productName = Favor;
			productReference = 2E7C3098295D7C4300BAC43D /* Favor.app */;
			productType = "com.apple.product-type.application";
		};
		2EE0D593297A9D670064E932 /* FavorUITests */ = {
			isa = PBXNativeTarget;
			buildConfigurationList = 2EE0D59C297A9D670064E932 /* Build configuration list for PBXNativeTarget "FavorUITests" */;
			buildPhases = (
				2EE0D590297A9D670064E932 /* Sources */,
				2EE0D591297A9D670064E932 /* Frameworks */,
				2EE0D592297A9D670064E932 /* Resources */,
			);
			buildRules = (
			);
			dependencies = (
				2EE0D59B297A9D670064E932 /* PBXTargetDependency */,
			);
			name = FavorUITests;
			productName = FavorUITests;
			productReference = 2EE0D594297A9D670064E932 /* FavorUITests.xctest */;
			productType = "com.apple.product-type.bundle.ui-testing";
		};
/* End PBXNativeTarget section */

/* Begin PBXProject section */
		2E7C3090295D7C4300BAC43D /* Project object */ = {
			isa = PBXProject;
			attributes = {
				BuildIndependentTargetsInParallel = 1;
				LastSwiftUpdateCheck = 1420;
				LastUpgradeCheck = 1410;
				TargetAttributes = {
					2E7C3097295D7C4300BAC43D = {
						CreatedOnToolsVersion = 14.1;
					};
					2EE0D593297A9D670064E932 = {
						CreatedOnToolsVersion = 14.2;
						TestTargetID = 2E7C3097295D7C4300BAC43D;
					};
				};
			};
			buildConfigurationList = 2E7C3093295D7C4300BAC43D /* Build configuration list for PBXProject "Favor" */;
			compatibilityVersion = "Xcode 14.0";
			developmentRegion = en;
			hasScannedForEncodings = 0;
			knownRegions = (
				en,
				Base,
			);
			mainGroup = 2E7C308F295D7C4300BAC43D;
			packageReferences = (
				2E7C30AF295D8DA400BAC43D /* XCRemoteSwiftPackageReference "ReactorKit" */,
				2E7C30B2295D8DC200BAC43D /* XCRemoteSwiftPackageReference "Then" */,
				2E7C30B5295D8E1000BAC43D /* XCRemoteSwiftPackageReference "SnapKit" */,
				2E635389295D900F00B23A14 /* XCRemoteSwiftPackageReference "Moya" */,
				2E63538C295D904000B23A14 /* XCRemoteSwiftPackageReference "Kingfisher" */,
				2E63538F295D906A00B23A14 /* XCRemoteSwiftPackageReference "RxDataSources" */,
				2EE6B3952982EDA400CDBC81 /* XCRemoteSwiftPackageReference "RxFlow" */,
				2EC371F6299521AD00D1007B /* XCRemoteSwiftPackageReference "RxGesture" */,
				E56260FA2991E4EA00D14020 /* XCRemoteSwiftPackageReference "RSKPlaceholderTextView" */,
				2EE3BA7529AB241E004FDCC9 /* XCRemoteSwiftPackageReference "RxKeyboard" */,
				2EE3BA6E29A9D7D3004FDCC9 /* XCRemoteSwiftPackageReference "Reusable" */,
				2EE3BA8029AB60A4004FDCC9 /* XCRemoteSwiftPackageReference "realm-swift" */,
				2EE3BA8529AB60B9004FDCC9 /* XCRemoteSwiftPackageReference "RxRealm" */,
			);
			productRefGroup = 2E7C3099295D7C4300BAC43D /* Products */;
			projectDirPath = "";
			projectRoot = "";
			targets = (
				2E7C3097295D7C4300BAC43D /* Favor */,
				2EE0D593297A9D670064E932 /* FavorUITests */,
			);
		};
/* End PBXProject section */

/* Begin PBXResourcesBuildPhase section */
		2E7C3096295D7C4300BAC43D /* Resources */ = {
			isa = PBXResourcesBuildPhase;
			buildActionMask = 2147483647;
			files = (
				E5E28ED4295DAE2C006B9245 /* .swiftlint.yml in Resources */,
				E5B1828529743D5800229C50 /* Pretendard-Regular.otf in Resources */,
				E5B1828429743D5700229C50 /* Pretendard-Bold.otf in Resources */,
				2E7C30A8295D7C4500BAC43D /* LaunchScreen.storyboard in Resources */,
				2E7C30A5295D7C4500BAC43D /* Assets.xcassets in Resources */,
				E57F3139296FF48400E3D449 /* API-Info.plist in Resources */,
			);
			runOnlyForDeploymentPostprocessing = 0;
		};
		2EE0D592297A9D670064E932 /* Resources */ = {
			isa = PBXResourcesBuildPhase;
			buildActionMask = 2147483647;
			files = (
			);
			runOnlyForDeploymentPostprocessing = 0;
		};
/* End PBXResourcesBuildPhase section */

/* Begin PBXShellScriptBuildPhase section */
		E5E28ED0295DAD87006B9245 /* SwiftLint Script */ = {
			isa = PBXShellScriptBuildPhase;
			alwaysOutOfDate = 1;
			buildActionMask = 2147483647;
			files = (
			);
			inputFileListPaths = (
			);
			inputPaths = (
			);
			name = "SwiftLint Script";
			outputFileListPaths = (
			);
			outputPaths = (
			);
			runOnlyForDeploymentPostprocessing = 0;
			shellPath = /bin/sh;
			shellScript = "# Type a script or drag a script file from your workspace to insert its path.\nexport PATH=\"$PATH:/opt/homebrew/bin\"\nif which swiftlint > /dev/null; then\n  swiftlint\nelse\n  echo \"warning: SwiftLint not installed, download from https://github.com/realm/SwiftLint\"\nfi\n";
		};
/* End PBXShellScriptBuildPhase section */

/* Begin PBXSourcesBuildPhase section */
		2E7C3094295D7C4300BAC43D /* Sources */ = {
			isa = PBXSourcesBuildPhase;
			buildActionMask = 2147483647;
			files = (
				2ECB681529A9CAD600F4C1F3 /* CategoryView.swift in Sources */,
				2ECB681429A9CAC200F4C1F3 /* AppFlow.swift in Sources */,
				2EA384B8299235990081499C /* SearchViewReactor.swift in Sources */,
				2ED326B729B0F98C001963D0 /* AcceptAllView.swift in Sources */,
				2ED8CB4729B0C30400E7B547 /* AcceptTermCell.swift in Sources */,
				2E00561E29A8B131006CF302 /* MyPageSectionFooterView.swift in Sources */,
				2EC939E32998C63200C8C47F /* FavorSetupProfileCell.swift in Sources */,
				E5B1827A2973FDC600229C50 /* OnboardingSlide.swift in Sources */,
				2ED22DB1296FF4D100ED6221 /* SignInViewReactor.swift in Sources */,
				2EA384A0298D7C960081499C /* HomeVC.swift in Sources */,
				2E6C90BC29A6239600AF963A /* EditMyPageVC.swift in Sources */,
				2EE0D58F29786C1C0064E932 /* TermVC.swift in Sources */,
				E55CF7B7298A644C002940D1 /* FTUXStorage.swift in Sources */,
				E5E28ECC295DAC3F006B9245 /* BaseViewController.swift in Sources */,
				2EC939DD299684C000C8C47F /* MyPageFlow.swift in Sources */,
				2ECD69B429672CF000D00F8F /* UIColor+.swift in Sources */,
				2EA384B6299234770081499C /* SearchVC.swift in Sources */,
				E5CFF72B298404F700E11D9A /* AppStep.swift in Sources */,
				2EC371FA2995262D00D1007B /* SearchResultVC.swift in Sources */,
				E57F313F297000DB00E3D449 /* BaseView.swift in Sources */,
				2E171164298035A400E34121 /* TabBarController.swift in Sources */,
				2E11C2FF29A7AB29004B5C4A /* EmptyCollectionViewCell.swift in Sources */,
				E5626122299E3EDA00D14020 /* PlainFavorButtonType.swift in Sources */,
				2ED22DAF296FF4A900ED6221 /* SignInVC.swift in Sources */,
				2EA3849C298D7C680081499C /* UpcomingCell.swift in Sources */,
				2EC939E72998C6D100C8C47F /* FavorAnniversaryCell.swift in Sources */,
				2EE07ED3296E8DE600048A3C /* EventEditVC.swift in Sources */,
				2EE3BA7229AA51BC004FDCC9 /* AuthValidationManager.swift in Sources */,
				2ED326AD29B0DB9D001963D0 /* TermSection.swift in Sources */,
				2EE07EE9296EDE9700048A3C /* SelectSignInViewReactor.swift in Sources */,
				E5626126299E64F300D14020 /* FavorDivider.swift in Sources */,
				2EA38492298D7C5F0081499C /* UpcomingCellReactor.swift in Sources */,
				2EC939E12998BEAD00C8C47F /* FavorGiftStatsCell.swift in Sources */,
				E562611E299DCE2E00D14020 /* LargeFavorButtonType.swift in Sources */,
				2EE3BA7429AA68DD004FDCC9 /* AuthType.swift in Sources */,
				2EE0D58129751EBD0064E932 /* SignUpVC.swift in Sources */,
				2EE0D58D297832D20064E932 /* PHPickerManager.swift in Sources */,
				E562610D29948D3600D14020 /* PickedPictureCellReactor.swift in Sources */,
				2EA38494298D7C5F0081499C /* HeaderViewReactor.swift in Sources */,
				2EA3849E298D7C680081499C /* HeaderView.swift in Sources */,
				E5B1828729744D8400229C50 /* SmallFavorButton.swift in Sources */,
				2E76F58529601CD6002FF001 /* SplashVC.swift in Sources */,
				2ECC94CA296026A200B530F7 /* TabBarPage.swift in Sources */,
				2EE0D58329751EEF0064E932 /* SignUpViewReactor.swift in Sources */,
				2EE0D58B29781F920064E932 /* CoreGraphicManager.swift in Sources */,
				2EC939EF299BB10D00C8C47F /* MyPageSectionHeaderViewReactor.swift in Sources */,
				2E6C90B129A607BD00AF963A /* FriendCell.swift in Sources */,
				2EC939DB29967F1900C8C47F /* MyPageViewReactor.swift in Sources */,
				2EE07ED9296E8E3400048A3C /* ShareVC.swift in Sources */,
				2EE3BA8D29AE15A8004FDCC9 /* APIManager.swift in Sources */,
				2E1C5661296C29210067FC78 /* OnboardingVC.swift in Sources */,
				2E00562529A91F2A006CF302 /* NewAnniversaryHeaderViewReactor.swift in Sources */,
				2EC939EB299A7D4300C8C47F /* MyPageSectionHeaderView.swift in Sources */,
				E562610629948B4C00D14020 /* PickPictureCellReactor.swift in Sources */,
				2EA384A2298D7CC10081499C /* HomeViewReactor.swift in Sources */,
				2EE07ECB296E8D8400048A3C /* MyPageVC.swift in Sources */,
				2E00561A29A7E40F006CF302 /* ScrollDirection.swift in Sources */,
				2E6C90B529A607FA00AF963A /* FriendCellReactor.swift in Sources */,
				2EE07ECD296E8D9A00048A3C /* SettingVC.swift in Sources */,
				E56260EF298F4D4F00D14020 /* NewGiftVC.swift in Sources */,
				2E00561C29A7E720006CF302 /* FavorSelectionSection.swift in Sources */,
				2EE07EE7296EDE5100048A3C /* SelectSignInVC.swift in Sources */,
				2EC371FC2995266B00D1007B /* SearchResultViewReactor.swift in Sources */,
				E57F313B296FF4AB00E3D449 /* Preview.swift in Sources */,
				2E00562329A91EEE006CF302 /* NewAnniversaryHeaderView.swift in Sources */,
				2EA384BA2992371C0081499C /* SearchFlow.swift in Sources */,
				2EA3849D298D7C680081499C /* TimelineCell.swift in Sources */,
				2E6C90BE29A623E000AF963A /* EditMyPageViewReactor.swift in Sources */,
				2E3668C6299FA6F4001FC283 /* UIView+.swift in Sources */,
				E5626120299DD37200D14020 /* SmallFavorButtonType.swift in Sources */,
				2EE07ED1296E8DD000048A3C /* EventVC.swift in Sources */,
				E562610229934B4E00D14020 /* PickPictureCell.swift in Sources */,
				E55CF7C1298B5631002940D1 /* OnboardingFlow.swift in Sources */,
				E55CF7BA298A743B002940D1 /* AuthFlow.swift in Sources */,
				2EE3BA9729AE55D2004FDCC9 /* Encodable+.swift in Sources */,
				E562610429939E8800D14020 /* PickedPictureSection.swift in Sources */,
				2ED326AF29B0EE16001963D0 /* SelfSizingTableView.swift in Sources */,
				2EC939E52998C68900C8C47F /* FavorPrefersCell.swift in Sources */,
				2EE3BAAD29AF1A3A004FDCC9 /* UIScrollView+.swift in Sources */,
				E5B1827C2974361400229C50 /* LargeFavorButton.swift in Sources */,
				2E7C309C295D7C4300BAC43D /* AppDelegate.swift in Sources */,
				2EA384C029936BAD0081499C /* String+.swift in Sources */,
				2ED326B529B0F6EB001963D0 /* Terms.swift in Sources */,
				E55CF7C4298B5CDF002940D1 /* AppStpper.swift in Sources */,
				2EE3BA9529AE54A1004FDCC9 /* BaseTargetType.swift in Sources */,
				2EC939F3299CF6A300C8C47F /* FavorSetupProfileCellReactor.swift in Sources */,
				2EC939F5299CF6C400C8C47F /* FavorPrefersCellReactor.swift in Sources */,
				E5B182992974F79A00229C50 /* ReuseIdentifying.swift in Sources */,
				E56260FE299249BD00D14020 /* PickedPictureCell.swift in Sources */,
				E562610F299497C000D14020 /* NewGiftViewReactor.swift in Sources */,
				2EE3BA6D29A9CC41004FDCC9 /* CompositionalLayoutFactory.swift in Sources */,
				2EE0D587297524880064E932 /* SetProfileViewReactor.swift in Sources */,
				E51AB858297A8BE200955301 /* PlainFavorButton.swift in Sources */,
				2EE3BA8F29AE4F4D004FDCC9 /* Networkable.swift in Sources */,
				2EC939FB299E163800C8C47F /* MyPageHeaderViewReactor.swift in Sources */,
				E5B1828329743D5400229C50 /* UIFont+.swift in Sources */,
				2EE0D585297524660064E932 /* SetProfileVC.swift in Sources */,
				2EC939DF2998B80200C8C47F /* MyPageSection.swift in Sources */,
				2EC939F9299E160B00C8C47F /* MyPageHeaderView.swift in Sources */,
				E55CF7C6298B8EBB002940D1 /* TabBarFlow.swift in Sources */,
				2EA384BE299248200081499C /* FavorSearchBar.swift in Sources */,
				2EB3AE93299E3E2700D31541 /* BackgroundView.swift in Sources */,
				2EC939F1299CF67E00C8C47F /* GiftStatsCellReactor.swift in Sources */,
				2E6C90C029A6783D00AF963A /* FavorTextField.swift in Sources */,
				2EE07ECF296E8DB500048A3C /* ReminderVC.swift in Sources */,
				2EA38493298D7C5F0081499C /* TimelineCellReactor.swift in Sources */,
				2E7C309E295D7C4300BAC43D /* SceneDelegate.swift in Sources */,
				2EA3849A298D7C680081499C /* HomeSection.swift in Sources */,
				2ED8CB4429B0BD3F00E7B547 /* TermViewReactor.swift in Sources */,
				2EC939F7299CF6E800C8C47F /* FavorAnniversaryCellReactor.swift in Sources */,
				E5626124299E5E0100D14020 /* FavorSwitch.swift in Sources */,
				E57F313D2970004D00E3D449 /* OnboardingCell.swift in Sources */,
				2E00562729A9220D006CF302 /* NewAnniversarySection.swift in Sources */,
			);
			runOnlyForDeploymentPostprocessing = 0;
		};
		2EE0D590297A9D670064E932 /* Sources */ = {
			isa = PBXSourcesBuildPhase;
			buildActionMask = 2147483647;
			files = (
				2EE0D597297A9D670064E932 /* FavorUITests.swift in Sources */,
				2EE0D599297A9D670064E932 /* FavorUITestsLaunchTests.swift in Sources */,
			);
			runOnlyForDeploymentPostprocessing = 0;
		};
/* End PBXSourcesBuildPhase section */

/* Begin PBXTargetDependency section */
		2EE0D59B297A9D670064E932 /* PBXTargetDependency */ = {
			isa = PBXTargetDependency;
			target = 2E7C3097295D7C4300BAC43D /* Favor */;
			targetProxy = 2EE0D59A297A9D670064E932 /* PBXContainerItemProxy */;
		};
/* End PBXTargetDependency section */

/* Begin PBXVariantGroup section */
		2E7C30A6295D7C4500BAC43D /* LaunchScreen.storyboard */ = {
			isa = PBXVariantGroup;
			children = (
				2E7C30A7295D7C4500BAC43D /* Base */,
			);
			name = LaunchScreen.storyboard;
			sourceTree = "<group>";
		};
/* End PBXVariantGroup section */

/* Begin XCBuildConfiguration section */
		2E7C30AA295D7C4500BAC43D /* Debug */ = {
			isa = XCBuildConfiguration;
			buildSettings = {
				ALWAYS_SEARCH_USER_PATHS = NO;
				CLANG_ANALYZER_NONNULL = YES;
				CLANG_ANALYZER_NUMBER_OBJECT_CONVERSION = YES_AGGRESSIVE;
				CLANG_CXX_LANGUAGE_STANDARD = "gnu++20";
				CLANG_ENABLE_MODULES = YES;
				CLANG_ENABLE_OBJC_ARC = YES;
				CLANG_ENABLE_OBJC_WEAK = YES;
				CLANG_WARN_BLOCK_CAPTURE_AUTORELEASING = YES;
				CLANG_WARN_BOOL_CONVERSION = YES;
				CLANG_WARN_COMMA = YES;
				CLANG_WARN_CONSTANT_CONVERSION = YES;
				CLANG_WARN_DEPRECATED_OBJC_IMPLEMENTATIONS = YES;
				CLANG_WARN_DIRECT_OBJC_ISA_USAGE = YES_ERROR;
				CLANG_WARN_DOCUMENTATION_COMMENTS = YES;
				CLANG_WARN_EMPTY_BODY = YES;
				CLANG_WARN_ENUM_CONVERSION = YES;
				CLANG_WARN_INFINITE_RECURSION = YES;
				CLANG_WARN_INT_CONVERSION = YES;
				CLANG_WARN_NON_LITERAL_NULL_CONVERSION = YES;
				CLANG_WARN_OBJC_IMPLICIT_RETAIN_SELF = YES;
				CLANG_WARN_OBJC_LITERAL_CONVERSION = YES;
				CLANG_WARN_OBJC_ROOT_CLASS = YES_ERROR;
				CLANG_WARN_QUOTED_INCLUDE_IN_FRAMEWORK_HEADER = YES;
				CLANG_WARN_RANGE_LOOP_ANALYSIS = YES;
				CLANG_WARN_STRICT_PROTOTYPES = YES;
				CLANG_WARN_SUSPICIOUS_MOVE = YES;
				CLANG_WARN_UNGUARDED_AVAILABILITY = YES_AGGRESSIVE;
				CLANG_WARN_UNREACHABLE_CODE = YES;
				CLANG_WARN__DUPLICATE_METHOD_MATCH = YES;
				COPY_PHASE_STRIP = NO;
				DEBUG_INFORMATION_FORMAT = dwarf;
				ENABLE_STRICT_OBJC_MSGSEND = YES;
				ENABLE_TESTABILITY = YES;
				GCC_C_LANGUAGE_STANDARD = gnu11;
				GCC_DYNAMIC_NO_PIC = NO;
				GCC_NO_COMMON_BLOCKS = YES;
				GCC_OPTIMIZATION_LEVEL = 0;
				GCC_PREPROCESSOR_DEFINITIONS = (
					"DEBUG=1",
					"$(inherited)",
				);
				GCC_WARN_64_TO_32_BIT_CONVERSION = YES;
				GCC_WARN_ABOUT_RETURN_TYPE = YES_ERROR;
				GCC_WARN_UNDECLARED_SELECTOR = YES;
				GCC_WARN_UNINITIALIZED_AUTOS = YES_AGGRESSIVE;
				GCC_WARN_UNUSED_FUNCTION = YES;
				GCC_WARN_UNUSED_VARIABLE = YES;
				IPHONEOS_DEPLOYMENT_TARGET = 15.0;
				MTL_ENABLE_DEBUG_INFO = INCLUDE_SOURCE;
				MTL_FAST_MATH = YES;
				ONLY_ACTIVE_ARCH = YES;
				SDKROOT = iphoneos;
				SWIFT_ACTIVE_COMPILATION_CONDITIONS = DEBUG;
				SWIFT_OPTIMIZATION_LEVEL = "-Onone";
			};
			name = Debug;
		};
		2E7C30AB295D7C4500BAC43D /* Release */ = {
			isa = XCBuildConfiguration;
			buildSettings = {
				ALWAYS_SEARCH_USER_PATHS = NO;
				CLANG_ANALYZER_NONNULL = YES;
				CLANG_ANALYZER_NUMBER_OBJECT_CONVERSION = YES_AGGRESSIVE;
				CLANG_CXX_LANGUAGE_STANDARD = "gnu++20";
				CLANG_ENABLE_MODULES = YES;
				CLANG_ENABLE_OBJC_ARC = YES;
				CLANG_ENABLE_OBJC_WEAK = YES;
				CLANG_WARN_BLOCK_CAPTURE_AUTORELEASING = YES;
				CLANG_WARN_BOOL_CONVERSION = YES;
				CLANG_WARN_COMMA = YES;
				CLANG_WARN_CONSTANT_CONVERSION = YES;
				CLANG_WARN_DEPRECATED_OBJC_IMPLEMENTATIONS = YES;
				CLANG_WARN_DIRECT_OBJC_ISA_USAGE = YES_ERROR;
				CLANG_WARN_DOCUMENTATION_COMMENTS = YES;
				CLANG_WARN_EMPTY_BODY = YES;
				CLANG_WARN_ENUM_CONVERSION = YES;
				CLANG_WARN_INFINITE_RECURSION = YES;
				CLANG_WARN_INT_CONVERSION = YES;
				CLANG_WARN_NON_LITERAL_NULL_CONVERSION = YES;
				CLANG_WARN_OBJC_IMPLICIT_RETAIN_SELF = YES;
				CLANG_WARN_OBJC_LITERAL_CONVERSION = YES;
				CLANG_WARN_OBJC_ROOT_CLASS = YES_ERROR;
				CLANG_WARN_QUOTED_INCLUDE_IN_FRAMEWORK_HEADER = YES;
				CLANG_WARN_RANGE_LOOP_ANALYSIS = YES;
				CLANG_WARN_STRICT_PROTOTYPES = YES;
				CLANG_WARN_SUSPICIOUS_MOVE = YES;
				CLANG_WARN_UNGUARDED_AVAILABILITY = YES_AGGRESSIVE;
				CLANG_WARN_UNREACHABLE_CODE = YES;
				CLANG_WARN__DUPLICATE_METHOD_MATCH = YES;
				COPY_PHASE_STRIP = NO;
				DEBUG_INFORMATION_FORMAT = "dwarf-with-dsym";
				ENABLE_NS_ASSERTIONS = NO;
				ENABLE_STRICT_OBJC_MSGSEND = YES;
				GCC_C_LANGUAGE_STANDARD = gnu11;
				GCC_NO_COMMON_BLOCKS = YES;
				GCC_WARN_64_TO_32_BIT_CONVERSION = YES;
				GCC_WARN_ABOUT_RETURN_TYPE = YES_ERROR;
				GCC_WARN_UNDECLARED_SELECTOR = YES;
				GCC_WARN_UNINITIALIZED_AUTOS = YES_AGGRESSIVE;
				GCC_WARN_UNUSED_FUNCTION = YES;
				GCC_WARN_UNUSED_VARIABLE = YES;
				IPHONEOS_DEPLOYMENT_TARGET = 15.0;
				MTL_ENABLE_DEBUG_INFO = NO;
				MTL_FAST_MATH = YES;
				SDKROOT = iphoneos;
				SWIFT_COMPILATION_MODE = wholemodule;
				SWIFT_OPTIMIZATION_LEVEL = "-O";
				VALIDATE_PRODUCT = YES;
			};
			name = Release;
		};
		2E7C30AD295D7C4500BAC43D /* Debug */ = {
			isa = XCBuildConfiguration;
			buildSettings = {
				ASSETCATALOG_COMPILER_APPICON_NAME = AppIcon;
				ASSETCATALOG_COMPILER_GLOBAL_ACCENT_COLOR_NAME = AccentColor;
				CODE_SIGN_STYLE = Automatic;
				CURRENT_PROJECT_VERSION = 1;
				DEVELOPMENT_TEAM = XW996HTK32;
				GENERATE_INFOPLIST_FILE = YES;
				INFOPLIST_FILE = Favor/Info.plist;
				INFOPLIST_KEY_LSApplicationCategoryType = "public.app-category.lifestyle";
				INFOPLIST_KEY_UIApplicationSupportsIndirectInputEvents = YES;
				INFOPLIST_KEY_UILaunchStoryboardName = LaunchScreen;
				INFOPLIST_KEY_UISupportedInterfaceOrientations = UIInterfaceOrientationPortrait;
				INFOPLIST_KEY_UIUserInterfaceStyle = Light;
				IPHONEOS_DEPLOYMENT_TARGET = 15.0;
				LD_RUNPATH_SEARCH_PATHS = (
					"$(inherited)",
					"@executable_path/Frameworks",
				);
				MARKETING_VERSION = 1.0;
				PRODUCT_BUNDLE_IDENTIFIER = "com.favor.Favor-iOS";
				PRODUCT_NAME = "$(TARGET_NAME)";
				SUPPORTED_PLATFORMS = "iphoneos iphonesimulator";
				SUPPORTS_MACCATALYST = NO;
				SUPPORTS_MAC_DESIGNED_FOR_IPHONE_IPAD = NO;
				SWIFT_EMIT_LOC_STRINGS = YES;
				SWIFT_VERSION = 5.0;
				TARGETED_DEVICE_FAMILY = 1;
			};
			name = Debug;
		};
		2E7C30AE295D7C4500BAC43D /* Release */ = {
			isa = XCBuildConfiguration;
			buildSettings = {
				ASSETCATALOG_COMPILER_APPICON_NAME = AppIcon;
				ASSETCATALOG_COMPILER_GLOBAL_ACCENT_COLOR_NAME = AccentColor;
				CODE_SIGN_STYLE = Automatic;
				CURRENT_PROJECT_VERSION = 1;
				DEVELOPMENT_TEAM = XW996HTK32;
				GENERATE_INFOPLIST_FILE = YES;
				INFOPLIST_FILE = Favor/Info.plist;
				INFOPLIST_KEY_LSApplicationCategoryType = "public.app-category.lifestyle";
				INFOPLIST_KEY_UIApplicationSupportsIndirectInputEvents = YES;
				INFOPLIST_KEY_UILaunchStoryboardName = LaunchScreen;
				INFOPLIST_KEY_UISupportedInterfaceOrientations = UIInterfaceOrientationPortrait;
				INFOPLIST_KEY_UIUserInterfaceStyle = Light;
				IPHONEOS_DEPLOYMENT_TARGET = 15.0;
				LD_RUNPATH_SEARCH_PATHS = (
					"$(inherited)",
					"@executable_path/Frameworks",
				);
				MARKETING_VERSION = 1.0;
				PRODUCT_BUNDLE_IDENTIFIER = "com.favor.Favor-iOS";
				PRODUCT_NAME = "$(TARGET_NAME)";
				SUPPORTED_PLATFORMS = "iphoneos iphonesimulator";
				SUPPORTS_MACCATALYST = NO;
				SUPPORTS_MAC_DESIGNED_FOR_IPHONE_IPAD = NO;
				SWIFT_EMIT_LOC_STRINGS = YES;
				SWIFT_VERSION = 5.0;
				TARGETED_DEVICE_FAMILY = 1;
			};
			name = Release;
		};
		2EE0D59D297A9D670064E932 /* Debug */ = {
			isa = XCBuildConfiguration;
			buildSettings = {
				CODE_SIGN_STYLE = Automatic;
				CURRENT_PROJECT_VERSION = 1;
				DEVELOPMENT_TEAM = XW996HTK32;
				GENERATE_INFOPLIST_FILE = YES;
				IPHONEOS_DEPLOYMENT_TARGET = 16.2;
				MARKETING_VERSION = 1.0;
				PRODUCT_BUNDLE_IDENTIFIER = com.favor.FavorUITests;
				PRODUCT_NAME = "$(TARGET_NAME)";
				SWIFT_EMIT_LOC_STRINGS = NO;
				SWIFT_VERSION = 5.0;
				TARGETED_DEVICE_FAMILY = "1,2";
				TEST_TARGET_NAME = Favor;
			};
			name = Debug;
		};
		2EE0D59E297A9D670064E932 /* Release */ = {
			isa = XCBuildConfiguration;
			buildSettings = {
				CODE_SIGN_STYLE = Automatic;
				CURRENT_PROJECT_VERSION = 1;
				DEVELOPMENT_TEAM = XW996HTK32;
				GENERATE_INFOPLIST_FILE = YES;
				IPHONEOS_DEPLOYMENT_TARGET = 16.2;
				MARKETING_VERSION = 1.0;
				PRODUCT_BUNDLE_IDENTIFIER = com.favor.FavorUITests;
				PRODUCT_NAME = "$(TARGET_NAME)";
				SWIFT_EMIT_LOC_STRINGS = NO;
				SWIFT_VERSION = 5.0;
				TARGETED_DEVICE_FAMILY = "1,2";
				TEST_TARGET_NAME = Favor;
			};
			name = Release;
		};
/* End XCBuildConfiguration section */

/* Begin XCConfigurationList section */
		2E7C3093295D7C4300BAC43D /* Build configuration list for PBXProject "Favor" */ = {
			isa = XCConfigurationList;
			buildConfigurations = (
				2E7C30AA295D7C4500BAC43D /* Debug */,
				2E7C30AB295D7C4500BAC43D /* Release */,
			);
			defaultConfigurationIsVisible = 0;
			defaultConfigurationName = Release;
		};
		2E7C30AC295D7C4500BAC43D /* Build configuration list for PBXNativeTarget "Favor" */ = {
			isa = XCConfigurationList;
			buildConfigurations = (
				2E7C30AD295D7C4500BAC43D /* Debug */,
				2E7C30AE295D7C4500BAC43D /* Release */,
			);
			defaultConfigurationIsVisible = 0;
			defaultConfigurationName = Release;
		};
		2EE0D59C297A9D670064E932 /* Build configuration list for PBXNativeTarget "FavorUITests" */ = {
			isa = XCConfigurationList;
			buildConfigurations = (
				2EE0D59D297A9D670064E932 /* Debug */,
				2EE0D59E297A9D670064E932 /* Release */,
			);
			defaultConfigurationIsVisible = 0;
			defaultConfigurationName = Release;
		};
/* End XCConfigurationList section */

/* Begin XCRemoteSwiftPackageReference section */
		2E635389295D900F00B23A14 /* XCRemoteSwiftPackageReference "Moya" */ = {
			isa = XCRemoteSwiftPackageReference;
			repositoryURL = "https://github.com/Moya/Moya";
			requirement = {
				kind = upToNextMajorVersion;
				minimumVersion = 15.0.0;
			};
		};
		2E63538C295D904000B23A14 /* XCRemoteSwiftPackageReference "Kingfisher" */ = {
			isa = XCRemoteSwiftPackageReference;
			repositoryURL = "https://github.com/onevcat/Kingfisher";
			requirement = {
				kind = upToNextMajorVersion;
				minimumVersion = 7.0.0;
			};
		};
		2E63538F295D906A00B23A14 /* XCRemoteSwiftPackageReference "RxDataSources" */ = {
			isa = XCRemoteSwiftPackageReference;
			repositoryURL = "https://github.com/RxSwiftCommunity/RxDataSources";
			requirement = {
				kind = upToNextMajorVersion;
				minimumVersion = 5.0.0;
			};
		};
		2E7C30AF295D8DA400BAC43D /* XCRemoteSwiftPackageReference "ReactorKit" */ = {
			isa = XCRemoteSwiftPackageReference;
			repositoryURL = "https://github.com/ReactorKit/ReactorKit";
			requirement = {
				kind = upToNextMajorVersion;
				minimumVersion = 3.0.0;
			};
		};
		2E7C30B2295D8DC200BAC43D /* XCRemoteSwiftPackageReference "Then" */ = {
			isa = XCRemoteSwiftPackageReference;
			repositoryURL = "https://github.com/devxoul/Then";
			requirement = {
				kind = upToNextMajorVersion;
				minimumVersion = 3.0.0;
			};
		};
		2E7C30B5295D8E1000BAC43D /* XCRemoteSwiftPackageReference "SnapKit" */ = {
			isa = XCRemoteSwiftPackageReference;
			repositoryURL = "https://github.com/SnapKit/SnapKit";
			requirement = {
				kind = upToNextMajorVersion;
				minimumVersion = 5.0.0;
			};
		};
		2EC371F6299521AD00D1007B /* XCRemoteSwiftPackageReference "RxGesture" */ = {
			isa = XCRemoteSwiftPackageReference;
			repositoryURL = "https://github.com/RxSwiftCommunity/RxGesture";
			requirement = {
				kind = upToNextMajorVersion;
				minimumVersion = 4.0.0;
			};
		};
		2EE3BA6E29A9D7D3004FDCC9 /* XCRemoteSwiftPackageReference "Reusable" */ = {
			isa = XCRemoteSwiftPackageReference;
			repositoryURL = "https://github.com/AliSoftware/Reusable";
			requirement = {
				kind = upToNextMajorVersion;
				minimumVersion = 4.0.0;
			};
		};
		2EE3BA7529AB241E004FDCC9 /* XCRemoteSwiftPackageReference "RxKeyboard" */ = {
			isa = XCRemoteSwiftPackageReference;
			repositoryURL = "https://github.com/RxSwiftCommunity/RxKeyboard";
			requirement = {
				kind = upToNextMajorVersion;
				minimumVersion = 2.0.0;
			};
		};
		2EE3BA8029AB60A4004FDCC9 /* XCRemoteSwiftPackageReference "realm-swift" */ = {
			isa = XCRemoteSwiftPackageReference;
			repositoryURL = "https://github.com/realm/realm-swift.git";
			requirement = {
				kind = upToNextMajorVersion;
				minimumVersion = 10.36.0;
			};
		};
		2EE3BA8529AB60B9004FDCC9 /* XCRemoteSwiftPackageReference "RxRealm" */ = {
			isa = XCRemoteSwiftPackageReference;
			repositoryURL = "https://github.com/RxSwiftCommunity/RxRealm";
			requirement = {
				kind = upToNextMajorVersion;
				minimumVersion = 5.0.5;
			};
		};
		2EE6B3952982EDA400CDBC81 /* XCRemoteSwiftPackageReference "RxFlow" */ = {
			isa = XCRemoteSwiftPackageReference;
			repositoryURL = "https://github.com/RxSwiftCommunity/RxFlow";
			requirement = {
				kind = upToNextMajorVersion;
				minimumVersion = 2.0.0;
			};
		};
		E56260FA2991E4EA00D14020 /* XCRemoteSwiftPackageReference "RSKPlaceholderTextView" */ = {
			isa = XCRemoteSwiftPackageReference;
			repositoryURL = "https://github.com/ruslanskorb/RSKPlaceholderTextView.git";
			requirement = {
				kind = upToNextMinorVersion;
				minimumVersion = 6.1.0;
			};
		};
/* End XCRemoteSwiftPackageReference section */

/* Begin XCSwiftPackageProductDependency section */
		2E63538A295D900F00B23A14 /* RxMoya */ = {
			isa = XCSwiftPackageProductDependency;
			package = 2E635389295D900F00B23A14 /* XCRemoteSwiftPackageReference "Moya" */;
			productName = RxMoya;
		};
		2E63538D295D904000B23A14 /* Kingfisher */ = {
			isa = XCSwiftPackageProductDependency;
			package = 2E63538C295D904000B23A14 /* XCRemoteSwiftPackageReference "Kingfisher" */;
			productName = Kingfisher;
		};
		2E635390295D906A00B23A14 /* Differentiator */ = {
			isa = XCSwiftPackageProductDependency;
			package = 2E63538F295D906A00B23A14 /* XCRemoteSwiftPackageReference "RxDataSources" */;
			productName = Differentiator;
		};
		2E635392295D906A00B23A14 /* RxDataSources */ = {
			isa = XCSwiftPackageProductDependency;
			package = 2E63538F295D906A00B23A14 /* XCRemoteSwiftPackageReference "RxDataSources" */;
			productName = RxDataSources;
		};
		2E7C30B0295D8DA400BAC43D /* ReactorKit */ = {
			isa = XCSwiftPackageProductDependency;
			package = 2E7C30AF295D8DA400BAC43D /* XCRemoteSwiftPackageReference "ReactorKit" */;
			productName = ReactorKit;
		};
		2E7C30B3295D8DC200BAC43D /* Then */ = {
			isa = XCSwiftPackageProductDependency;
			package = 2E7C30B2295D8DC200BAC43D /* XCRemoteSwiftPackageReference "Then" */;
			productName = Then;
		};
		2E7C30B6295D8E1000BAC43D /* SnapKit */ = {
			isa = XCSwiftPackageProductDependency;
			package = 2E7C30B5295D8E1000BAC43D /* XCRemoteSwiftPackageReference "SnapKit" */;
			productName = SnapKit;
		};
		2EC371F7299521AD00D1007B /* RxGesture */ = {
			isa = XCSwiftPackageProductDependency;
			package = 2EC371F6299521AD00D1007B /* XCRemoteSwiftPackageReference "RxGesture" */;
			productName = RxGesture;
		};
		2EE3BA6F29A9D7D4004FDCC9 /* Reusable */ = {
			isa = XCSwiftPackageProductDependency;
			package = 2EE3BA6E29A9D7D3004FDCC9 /* XCRemoteSwiftPackageReference "Reusable" */;
			productName = Reusable;
		};
		2EE3BA7629AB241E004FDCC9 /* RxKeyboard */ = {
			isa = XCSwiftPackageProductDependency;
			package = 2EE3BA7529AB241E004FDCC9 /* XCRemoteSwiftPackageReference "RxKeyboard" */;
			productName = RxKeyboard;
		};
		2EE3BA8129AB60A4004FDCC9 /* Realm */ = {
			isa = XCSwiftPackageProductDependency;
			package = 2EE3BA8029AB60A4004FDCC9 /* XCRemoteSwiftPackageReference "realm-swift" */;
			productName = Realm;
		};
		2EE3BA8329AB60A4004FDCC9 /* RealmSwift */ = {
			isa = XCSwiftPackageProductDependency;
			package = 2EE3BA8029AB60A4004FDCC9 /* XCRemoteSwiftPackageReference "realm-swift" */;
			productName = RealmSwift;
		};
		2EE3BA8629AB60B9004FDCC9 /* RxRealm */ = {
			isa = XCSwiftPackageProductDependency;
			package = 2EE3BA8529AB60B9004FDCC9 /* XCRemoteSwiftPackageReference "RxRealm" */;
			productName = RxRealm;
		};
		2EE6B3962982EDA400CDBC81 /* RxFlow */ = {
			isa = XCSwiftPackageProductDependency;
			package = 2EE6B3952982EDA400CDBC81 /* XCRemoteSwiftPackageReference "RxFlow" */;
			productName = RxFlow;
		};
		E56260FB2991E4EA00D14020 /* RSKPlaceholderTextView */ = {
			isa = XCSwiftPackageProductDependency;
			package = E56260FA2991E4EA00D14020 /* XCRemoteSwiftPackageReference "RSKPlaceholderTextView" */;
			productName = RSKPlaceholderTextView;
		};
/* End XCSwiftPackageProductDependency section */
	};
	rootObject = 2E7C3090295D7C4300BAC43D /* Project object */;
}
